<?xml version="1.0" encoding="utf-8"?>
<Project ToolsVersion="4.0" xmlns="http://schemas.microsoft.com/developer/msbuild/2003">
  <ItemGroup>
    <Filter Include="scripts">
      <UniqueIdentifier>{336f64c0-6502-4d6d-91bd-4b52ff0e5be6}</UniqueIdentifier>
    </Filter>
    <Filter Include="generated">
      <UniqueIdentifier>{d381092b-b798-4bb4-851b-9d85f2072427}</UniqueIdentifier>
    </Filter>
  </ItemGroup>
  <ItemGroup>
    <ClCompile Include="..\..\scripts\bin2hex.c">
      <Filter>scripts</Filter>
    </ClCompile>
    <ClCompile Include="..\..\scripts\cmapdump.c">
      <Filter>scripts</Filter>
    </ClCompile>
    <ClCompile Include="..\..\scripts\cquote.c">
      <Filter>scripts</Filter>
    </ClCompile>
    <ClCompile Include="..\..\scripts\fontdump.c">
      <Filter>scripts</Filter>
    </ClCompile>
  </ItemGroup>
  <ItemGroup>
    <ClInclude Include="..\..\generated\gen_adobe_ca.h">
      <Filter>generated</Filter>
    </ClInclude>
    <ClInclude Include="..\..\generated\gen_cmap_cns.h">
      <Filter>generated</Filter>
    </ClInclude>
    <ClInclude Include="..\..\generated\gen_cmap_gb.h">
      <Filter>generated</Filter>
    </ClInclude>
    <ClInclude Include="..\..\generated\gen_cmap_japan.h">
      <Filter>generated</Filter>
    </ClInclude>
    <ClInclude Include="..\..\generated\gen_cmap_korea.h">
      <Filter>generated</Filter>
    </ClInclude>
    <ClInclude Include="..\..\generated\gen_font_base14.h">
      <Filter>generated</Filter>
    </ClInclude>
    <ClInclude Include="..\..\generated\gen_font_cjk.h">
      <Filter>generated</Filter>
    </ClInclude>
    <ClInclude Include="..\..\generated\gen_font_cjk_full.h">
      <Filter>generated</Filter>
    </ClInclude>
    <ClInclude Include="..\..\generated\gen_font_droid.h">
      <Filter>generated</Filter>
    </ClInclude>
    <ClInclude Include="..\..\generated\gen_js_util.h">
      <Filter>generated</Filter>
    </ClInclude>
  </ItemGroup>
  <ItemGroup>
    <None Include="generate.bat" />
  </ItemGroup>
</Project>