<?xml version="1.0" encoding="utf-8"?>
<Project ToolsVersion="4.0" xmlns="http://schemas.microsoft.com/developer/msbuild/2003">
  <ItemGroup>
    <Filter Include="libfreetype">
      <UniqueIdentifier>{01b3001f-e457-469b-935e-a61e6bb80bea}</UniqueIdentifier>
    </Filter>
    <Filter Include="libfreetype\base">
      <UniqueIdentifier>{e719ccda-496e-44f1-a848-3f7e1ee5ec8d}</UniqueIdentifier>
    </Filter>
    <Filter Include="libfreetype\include">
      <UniqueIdentifier>{be2b973e-2b42-45d9-9225-d017d1abd744}</UniqueIdentifier>
    </Filter>
    <Filter Include="libfreetype\include\freetype">
      <UniqueIdentifier>{b6fa3d37-cb6e-45ea-88de-530cb5b26c41}</UniqueIdentifier>
    </Filter>
    <Filter Include="libjbig2dec">
      <UniqueIdentifier>{34f17a77-9d71-40b1-a18b-75b0704bddf0}</UniqueIdentifier>
    </Filter>
    <Filter Include="libjpeg">
      <UniqueIdentifier>{f0d06dd8-ab23-445f-82bd-b524f7206761}</UniqueIdentifier>
    </Filter>
    <Filter Include="libopenjpeg">
      <UniqueIdentifier>{e6b91098-43cf-4337-8677-22b2c582785b}</UniqueIdentifier>
    </Filter>
    <Filter Include="libz">
      <UniqueIdentifier>{5e55ef18-6449-49c1-99aa-1cd88b6f4453}</UniqueIdentifier>
    </Filter>
    <Filter Include="libopenjpeg\openjp2">
      <UniqueIdentifier>{3a31ee2f-bdac-4091-a83f-7a6236269aaf}</UniqueIdentifier>
    </Filter>
    <Filter Include="libfreetype\include\freetype\config">
      <UniqueIdentifier>{289ce62d-7110-4e8b-8045-72a557f8e6c0}</UniqueIdentifier>
    </Filter>
    <Filter Include="libfreetype\include\freetype\internal">
      <UniqueIdentifier>{bcbd304b-3787-4d77-a13d-1052885ff121}</UniqueIdentifier>
    </Filter>
    <Filter Include="libfreetype\include\freetype\internal\services">
      <UniqueIdentifier>{298e58d2-d279-4f1c-abb8-6224727db323}</UniqueIdentifier>
    </Filter>
  </ItemGroup>
  <ItemGroup>
    <ClCompile Include="..\..\thirdparty\openjpeg\src\lib\openjp2\bio.c">
      <Filter>libopenjpeg\openjp2</Filter>
    </ClCompile>
    <ClCompile Include="..\..\thirdparty\openjpeg\src\lib\openjp2\cidx_manager.c">
      <Filter>libopenjpeg\openjp2</Filter>
    </ClCompile>
    <ClCompile Include="..\..\thirdparty\openjpeg\src\lib\openjp2\cio.c">
      <Filter>libopenjpeg\openjp2</Filter>
    </ClCompile>
    <ClCompile Include="..\..\thirdparty\openjpeg\src\lib\openjp2\dwt.c">
      <Filter>libopenjpeg\openjp2</Filter>
    </ClCompile>
    <ClCompile Include="..\..\thirdparty\openjpeg\src\lib\openjp2\event.c">
      <Filter>libopenjpeg\openjp2</Filter>
    </ClCompile>
    <ClCompile Include="..\..\thirdparty\openjpeg\src\lib\openjp2\function_list.c">
      <Filter>libopenjpeg\openjp2</Filter>
    </ClCompile>
    <ClCompile Include="..\..\thirdparty\openjpeg\src\lib\openjp2\image.c">
      <Filter>libopenjpeg\openjp2</Filter>
    </ClCompile>
    <ClCompile Include="..\..\thirdparty\openjpeg\src\lib\openjp2\invert.c">
      <Filter>libopenjpeg\openjp2</Filter>
    </ClCompile>
    <ClCompile Include="..\..\thirdparty\openjpeg\src\lib\openjp2\j2k.c">
      <Filter>libopenjpeg\openjp2</Filter>
    </ClCompile>
    <ClCompile Include="..\..\thirdparty\openjpeg\src\lib\openjp2\jp2.c">
      <Filter>libopenjpeg\openjp2</Filter>
    </ClCompile>
    <ClCompile Include="..\..\thirdparty\openjpeg\src\lib\openjp2\mct.c">
      <Filter>libopenjpeg\openjp2</Filter>
    </ClCompile>
    <ClCompile Include="..\..\thirdparty\openjpeg\src\lib\openjp2\mqc.c">
      <Filter>libopenjpeg\openjp2</Filter>
    </ClCompile>
    <ClCompile Include="..\..\thirdparty\openjpeg\src\lib\openjp2\openjpeg.c">
      <Filter>libopenjpeg\openjp2</Filter>
    </ClCompile>
    <ClCompile Include="..\..\thirdparty\openjpeg\src\lib\openjp2\opj_clock.c">
      <Filter>libopenjpeg\openjp2</Filter>
    </ClCompile>
    <ClCompile Include="..\..\thirdparty\openjpeg\src\lib\openjp2\phix_manager.c">
      <Filter>libopenjpeg\openjp2</Filter>
    </ClCompile>
    <ClCompile Include="..\..\thirdparty\openjpeg\src\lib\openjp2\pi.c">
      <Filter>libopenjpeg\openjp2</Filter>
    </ClCompile>
    <ClCompile Include="..\..\thirdparty\openjpeg\src\lib\openjp2\ppix_manager.c">
      <Filter>libopenjpeg\openjp2</Filter>
    </ClCompile>
    <ClCompile Include="..\..\thirdparty\openjpeg\src\lib\openjp2\raw.c">
      <Filter>libopenjpeg\openjp2</Filter>
    </ClCompile>
    <ClCompile Include="..\..\thirdparty\openjpeg\src\lib\openjp2\t1.c">
      <Filter>libopenjpeg\openjp2</Filter>
    </ClCompile>
    <ClCompile Include="..\..\thirdparty\openjpeg\src\lib\openjp2\t1_generate_luts.c">
      <Filter>libopenjpeg\openjp2</Filter>
    </ClCompile>
    <ClCompile Include="..\..\thirdparty\openjpeg\src\lib\openjp2\t2.c">
      <Filter>libopenjpeg\openjp2</Filter>
    </ClCompile>
    <ClCompile Include="..\..\thirdparty\openjpeg\src\lib\openjp2\tcd.c">
      <Filter>libopenjpeg\openjp2</Filter>
    </ClCompile>
    <ClCompile Include="..\..\thirdparty\openjpeg\src\lib\openjp2\tgt.c">
      <Filter>libopenjpeg\openjp2</Filter>
    </ClCompile>
    <ClCompile Include="..\..\thirdparty\openjpeg\src\lib\openjp2\thix_manager.c">
      <Filter>libopenjpeg\openjp2</Filter>
    </ClCompile>
    <ClCompile Include="..\..\thirdparty\openjpeg\src\lib\openjp2\tpix_manager.c">
      <Filter>libopenjpeg\openjp2</Filter>
    </ClCompile>
    <ClCompile Include="..\..\thirdparty\freetype\src\base\ftstroke.c">
      <Filter>libfreetype\base</Filter>
    </ClCompile>
    <ClCompile Include="..\..\thirdparty\freetype\src\base\ftsynth.c">
      <Filter>libfreetype\base</Filter>
    </ClCompile>
    <ClCompile Include="..\..\thirdparty\freetype\src\base\ftsystem.c">
      <Filter>libfreetype\base</Filter>
    </ClCompile>
    <ClCompile Include="..\..\thirdparty\freetype\src\base\fttype1.c">
      <Filter>libfreetype\base</Filter>
    </ClCompile>
    <ClCompile Include="..\..\thirdparty\freetype\src\base\ftxf86.c">
      <Filter>libfreetype\base</Filter>
    </ClCompile>
    <ClCompile Include="..\..\thirdparty\freetype\src\base\ftbase.c">
      <Filter>libfreetype\base</Filter>
    </ClCompile>
    <ClCompile Include="..\..\thirdparty\freetype\src\base\ftbbox.c">
      <Filter>libfreetype\base</Filter>
    </ClCompile>
    <ClCompile Include="..\..\thirdparty\freetype\src\base\ftbitmap.c">
      <Filter>libfreetype\base</Filter>
    </ClCompile>
    <ClCompile Include="..\..\thirdparty\freetype\src\base\ftgasp.c">
      <Filter>libfreetype\base</Filter>
    </ClCompile>
    <ClCompile Include="..\..\thirdparty\freetype\src\base\ftglyph.c">
      <Filter>libfreetype\base</Filter>
    </ClCompile>
    <ClCompile Include="..\..\thirdparty\freetype\src\base\ftinit.c">
      <Filter>libfreetype\base</Filter>
    </ClCompile>
    <ClCompile Include="..\..\thirdparty\freetype\src\cff\cff.c">
      <Filter>libfreetype</Filter>
    </ClCompile>
    <ClCompile Include="..\..\thirdparty\freetype\src\psaux\psaux.c">
      <Filter>libfreetype</Filter>
    </ClCompile>
    <ClCompile Include="..\..\thirdparty\freetype\src\pshinter\pshinter.c">
      <Filter>libfreetype</Filter>
    </ClCompile>
    <ClCompile Include="..\..\thirdparty\freetype\src\psnames\psnames.c">
      <Filter>libfreetype</Filter>
    </ClCompile>
    <ClCompile Include="..\..\thirdparty\freetype\src\raster\raster.c">
      <Filter>libfreetype</Filter>
    </ClCompile>
    <ClCompile Include="..\..\thirdparty\freetype\src\sfnt\sfnt.c">
      <Filter>libfreetype</Filter>
    </ClCompile>
    <ClCompile Include="..\..\thirdparty\freetype\src\smooth\smooth.c">
      <Filter>libfreetype</Filter>
    </ClCompile>
    <ClCompile Include="..\..\thirdparty\freetype\src\truetype\truetype.c">
      <Filter>libfreetype</Filter>
    </ClCompile>
    <ClCompile Include="..\..\thirdparty\freetype\src\type1\type1.c">
      <Filter>libfreetype</Filter>
    </ClCompile>
    <ClCompile Include="..\..\thirdparty\freetype\src\cid\type1cid.c">
      <Filter>libfreetype</Filter>
    </ClCompile>
    <ClCompile Include="..\..\thirdparty\jbig2dec\jbig2_metadata.c">
      <Filter>libjbig2dec</Filter>
    </ClCompile>
    <ClCompile Include="..\..\thirdparty\jbig2dec\jbig2_mmr.c">
      <Filter>libjbig2dec</Filter>
    </ClCompile>
    <ClCompile Include="..\..\thirdparty\jbig2dec\jbig2_page.c">
      <Filter>libjbig2dec</Filter>
    </ClCompile>
    <ClCompile Include="..\..\thirdparty\jbig2dec\jbig2_refinement.c">
      <Filter>libjbig2dec</Filter>
    </ClCompile>
    <ClCompile Include="..\..\thirdparty\jbig2dec\jbig2_segment.c">
      <Filter>libjbig2dec</Filter>
    </ClCompile>
    <ClCompile Include="..\..\thirdparty\jbig2dec\jbig2_symbol_dict.c">
      <Filter>libjbig2dec</Filter>
    </ClCompile>
    <ClCompile Include="..\..\thirdparty\jbig2dec\jbig2_text.c">
      <Filter>libjbig2dec</Filter>
    </ClCompile>
    <ClCompile Include="..\..\thirdparty\jbig2dec\jbig2.c">
      <Filter>libjbig2dec</Filter>
    </ClCompile>
    <ClCompile Include="..\..\thirdparty\jbig2dec\jbig2_arith.c">
      <Filter>libjbig2dec</Filter>
    </ClCompile>
    <ClCompile Include="..\..\thirdparty\jbig2dec\jbig2_arith_iaid.c">
      <Filter>libjbig2dec</Filter>
    </ClCompile>
    <ClCompile Include="..\..\thirdparty\jbig2dec\jbig2_arith_int.c">
      <Filter>libjbig2dec</Filter>
    </ClCompile>
    <ClCompile Include="..\..\thirdparty\jbig2dec\jbig2_generic.c">
      <Filter>libjbig2dec</Filter>
    </ClCompile>
    <ClCompile Include="..\..\thirdparty\jbig2dec\jbig2_halftone.c">
      <Filter>libjbig2dec</Filter>
    </ClCompile>
    <ClCompile Include="..\..\thirdparty\jbig2dec\jbig2_huffman.c">
      <Filter>libjbig2dec</Filter>
    </ClCompile>
    <ClCompile Include="..\..\thirdparty\jbig2dec\jbig2_image.c">
      <Filter>libjbig2dec</Filter>
    </ClCompile>
    <ClCompile Include="..\..\thirdparty\jpeg\jquant1.c">
      <Filter>libjpeg</Filter>
    </ClCompile>
    <ClCompile Include="..\..\thirdparty\jpeg\jquant2.c">
      <Filter>libjpeg</Filter>
    </ClCompile>
    <ClCompile Include="..\..\thirdparty\jpeg\jutils.c">
      <Filter>libjpeg</Filter>
    </ClCompile>
    <ClCompile Include="..\..\thirdparty\jpeg\jaricom.c">
      <Filter>libjpeg</Filter>
    </ClCompile>
    <ClCompile Include="..\..\thirdparty\jpeg\jcomapi.c">
      <Filter>libjpeg</Filter>
    </ClCompile>
    <ClCompile Include="..\..\thirdparty\jpeg\jdapimin.c">
      <Filter>libjpeg</Filter>
    </ClCompile>
    <ClCompile Include="..\..\thirdparty\jpeg\jdapistd.c">
      <Filter>libjpeg</Filter>
    </ClCompile>
    <ClCompile Include="..\..\thirdparty\jpeg\jdarith.c">
      <Filter>libjpeg</Filter>
    </ClCompile>
    <ClCompile Include="..\..\thirdparty\jpeg\jdatadst.c">
      <Filter>libjpeg</Filter>
    </ClCompile>
    <ClCompile Include="..\..\thirdparty\jpeg\jdatasrc.c">
      <Filter>libjpeg</Filter>
    </ClCompile>
    <ClCompile Include="..\..\thirdparty\jpeg\jdcoefct.c">
      <Filter>libjpeg</Filter>
    </ClCompile>
    <ClCompile Include="..\..\thirdparty\jpeg\jdcolor.c">
      <Filter>libjpeg</Filter>
    </ClCompile>
    <ClCompile Include="..\..\thirdparty\jpeg\jddctmgr.c">
      <Filter>libjpeg</Filter>
    </ClCompile>
    <ClCompile Include="..\..\thirdparty\jpeg\jdhuff.c">
      <Filter>libjpeg</Filter>
    </ClCompile>
    <ClCompile Include="..\..\thirdparty\jpeg\jdinput.c">
      <Filter>libjpeg</Filter>
    </ClCompile>
    <ClCompile Include="..\..\thirdparty\jpeg\jdmainct.c">
      <Filter>libjpeg</Filter>
    </ClCompile>
    <ClCompile Include="..\..\thirdparty\jpeg\jdmarker.c">
      <Filter>libjpeg</Filter>
    </ClCompile>
    <ClCompile Include="..\..\thirdparty\jpeg\jdmaster.c">
      <Filter>libjpeg</Filter>
    </ClCompile>
    <ClCompile Include="..\..\thirdparty\jpeg\jdmerge.c">
      <Filter>libjpeg</Filter>
    </ClCompile>
    <ClCompile Include="..\..\thirdparty\jpeg\jdpostct.c">
      <Filter>libjpeg</Filter>
    </ClCompile>
    <ClCompile Include="..\..\thirdparty\jpeg\jdsample.c">
      <Filter>libjpeg</Filter>
    </ClCompile>
    <ClCompile Include="..\..\thirdparty\jpeg\jdtrans.c">
      <Filter>libjpeg</Filter>
    </ClCompile>
    <ClCompile Include="..\..\thirdparty\jpeg\jerror.c">
      <Filter>libjpeg</Filter>
    </ClCompile>
    <ClCompile Include="..\..\thirdparty\jpeg\jfdctflt.c">
      <Filter>libjpeg</Filter>
    </ClCompile>
    <ClCompile Include="..\..\thirdparty\jpeg\jfdctfst.c">
      <Filter>libjpeg</Filter>
    </ClCompile>
    <ClCompile Include="..\..\thirdparty\jpeg\jfdctint.c">
      <Filter>libjpeg</Filter>
    </ClCompile>
    <ClCompile Include="..\..\thirdparty\jpeg\jidctflt.c">
      <Filter>libjpeg</Filter>
    </ClCompile>
    <ClCompile Include="..\..\thirdparty\jpeg\jidctfst.c">
      <Filter>libjpeg</Filter>
    </ClCompile>
    <ClCompile Include="..\..\thirdparty\jpeg\jidctint.c">
      <Filter>libjpeg</Filter>
    </ClCompile>
    <ClCompile Include="..\..\thirdparty\jpeg\jmemmgr.c">
      <Filter>libjpeg</Filter>
    </ClCompile>
    <ClCompile Include="..\..\thirdparty\jpeg\jmemnobs.c">
      <Filter>libjpeg</Filter>
    </ClCompile>
    <ClCompile Include="..\..\thirdparty\zlib\zutil.c">
      <Filter>libz</Filter>
    </ClCompile>
    <ClCompile Include="..\..\thirdparty\zlib\adler32.c">
      <Filter>libz</Filter>
    </ClCompile>
    <ClCompile Include="..\..\thirdparty\zlib\compress.c">
      <Filter>libz</Filter>
    </ClCompile>
    <ClCompile Include="..\..\thirdparty\zlib\crc32.c">
      <Filter>libz</Filter>
    </ClCompile>
    <ClCompile Include="..\..\thirdparty\zlib\deflate.c">
      <Filter>libz</Filter>
    </ClCompile>
    <ClCompile Include="..\..\thirdparty\zlib\inffast.c">
      <Filter>libz</Filter>
    </ClCompile>
    <ClCompile Include="..\..\thirdparty\zlib\inflate.c">
      <Filter>libz</Filter>
    </ClCompile>
    <ClCompile Include="..\..\thirdparty\zlib\inftrees.c">
      <Filter>libz</Filter>
    </ClCompile>
    <ClCompile Include="..\..\thirdparty\zlib\trees.c">
      <Filter>libz</Filter>
    </ClCompile>
    <ClCompile Include="..\..\thirdparty\zlib\uncompr.c">
      <Filter>libz</Filter>
    </ClCompile>
  </ItemGroup>
  <ItemGroup>
    <ClInclude Include="..\..\thirdparty\openjpeg\src\lib\openjp2\bio.h">
      <Filter>libopenjpeg\openjp2</Filter>
    </ClInclude>
    <ClInclude Include="..\..\thirdparty\openjpeg\src\lib\openjp2\cidx_manager.h">
      <Filter>libopenjpeg\openjp2</Filter>
    </ClInclude>
    <ClInclude Include="..\..\thirdparty\openjpeg\src\lib\openjp2\cio.h">
      <Filter>libopenjpeg\openjp2</Filter>
    </ClInclude>
    <ClInclude Include="..\..\thirdparty\openjpeg\src\lib\openjp2\dwt.h">
      <Filter>libopenjpeg\openjp2</Filter>
    </ClInclude>
    <ClInclude Include="..\..\thirdparty\openjpeg\src\lib\openjp2\event.h">
      <Filter>libopenjpeg\openjp2</Filter>
    </ClInclude>
    <ClInclude Include="..\..\thirdparty\openjpeg\src\lib\openjp2\function_list.h">
      <Filter>libopenjpeg\openjp2</Filter>
    </ClInclude>
    <ClInclude Include="..\..\thirdparty\openjpeg\src\lib\openjp2\image.h">
      <Filter>libopenjpeg\openjp2</Filter>
    </ClInclude>
    <ClInclude Include="..\..\thirdparty\openjpeg\src\lib\openjp2\indexbox_manager.h">
      <Filter>libopenjpeg\openjp2</Filter>
    </ClInclude>
    <ClInclude Include="..\..\thirdparty\openjpeg\src\lib\openjp2\invert.h">
      <Filter>libopenjpeg\openjp2</Filter>
    </ClInclude>
    <ClInclude Include="..\..\thirdparty\openjpeg\src\lib\openjp2\j2k.h">
      <Filter>libopenjpeg\openjp2</Filter>
    </ClInclude>
    <ClInclude Include="..\..\thirdparty\openjpeg\src\lib\openjp2\jp2.h">
      <Filter>libopenjpeg\openjp2</Filter>
    </ClInclude>
    <ClInclude Include="..\..\thirdparty\openjpeg\src\lib\openjp2\mct.h">
      <Filter>libopenjpeg\openjp2</Filter>
    </ClInclude>
    <ClInclude Include="..\..\thirdparty\openjpeg\src\lib\openjp2\mqc.h">
      <Filter>libopenjpeg\openjp2</Filter>
    </ClInclude>
    <ClInclude Include="..\..\thirdparty\openjpeg\src\lib\openjp2\openjpeg.h">
      <Filter>libopenjpeg\openjp2</Filter>
    </ClInclude>
    <ClInclude Include="..\..\thirdparty\openjpeg\src\lib\openjp2\opj_clock.h">
      <Filter>libopenjpeg\openjp2</Filter>
    </ClInclude>
    <ClInclude Include="..\..\thirdparty\openjpeg\src\lib\openjp2\opj_includes.h">
      <Filter>libopenjpeg\openjp2</Filter>
    </ClInclude>
    <ClInclude Include="..\..\thirdparty\openjpeg\src\lib\openjp2\opj_intmath.h">
      <Filter>libopenjpeg\openjp2</Filter>
    </ClInclude>
    <ClInclude Include="..\..\thirdparty\openjpeg\src\lib\openjp2\opj_inttypes.h">
      <Filter>libopenjpeg\openjp2</Filter>
    </ClInclude>
    <ClInclude Include="..\..\thirdparty\openjpeg\src\lib\openjp2\opj_malloc.h">
      <Filter>libopenjpeg\openjp2</Filter>
    </ClInclude>
    <ClInclude Include="..\..\thirdparty\openjpeg\src\lib\openjp2\opj_stdint.h">
      <Filter>libopenjpeg\openjp2</Filter>
    </ClInclude>
    <ClInclude Include="..\..\thirdparty\openjpeg\src\lib\openjp2\pi.h">
      <Filter>libopenjpeg\openjp2</Filter>
    </ClInclude>
    <ClInclude Include="..\..\thirdparty\openjpeg\src\lib\openjp2\raw.h">
      <Filter>libopenjpeg\openjp2</Filter>
    </ClInclude>
    <ClInclude Include="..\..\thirdparty\openjpeg\src\lib\openjp2\t1.h">
      <Filter>libopenjpeg\openjp2</Filter>
    </ClInclude>
    <ClInclude Include="..\..\thirdparty\openjpeg\src\lib\openjp2\t1_luts.h">
      <Filter>libopenjpeg\openjp2</Filter>
    </ClInclude>
    <ClInclude Include="..\..\thirdparty\openjpeg\src\lib\openjp2\t2.h">
      <Filter>libopenjpeg\openjp2</Filter>
    </ClInclude>
    <ClInclude Include="..\..\thirdparty\openjpeg\src\lib\openjp2\tcd.h">
      <Filter>libopenjpeg\openjp2</Filter>
    </ClInclude>
    <ClInclude Include="..\..\thirdparty\openjpeg\src\lib\openjp2\tgt.h">
      <Filter>libopenjpeg\openjp2</Filter>
    </ClInclude>
    <ClInclude Include="..\..\thirdparty\freetype\include\ft2build.h">
      <Filter>libfreetype\include</Filter>
    </ClInclude>
    <ClInclude Include="..\..\thirdparty\freetype\include\freetype\ftmodapi.h">
      <Filter>libfreetype\include\freetype</Filter>
    </ClInclude>
    <ClInclude Include="..\..\thirdparty\freetype\include\freetype\ftmoderr.h">
      <Filter>libfreetype\include\freetype</Filter>
    </ClInclude>
    <ClInclude Include="..\..\thirdparty\freetype\include\freetype\ftotval.h">
      <Filter>libfreetype\include\freetype</Filter>
    </ClInclude>
    <ClInclude Include="..\..\thirdparty\freetype\include\freetype\ftoutln.h">
      <Filter>libfreetype\include\freetype</Filter>
    </ClInclude>
    <ClInclude Include="..\..\thirdparty\freetype\include\freetype\ftpfr.h">
      <Filter>libfreetype\include\freetype</Filter>
    </ClInclude>
    <ClInclude Include="..\..\thirdparty\freetype\include\freetype\ftrender.h">
      <Filter>libfreetype\include\freetype</Filter>
    </ClInclude>
    <ClInclude Include="..\..\thirdparty\freetype\include\freetype\ftsizes.h">
      <Filter>libfreetype\include\freetype</Filter>
    </ClInclude>
    <ClInclude Include="..\..\thirdparty\freetype\include\freetype\ftsnames.h">
      <Filter>libfreetype\include\freetype</Filter>
    </ClInclude>
    <ClInclude Include="..\..\thirdparty\freetype\include\freetype\ftstroke.h">
      <Filter>libfreetype\include\freetype</Filter>
    </ClInclude>
    <ClInclude Include="..\..\thirdparty\freetype\include\freetype\ftsynth.h">
      <Filter>libfreetype\include\freetype</Filter>
    </ClInclude>
    <ClInclude Include="..\..\thirdparty\freetype\include\freetype\ftsystem.h">
      <Filter>libfreetype\include\freetype</Filter>
    </ClInclude>
    <ClInclude Include="..\..\thirdparty\freetype\include\freetype\fttrigon.h">
      <Filter>libfreetype\include\freetype</Filter>
    </ClInclude>
    <ClInclude Include="..\..\thirdparty\freetype\include\freetype\fttypes.h">
      <Filter>libfreetype\include\freetype</Filter>
    </ClInclude>
    <ClInclude Include="..\..\thirdparty\freetype\include\freetype\ftwinfnt.h">
      <Filter>libfreetype\include\freetype</Filter>
    </ClInclude>
    <ClInclude Include="..\..\thirdparty\freetype\include\freetype\ftxf86.h">
      <Filter>libfreetype\include\freetype</Filter>
    </ClInclude>
    <ClInclude Include="..\..\thirdparty\freetype\include\freetype\t1tables.h">
      <Filter>libfreetype\include\freetype</Filter>
    </ClInclude>
    <ClInclude Include="..\..\thirdparty\freetype\include\freetype\ttnameid.h">
      <Filter>libfreetype\include\freetype</Filter>
    </ClInclude>
    <ClInclude Include="..\..\thirdparty\freetype\include\freetype\tttables.h">
      <Filter>libfreetype\include\freetype</Filter>
    </ClInclude>
    <ClInclude Include="..\..\thirdparty\freetype\include\freetype\tttags.h">
      <Filter>libfreetype\include\freetype</Filter>
    </ClInclude>
    <ClInclude Include="..\..\thirdparty\freetype\include\freetype\ttunpat.h">
      <Filter>libfreetype\include\freetype</Filter>
    </ClInclude>
    <ClInclude Include="..\..\thirdparty\freetype\include\freetype\freetype.h">
      <Filter>libfreetype\include\freetype</Filter>
    </ClInclude>
    <ClInclude Include="..\..\thirdparty\freetype\include\freetype\ftadvanc.h">
      <Filter>libfreetype\include\freetype</Filter>
    </ClInclude>
    <ClInclude Include="..\..\thirdparty\freetype\include\freetype\ftautoh.h">
      <Filter>libfreetype\include\freetype</Filter>
    </ClInclude>
    <ClInclude Include="..\..\thirdparty\freetype\include\freetype\ftbbox.h">
      <Filter>libfreetype\include\freetype</Filter>
    </ClInclude>
    <ClInclude Include="..\..\thirdparty\freetype\include\freetype\ftbdf.h">
      <Filter>libfreetype\include\freetype</Filter>
    </ClInclude>
    <ClInclude Include="..\..\thirdparty\freetype\include\freetype\ftbitmap.h">
      <Filter>libfreetype\include\freetype</Filter>
    </ClInclude>
    <ClInclude Include="..\..\thirdparty\freetype\include\freetype\ftbzip2.h">
      <Filter>libfreetype\include\freetype</Filter>
    </ClInclude>
    <ClInclude Include="..\..\thirdparty\freetype\include\freetype\ftcache.h">
      <Filter>libfreetype\include\freetype</Filter>
    </ClInclude>
    <ClInclude Include="..\..\thirdparty\freetype\include\freetype\ftchapters.h">
      <Filter>libfreetype\include\freetype</Filter>
    </ClInclude>
    <ClInclude Include="..\..\thirdparty\freetype\include\freetype\ftcid.h">
      <Filter>libfreetype\include\freetype</Filter>
    </ClInclude>
    <ClInclude Include="..\..\thirdparty\freetype\include\freetype\fterrdef.h">
      <Filter>libfreetype\include\freetype</Filter>
    </ClInclude>
    <ClInclude Include="..\..\thirdparty\freetype\include\freetype\fterrors.h">
      <Filter>libfreetype\include\freetype</Filter>
    </ClInclude>
    <ClInclude Include="..\..\thirdparty\freetype\include\freetype\ftgasp.h">
      <Filter>libfreetype\include\freetype</Filter>
    </ClInclude>
    <ClInclude Include="..\..\thirdparty\freetype\include\freetype\ftglyph.h">
      <Filter>libfreetype\include\freetype</Filter>
    </ClInclude>
    <ClInclude Include="..\..\thirdparty\freetype\include\freetype\ftgxval.h">
      <Filter>libfreetype\include\freetype</Filter>
    </ClInclude>
    <ClInclude Include="..\..\thirdparty\freetype\include\freetype\ftgzip.h">
      <Filter>libfreetype\include\freetype</Filter>
    </ClInclude>
    <ClInclude Include="..\..\thirdparty\freetype\include\freetype\ftimage.h">
      <Filter>libfreetype\include\freetype</Filter>
    </ClInclude>
    <ClInclude Include="..\..\thirdparty\freetype\include\freetype\ftincrem.h">
      <Filter>libfreetype\include\freetype</Filter>
    </ClInclude>
    <ClInclude Include="..\..\thirdparty\freetype\include\freetype\ftlcdfil.h">
      <Filter>libfreetype\include\freetype</Filter>
    </ClInclude>
    <ClInclude Include="..\..\thirdparty\freetype\include\freetype\ftlist.h">
      <Filter>libfreetype\include\freetype</Filter>
    </ClInclude>
    <ClInclude Include="..\..\thirdparty\freetype\include\freetype\ftlzw.h">
      <Filter>libfreetype\include\freetype</Filter>
    </ClInclude>
    <ClInclude Include="..\..\thirdparty\freetype\include\freetype\ftmac.h">
      <Filter>libfreetype\include\freetype</Filter>
    </ClInclude>
    <ClInclude Include="..\..\thirdparty\freetype\include\freetype\ftmm.h">
      <Filter>libfreetype\include\freetype</Filter>
    </ClInclude>
    <ClInclude Include="..\..\thirdparty\freetype\include\freetype\config\ftconfig.h">
      <Filter>libfreetype\include\freetype\config</Filter>
    </ClInclude>
    <ClInclude Include="..\..\thirdparty\freetype\include\freetype\config\ftheader.h">
      <Filter>libfreetype\include\freetype\config</Filter>
    </ClInclude>
    <ClInclude Include="..\..\thirdparty\freetype\include\freetype\config\ftmodule.h">
      <Filter>libfreetype\include\freetype\config</Filter>
    </ClInclude>
    <ClInclude Include="..\..\thirdparty\freetype\include\freetype\config\ftoption.h">
      <Filter>libfreetype\include\freetype\config</Filter>
    </ClInclude>
    <ClInclude Include="..\..\thirdparty\freetype\include\freetype\config\ftstdlib.h">
      <Filter>libfreetype\include\freetype\config</Filter>
    </ClInclude>
    <ClInclude Include="..\..\thirdparty\freetype\include\freetype\internal\services\svbdf.h">
      <Filter>libfreetype\include\freetype\internal\services</Filter>
    </ClInclude>
    <ClInclude Include="..\..\thirdparty\freetype\include\freetype\internal\services\svcid.h">
      <Filter>libfreetype\include\freetype\internal\services</Filter>
    </ClInclude>
    <ClInclude Include="..\..\thirdparty\freetype\include\freetype\internal\services\svgldict.h">
      <Filter>libfreetype\include\freetype\internal\services</Filter>
    </ClInclude>
    <ClInclude Include="..\..\thirdparty\freetype\include\freetype\internal\services\svgxval.h">
      <Filter>libfreetype\include\freetype\internal\services</Filter>
    </ClInclude>
    <ClInclude Include="..\..\thirdparty\freetype\include\freetype\internal\services\svkern.h">
      <Filter>libfreetype\include\freetype\internal\services</Filter>
    </ClInclude>
    <ClInclude Include="..\..\thirdparty\freetype\include\freetype\internal\services\svmm.h">
      <Filter>libfreetype\include\freetype\internal\services</Filter>
    </ClInclude>
    <ClInclude Include="..\..\thirdparty\freetype\include\freetype\internal\services\svotval.h">
      <Filter>libfreetype\include\freetype\internal\services</Filter>
    </ClInclude>
    <ClInclude Include="..\..\thirdparty\freetype\include\freetype\internal\services\svpfr.h">
      <Filter>libfreetype\include\freetype\internal\services</Filter>
    </ClInclude>
    <ClInclude Include="..\..\thirdparty\freetype\include\freetype\internal\services\svpostnm.h">
      <Filter>libfreetype\include\freetype\internal\services</Filter>
    </ClInclude>
    <ClInclude Include="..\..\thirdparty\freetype\include\freetype\internal\services\svprop.h">
      <Filter>libfreetype\include\freetype\internal\services</Filter>
    </ClInclude>
    <ClInclude Include="..\..\thirdparty\freetype\include\freetype\internal\services\svpscmap.h">
      <Filter>libfreetype\include\freetype\internal\services</Filter>
    </ClInclude>
    <ClInclude Include="..\..\thirdparty\freetype\include\freetype\internal\services\svpsinfo.h">
      <Filter>libfreetype\include\freetype\internal\services</Filter>
    </ClInclude>
    <ClInclude Include="..\..\thirdparty\freetype\include\freetype\internal\services\svsfnt.h">
      <Filter>libfreetype\include\freetype\internal\services</Filter>
    </ClInclude>
    <ClInclude Include="..\..\thirdparty\freetype\include\freetype\internal\services\svttcmap.h">
      <Filter>libfreetype\include\freetype\internal\services</Filter>
    </ClInclude>
    <ClInclude Include="..\..\thirdparty\freetype\include\freetype\internal\services\svtteng.h">
      <Filter>libfreetype\include\freetype\internal\services</Filter>
    </ClInclude>
    <ClInclude Include="..\..\thirdparty\freetype\include\freetype\internal\services\svttglyf.h">
      <Filter>libfreetype\include\freetype\internal\services</Filter>
    </ClInclude>
    <ClInclude Include="..\..\thirdparty\freetype\include\freetype\internal\services\svwinfnt.h">
      <Filter>libfreetype\include\freetype\internal\services</Filter>
    </ClInclude>
    <ClInclude Include="..\..\thirdparty\freetype\include\freetype\internal\services\svxf86nm.h">
      <Filter>libfreetype\include\freetype\internal\services</Filter>
    </ClInclude>
    <ClInclude Include="..\..\thirdparty\freetype\include\freetype\internal\ftrfork.h">
      <Filter>libfreetype\include\freetype\internal</Filter>
    </ClInclude>
    <ClInclude Include="..\..\thirdparty\freetype\include\freetype\internal\ftserv.h">
      <Filter>libfreetype\include\freetype\internal</Filter>
    </ClInclude>
    <ClInclude Include="..\..\thirdparty\freetype\include\freetype\internal\ftstream.h">
      <Filter>libfreetype\include\freetype\internal</Filter>
    </ClInclude>
    <ClInclude Include="..\..\thirdparty\freetype\include\freetype\internal\fttrace.h">
      <Filter>libfreetype\include\freetype\internal</Filter>
    </ClInclude>
    <ClInclude Include="..\..\thirdparty\freetype\include\freetype\internal\ftvalid.h">
      <Filter>libfreetype\include\freetype\internal</Filter>
    </ClInclude>
    <ClInclude Include="..\..\thirdparty\freetype\include\freetype\internal\internal.h">
      <Filter>libfreetype\include\freetype\internal</Filter>
    </ClInclude>
    <ClInclude Include="..\..\thirdparty\freetype\include\freetype\internal\psaux.h">
      <Filter>libfreetype\include\freetype\internal</Filter>
    </ClInclude>
    <ClInclude Include="..\..\thirdparty\freetype\include\freetype\internal\pshints.h">
      <Filter>libfreetype\include\freetype\internal</Filter>
    </ClInclude>
    <ClInclude Include="..\..\thirdparty\freetype\include\freetype\internal\sfnt.h">
      <Filter>libfreetype\include\freetype\internal</Filter>
    </ClInclude>
    <ClInclude Include="..\..\thirdparty\freetype\include\freetype\internal\t1types.h">
      <Filter>libfreetype\include\freetype\internal</Filter>
    </ClInclude>
    <ClInclude Include="..\..\thirdparty\freetype\include\freetype\internal\tttypes.h">
      <Filter>libfreetype\include\freetype\internal</Filter>
    </ClInclude>
    <ClInclude Include="..\..\thirdparty\freetype\include\freetype\internal\autohint.h">
      <Filter>libfreetype\include\freetype\internal</Filter>
    </ClInclude>
    <ClInclude Include="..\..\thirdparty\freetype\include\freetype\internal\ftcalc.h">
      <Filter>libfreetype\include\freetype\internal</Filter>
    </ClInclude>
    <ClInclude Include="..\..\thirdparty\freetype\include\freetype\internal\ftdebug.h">
      <Filter>libfreetype\include\freetype\internal</Filter>
    </ClInclude>
    <ClInclude Include="..\..\thirdparty\freetype\include\freetype\internal\ftdriver.h">
      <Filter>libfreetype\include\freetype\internal</Filter>
    </ClInclude>
    <ClInclude Include="..\..\thirdparty\freetype\include\freetype\internal\ftgloadr.h">
      <Filter>libfreetype\include\freetype\internal</Filter>
    </ClInclude>
    <ClInclude Include="..\..\thirdparty\freetype\include\freetype\internal\ftmemory.h">
      <Filter>libfreetype\include\freetype\internal</Filter>
    </ClInclude>
    <ClInclude Include="..\..\thirdparty\freetype\include\freetype\internal\ftobjs.h">
      <Filter>libfreetype\include\freetype\internal</Filter>
    </ClInclude>
    <ClInclude Include="..\..\thirdparty\freetype\include\freetype\internal\ftpic.h">
      <Filter>libfreetype\include\freetype\internal</Filter>
    </ClInclude>
  </ItemGroup>
</Project>