
Microsoft Visual Studio Solution File, Format Version 12.00
# Visual Studio 2013
VisualStudioVersion = 12.0.21005.1
MinimumVisualStudioVersion = 10.0.40219.1
Project("{8BC9CEB8-8B4A-11D0-8D11-00A0C91BC942}") = "generated", "generated.vcxproj", "{A5053AA7-02E5-4903-B596-04F17AEB1526}"
EndProject
Project("{8BC9CEB8-8B4A-11D0-8D11-00A0C91BC942}") = "libmupdf_winRT", "libmupdf_winRT.vcxproj", "{0715F3CF-5D1B-4617-A331-6527371365B7}"
	ProjectSection(ProjectDependencies) = postProject
		{A5053AA7-02E5-4903-B596-04F17AEB1526} = {A5053AA7-02E5-4903-B596-04F17AEB1526}
	EndProjectSection
EndProject
Project("{8BC9CEB8-8B4A-11D0-8D11-00A0C91BC942}") = "libthirdparty_winRT", "libthirdparty_winRT.vcxproj", "{C0D1C355-1BEE-40E1-9EF4-FD9FFFDBF396}"
EndProject
Project("{8BC9CEB8-8B4A-11D0-8D11-00A0C91BC942}") = "mupdfwinrt", "mupdfwinrt\mupdfwinrt.vcxproj", "{9E6AB41D-09A7-45A6-A53B-1E4BF3AC5B33}"
	ProjectSection(ProjectDependencies) = postProject
		{C0D1C355-1BEE-40E1-9EF4-FD9FFFDBF396} = {C0D1C355-1BEE-40E1-9EF4-FD9FFFDBF396}
		{0715F3CF-5D1B-4617-A331-6527371365B7} = {0715F3CF-5D1B-4617-A331-6527371365B7}
	EndProjectSection
EndProject
Project("{8BC9CEB8-8B4A-11D0-8D11-00A0C91BC942}") = "mupdf_cpp", "mupdf_cpp\mupdf_cpp.vcxproj", "{0204A4E7-F1B8-4268-A67C-A2C674B4742D}"
	ProjectSection(ProjectDependencies) = postProject
		{9E6AB41D-09A7-45A6-A53B-1E4BF3AC5B33} = {9E6AB41D-09A7-45A6-A53B-1E4BF3AC5B33}
	EndProjectSection
EndProject
Project("{FAE04EC0-301F-11D3-BF4B-00C04F79EFBC}") = "gsview", "gsview\gsview.csproj", "{5DA0ECC9-4026-4427-862F-E3226EFEFEB1}"
	ProjectSection(ProjectDependencies) = postProject
		{4468C2E0-6C90-4FA5-8A48-0A9629776167} = {4468C2E0-6C90-4FA5-8A48-0A9629776167}
	EndProjectSection
EndProject
Project("{8BC9CEB8-8B4A-11D0-8D11-00A0C91BC942}") = "mupdfnet", "mupdfnet\mupdfnet.vcxproj", "{4468C2E0-6C90-4FA5-8A48-0A9629776167}"
	ProjectSection(ProjectDependencies) = postProject
		{DF87E242-8B2C-4F04-9A7E-61C578FD994C} = {DF87E242-8B2C-4F04-9A7E-61C578FD994C}
		{4D5C4349-480D-4CD6-9D3B-09C50BA35FA2} = {4D5C4349-480D-4CD6-9D3B-09C50BA35FA2}
	EndProjectSection
EndProject
Project("{54435603-DBB4-11D2-8724-00A0C9A8B90C}") = "Install64", "gsview\Install64\Install64.vdproj", "{76633D68-1082-4040-B943-362B02811577}"
	ProjectSection(ProjectDependencies) = postProject
		{5DA0ECC9-4026-4427-862F-E3226EFEFEB1} = {5DA0ECC9-4026-4427-862F-E3226EFEFEB1}
		{4468C2E0-6C90-4FA5-8A48-0A9629776167} = {4468C2E0-6C90-4FA5-8A48-0A9629776167}
	EndProjectSection
EndProject
Project("{54435603-DBB4-11D2-8724-00A0C9A8B90C}") = "Install32", "gsview\Install32\Install32.vdproj", "{FA5C8A67-3783-4096-B2E8-34BCF88F07EB}"
	ProjectSection(ProjectDependencies) = postProject
		{5DA0ECC9-4026-4427-862F-E3226EFEFEB1} = {5DA0ECC9-4026-4427-862F-E3226EFEFEB1}
		{4468C2E0-6C90-4FA5-8A48-0A9629776167} = {4468C2E0-6C90-4FA5-8A48-0A9629776167}
	EndProjectSection
EndProject
Project("{8BC9CEB8-8B4A-11D0-8D11-00A0C91BC942}") = "libmupdf", "libmupdf\libmupdf.vcxproj", "{4D5C4349-480D-4CD6-9D3B-09C50BA35FA2}"
	ProjectSection(ProjectDependencies) = postProject
		{A5053AA7-02E5-4903-B596-04F17AEB1526} = {A5053AA7-02E5-4903-B596-04F17AEB1526}
	EndProjectSection
EndProject
Project("{8BC9CEB8-8B4A-11D0-8D11-00A0C91BC942}") = "libthirdparty", "libthirdparty\libthirdparty.vcxproj", "{DF87E242-8B2C-4F04-9A7E-61C578FD994C}"
EndProject
Global
	GlobalSection(SolutionConfigurationPlatforms) = preSolution
		CD_ROM|Any CPU = CD_ROM|Any CPU
		CD_ROM|ARM = CD_ROM|ARM
		CD_ROM|Mixed Platforms = CD_ROM|Mixed Platforms
		CD_ROM|Win32 = CD_ROM|Win32
		CD_ROM|x64 = CD_ROM|x64
		CD_ROM|x86 = CD_ROM|x86
		Debug|Any CPU = Debug|Any CPU
		Debug|ARM = Debug|ARM
		Debug|Mixed Platforms = Debug|Mixed Platforms
		Debug|Win32 = Debug|Win32
		Debug|x64 = Debug|x64
		Debug|x86 = Debug|x86
		DVD-5|Any CPU = DVD-5|Any CPU
		DVD-5|ARM = DVD-5|ARM
		DVD-5|Mixed Platforms = DVD-5|Mixed Platforms
		DVD-5|Win32 = DVD-5|Win32
		DVD-5|x64 = DVD-5|x64
		DVD-5|x86 = DVD-5|x86
		Memento|Any CPU = Memento|Any CPU
		Memento|ARM = Memento|ARM
		Memento|Mixed Platforms = Memento|Mixed Platforms
		Memento|Win32 = Memento|Win32
		Memento|x64 = Memento|x64
		Memento|x86 = Memento|x86
		Release|Any CPU = Release|Any CPU
		Release|ARM = Release|ARM
		Release|Mixed Platforms = Release|Mixed Platforms
		Release|Win32 = Release|Win32
		Release|x64 = Release|x64
		Release|x86 = Release|x86
		SingleImage|Any CPU = SingleImage|Any CPU
		SingleImage|ARM = SingleImage|ARM
		SingleImage|Mixed Platforms = SingleImage|Mixed Platforms
		SingleImage|Win32 = SingleImage|Win32
		SingleImage|x64 = SingleImage|x64
		SingleImage|x86 = SingleImage|x86
	EndGlobalSection
	GlobalSection(ProjectConfigurationPlatforms) = postSolution
		{A5053AA7-02E5-4903-B596-04F17AEB1526}.CD_ROM|Any CPU.ActiveCfg = Release|Win32
		{A5053AA7-02E5-4903-B596-04F17AEB1526}.CD_ROM|ARM.ActiveCfg = Release|ARM
		{A5053AA7-02E5-4903-B596-04F17AEB1526}.CD_ROM|ARM.Build.0 = Release|ARM
		{A5053AA7-02E5-4903-B596-04F17AEB1526}.CD_ROM|Mixed Platforms.ActiveCfg = Release|Win32
		{A5053AA7-02E5-4903-B596-04F17AEB1526}.CD_ROM|Mixed Platforms.Build.0 = Release|Win32
		{A5053AA7-02E5-4903-B596-04F17AEB1526}.CD_ROM|Win32.ActiveCfg = Release|Win32
		{A5053AA7-02E5-4903-B596-04F17AEB1526}.CD_ROM|Win32.Build.0 = Release|Win32
		{A5053AA7-02E5-4903-B596-04F17AEB1526}.CD_ROM|x64.ActiveCfg = Release|Win32
		{A5053AA7-02E5-4903-B596-04F17AEB1526}.CD_ROM|x86.ActiveCfg = Release|Win32
		{A5053AA7-02E5-4903-B596-04F17AEB1526}.CD_ROM|x86.Build.0 = Release|Win32
		{A5053AA7-02E5-4903-B596-04F17AEB1526}.Debug|Any CPU.ActiveCfg = Debug|Win32
		{A5053AA7-02E5-4903-B596-04F17AEB1526}.Debug|ARM.ActiveCfg = Debug|Win32
		{A5053AA7-02E5-4903-B596-04F17AEB1526}.Debug|ARM.Build.0 = Debug|Win32
		{A5053AA7-02E5-4903-B596-04F17AEB1526}.Debug|Mixed Platforms.ActiveCfg = Debug|Win32
		{A5053AA7-02E5-4903-B596-04F17AEB1526}.Debug|Mixed Platforms.Build.0 = Debug|Win32
		{A5053AA7-02E5-4903-B596-04F17AEB1526}.Debug|Win32.ActiveCfg = Debug|Win32
		{A5053AA7-02E5-4903-B596-04F17AEB1526}.Debug|Win32.Build.0 = Debug|Win32
		{A5053AA7-02E5-4903-B596-04F17AEB1526}.Debug|x64.ActiveCfg = Debug|Win32
		{A5053AA7-02E5-4903-B596-04F17AEB1526}.Debug|x64.Build.0 = Debug|Win32
		{A5053AA7-02E5-4903-B596-04F17AEB1526}.Debug|x86.ActiveCfg = Debug|Win32
		{A5053AA7-02E5-4903-B596-04F17AEB1526}.Debug|x86.Build.0 = Debug|Win32
		{A5053AA7-02E5-4903-B596-04F17AEB1526}.DVD-5|Any CPU.ActiveCfg = Debug|Win32
		{A5053AA7-02E5-4903-B596-04F17AEB1526}.DVD-5|ARM.ActiveCfg = Debug|ARM
		{A5053AA7-02E5-4903-B596-04F17AEB1526}.DVD-5|ARM.Build.0 = Debug|ARM
		{A5053AA7-02E5-4903-B596-04F17AEB1526}.DVD-5|Mixed Platforms.ActiveCfg = Debug|Win32
		{A5053AA7-02E5-4903-B596-04F17AEB1526}.DVD-5|Mixed Platforms.Build.0 = Debug|Win32
		{A5053AA7-02E5-4903-B596-04F17AEB1526}.DVD-5|Win32.ActiveCfg = Debug|Win32
		{A5053AA7-02E5-4903-B596-04F17AEB1526}.DVD-5|Win32.Build.0 = Debug|Win32
		{A5053AA7-02E5-4903-B596-04F17AEB1526}.DVD-5|x64.ActiveCfg = Debug|Win32
		{A5053AA7-02E5-4903-B596-04F17AEB1526}.DVD-5|x86.ActiveCfg = Debug|Win32
		{A5053AA7-02E5-4903-B596-04F17AEB1526}.DVD-5|x86.Build.0 = Debug|Win32
		{A5053AA7-02E5-4903-B596-04F17AEB1526}.Memento|Any CPU.ActiveCfg = Memento|Win32
		{A5053AA7-02E5-4903-B596-04F17AEB1526}.Memento|ARM.ActiveCfg = Memento|Win32
		{A5053AA7-02E5-4903-B596-04F17AEB1526}.Memento|Mixed Platforms.ActiveCfg = Memento|Win32
		{A5053AA7-02E5-4903-B596-04F17AEB1526}.Memento|Mixed Platforms.Build.0 = Memento|Win32
		{A5053AA7-02E5-4903-B596-04F17AEB1526}.Memento|Win32.ActiveCfg = Memento|Win32
		{A5053AA7-02E5-4903-B596-04F17AEB1526}.Memento|x64.ActiveCfg = Memento|Win32
		{A5053AA7-02E5-4903-B596-04F17AEB1526}.Memento|x86.ActiveCfg = Memento|Win32
		{A5053AA7-02E5-4903-B596-04F17AEB1526}.Memento|x86.Build.0 = Memento|Win32
		{A5053AA7-02E5-4903-B596-04F17AEB1526}.Release|Any CPU.ActiveCfg = Release|Win32
		{A5053AA7-02E5-4903-B596-04F17AEB1526}.Release|ARM.ActiveCfg = Release|Win32
		{A5053AA7-02E5-4903-B596-04F17AEB1526}.Release|ARM.Build.0 = Release|Win32
		{A5053AA7-02E5-4903-B596-04F17AEB1526}.Release|Mixed Platforms.ActiveCfg = Release|Win32
		{A5053AA7-02E5-4903-B596-04F17AEB1526}.Release|Mixed Platforms.Build.0 = Release|Win32
		{A5053AA7-02E5-4903-B596-04F17AEB1526}.Release|Win32.ActiveCfg = Release|Win32
		{A5053AA7-02E5-4903-B596-04F17AEB1526}.Release|Win32.Build.0 = Release|Win32
		{A5053AA7-02E5-4903-B596-04F17AEB1526}.Release|x64.ActiveCfg = Release|Win32
		{A5053AA7-02E5-4903-B596-04F17AEB1526}.Release|x64.Build.0 = Release|Win32
		{A5053AA7-02E5-4903-B596-04F17AEB1526}.Release|x86.ActiveCfg = Release|Win32
		{A5053AA7-02E5-4903-B596-04F17AEB1526}.Release|x86.Build.0 = Release|Win32
		{A5053AA7-02E5-4903-B596-04F17AEB1526}.SingleImage|Any CPU.ActiveCfg = Release|Win32
		{A5053AA7-02E5-4903-B596-04F17AEB1526}.SingleImage|ARM.ActiveCfg = Release|ARM
		{A5053AA7-02E5-4903-B596-04F17AEB1526}.SingleImage|ARM.Build.0 = Release|ARM
		{A5053AA7-02E5-4903-B596-04F17AEB1526}.SingleImage|Mixed Platforms.ActiveCfg = Release|Win32
		{A5053AA7-02E5-4903-B596-04F17AEB1526}.SingleImage|Mixed Platforms.Build.0 = Release|Win32
		{A5053AA7-02E5-4903-B596-04F17AEB1526}.SingleImage|Win32.ActiveCfg = Release|Win32
		{A5053AA7-02E5-4903-B596-04F17AEB1526}.SingleImage|Win32.Build.0 = Release|Win32
		{A5053AA7-02E5-4903-B596-04F17AEB1526}.SingleImage|x64.ActiveCfg = Release|Win32
		{A5053AA7-02E5-4903-B596-04F17AEB1526}.SingleImage|x86.ActiveCfg = Release|Win32
		{A5053AA7-02E5-4903-B596-04F17AEB1526}.SingleImage|x86.Build.0 = Release|Win32
		{0715F3CF-5D1B-4617-A331-6527371365B7}.CD_ROM|Any CPU.ActiveCfg = Release|Win32
		{0715F3CF-5D1B-4617-A331-6527371365B7}.CD_ROM|ARM.ActiveCfg = Release|ARM
		{0715F3CF-5D1B-4617-A331-6527371365B7}.CD_ROM|ARM.Build.0 = Release|ARM
		{0715F3CF-5D1B-4617-A331-6527371365B7}.CD_ROM|Mixed Platforms.ActiveCfg = Release|Win32
		{0715F3CF-5D1B-4617-A331-6527371365B7}.CD_ROM|Mixed Platforms.Build.0 = Release|Win32
		{0715F3CF-5D1B-4617-A331-6527371365B7}.CD_ROM|Win32.ActiveCfg = Release|Win32
		{0715F3CF-5D1B-4617-A331-6527371365B7}.CD_ROM|Win32.Build.0 = Release|Win32
		{0715F3CF-5D1B-4617-A331-6527371365B7}.CD_ROM|x64.ActiveCfg = Release|x64
		{0715F3CF-5D1B-4617-A331-6527371365B7}.CD_ROM|x64.Build.0 = Release|x64
		{0715F3CF-5D1B-4617-A331-6527371365B7}.CD_ROM|x86.ActiveCfg = Release|Win32
		{0715F3CF-5D1B-4617-A331-6527371365B7}.CD_ROM|x86.Build.0 = Release|Win32
		{0715F3CF-5D1B-4617-A331-6527371365B7}.Debug|Any CPU.ActiveCfg = Debug|Win32
		{0715F3CF-5D1B-4617-A331-6527371365B7}.Debug|ARM.ActiveCfg = Debug|ARM
		{0715F3CF-5D1B-4617-A331-6527371365B7}.Debug|ARM.Build.0 = Debug|ARM
		{0715F3CF-5D1B-4617-A331-6527371365B7}.Debug|Mixed Platforms.ActiveCfg = Debug|Win32
		{0715F3CF-5D1B-4617-A331-6527371365B7}.Debug|Mixed Platforms.Build.0 = Debug|Win32
		{0715F3CF-5D1B-4617-A331-6527371365B7}.Debug|Win32.ActiveCfg = Debug|Win32
		{0715F3CF-5D1B-4617-A331-6527371365B7}.Debug|Win32.Build.0 = Debug|Win32
		{0715F3CF-5D1B-4617-A331-6527371365B7}.Debug|x64.ActiveCfg = Debug|x64
		{0715F3CF-5D1B-4617-A331-6527371365B7}.Debug|x64.Build.0 = Debug|x64
		{0715F3CF-5D1B-4617-A331-6527371365B7}.Debug|x86.ActiveCfg = Debug|Win32
		{0715F3CF-5D1B-4617-A331-6527371365B7}.Debug|x86.Build.0 = Debug|Win32
		{0715F3CF-5D1B-4617-A331-6527371365B7}.DVD-5|Any CPU.ActiveCfg = Debug|Win32
		{0715F3CF-5D1B-4617-A331-6527371365B7}.DVD-5|ARM.ActiveCfg = Debug|ARM
		{0715F3CF-5D1B-4617-A331-6527371365B7}.DVD-5|ARM.Build.0 = Debug|ARM
		{0715F3CF-5D1B-4617-A331-6527371365B7}.DVD-5|Mixed Platforms.ActiveCfg = Debug|Win32
		{0715F3CF-5D1B-4617-A331-6527371365B7}.DVD-5|Mixed Platforms.Build.0 = Debug|Win32
		{0715F3CF-5D1B-4617-A331-6527371365B7}.DVD-5|Win32.ActiveCfg = Debug|Win32
		{0715F3CF-5D1B-4617-A331-6527371365B7}.DVD-5|Win32.Build.0 = Debug|Win32
		{0715F3CF-5D1B-4617-A331-6527371365B7}.DVD-5|x64.ActiveCfg = Debug|x64
		{0715F3CF-5D1B-4617-A331-6527371365B7}.DVD-5|x64.Build.0 = Debug|x64
		{0715F3CF-5D1B-4617-A331-6527371365B7}.DVD-5|x86.ActiveCfg = Debug|Win32
		{0715F3CF-5D1B-4617-A331-6527371365B7}.DVD-5|x86.Build.0 = Debug|Win32
		{0715F3CF-5D1B-4617-A331-6527371365B7}.Memento|Any CPU.ActiveCfg = Memento|Win32
		{0715F3CF-5D1B-4617-A331-6527371365B7}.Memento|ARM.ActiveCfg = Memento|ARM
		{0715F3CF-5D1B-4617-A331-6527371365B7}.Memento|ARM.Build.0 = Memento|ARM
		{0715F3CF-5D1B-4617-A331-6527371365B7}.Memento|Mixed Platforms.ActiveCfg = Memento|Win32
		{0715F3CF-5D1B-4617-A331-6527371365B7}.Memento|Mixed Platforms.Build.0 = Memento|Win32
		{0715F3CF-5D1B-4617-A331-6527371365B7}.Memento|Win32.ActiveCfg = Memento|Win32
		{0715F3CF-5D1B-4617-A331-6527371365B7}.Memento|Win32.Build.0 = Memento|Win32
		{0715F3CF-5D1B-4617-A331-6527371365B7}.Memento|x64.ActiveCfg = Memento|x64
		{0715F3CF-5D1B-4617-A331-6527371365B7}.Memento|x64.Build.0 = Memento|x64
		{0715F3CF-5D1B-4617-A331-6527371365B7}.Memento|x86.ActiveCfg = Memento|Win32
		{0715F3CF-5D1B-4617-A331-6527371365B7}.Memento|x86.Build.0 = Memento|Win32
		{0715F3CF-5D1B-4617-A331-6527371365B7}.Release|Any CPU.ActiveCfg = Release|Win32
		{0715F3CF-5D1B-4617-A331-6527371365B7}.Release|ARM.ActiveCfg = Release|ARM
		{0715F3CF-5D1B-4617-A331-6527371365B7}.Release|ARM.Build.0 = Release|ARM
		{0715F3CF-5D1B-4617-A331-6527371365B7}.Release|Mixed Platforms.ActiveCfg = Release|Win32
		{0715F3CF-5D1B-4617-A331-6527371365B7}.Release|Mixed Platforms.Build.0 = Release|Win32
		{0715F3CF-5D1B-4617-A331-6527371365B7}.Release|Win32.ActiveCfg = Release|Win32
		{0715F3CF-5D1B-4617-A331-6527371365B7}.Release|Win32.Build.0 = Release|Win32
		{0715F3CF-5D1B-4617-A331-6527371365B7}.Release|x64.ActiveCfg = Release|x64
		{0715F3CF-5D1B-4617-A331-6527371365B7}.Release|x64.Build.0 = Release|x64
		{0715F3CF-5D1B-4617-A331-6527371365B7}.Release|x86.ActiveCfg = Release|Win32
		{0715F3CF-5D1B-4617-A331-6527371365B7}.Release|x86.Build.0 = Release|Win32
		{0715F3CF-5D1B-4617-A331-6527371365B7}.SingleImage|Any CPU.ActiveCfg = Release|Win32
		{0715F3CF-5D1B-4617-A331-6527371365B7}.SingleImage|ARM.ActiveCfg = Release|ARM
		{0715F3CF-5D1B-4617-A331-6527371365B7}.SingleImage|ARM.Build.0 = Release|ARM
		{0715F3CF-5D1B-4617-A331-6527371365B7}.SingleImage|Mixed Platforms.ActiveCfg = Release|Win32
		{0715F3CF-5D1B-4617-A331-6527371365B7}.SingleImage|Mixed Platforms.Build.0 = Release|Win32
		{0715F3CF-5D1B-4617-A331-6527371365B7}.SingleImage|Win32.ActiveCfg = Release|Win32
		{0715F3CF-5D1B-4617-A331-6527371365B7}.SingleImage|Win32.Build.0 = Release|Win32
		{0715F3CF-5D1B-4617-A331-6527371365B7}.SingleImage|x64.ActiveCfg = Release|x64
		{0715F3CF-5D1B-4617-A331-6527371365B7}.SingleImage|x64.Build.0 = Release|x64
		{0715F3CF-5D1B-4617-A331-6527371365B7}.SingleImage|x86.ActiveCfg = Release|Win32
		{0715F3CF-5D1B-4617-A331-6527371365B7}.SingleImage|x86.Build.0 = Release|Win32
		{C0D1C355-1BEE-40E1-9EF4-FD9FFFDBF396}.CD_ROM|Any CPU.ActiveCfg = Release|Win32
		{C0D1C355-1BEE-40E1-9EF4-FD9FFFDBF396}.CD_ROM|ARM.ActiveCfg = Release|ARM
		{C0D1C355-1BEE-40E1-9EF4-FD9FFFDBF396}.CD_ROM|ARM.Build.0 = Release|ARM
		{C0D1C355-1BEE-40E1-9EF4-FD9FFFDBF396}.CD_ROM|Mixed Platforms.ActiveCfg = Release|Win32
		{C0D1C355-1BEE-40E1-9EF4-FD9FFFDBF396}.CD_ROM|Mixed Platforms.Build.0 = Release|Win32
		{C0D1C355-1BEE-40E1-9EF4-FD9FFFDBF396}.CD_ROM|Win32.ActiveCfg = Release|Win32
		{C0D1C355-1BEE-40E1-9EF4-FD9FFFDBF396}.CD_ROM|Win32.Build.0 = Release|Win32
		{C0D1C355-1BEE-40E1-9EF4-FD9FFFDBF396}.CD_ROM|x64.ActiveCfg = Release|x64
		{C0D1C355-1BEE-40E1-9EF4-FD9FFFDBF396}.CD_ROM|x64.Build.0 = Release|x64
		{C0D1C355-1BEE-40E1-9EF4-FD9FFFDBF396}.CD_ROM|x86.ActiveCfg = Release|Win32
		{C0D1C355-1BEE-40E1-9EF4-FD9FFFDBF396}.CD_ROM|x86.Build.0 = Release|Win32
		{C0D1C355-1BEE-40E1-9EF4-FD9FFFDBF396}.Debug|Any CPU.ActiveCfg = Debug|Win32
		{C0D1C355-1BEE-40E1-9EF4-FD9FFFDBF396}.Debug|ARM.ActiveCfg = Debug|ARM
		{C0D1C355-1BEE-40E1-9EF4-FD9FFFDBF396}.Debug|ARM.Build.0 = Debug|ARM
		{C0D1C355-1BEE-40E1-9EF4-FD9FFFDBF396}.Debug|Mixed Platforms.ActiveCfg = Debug|Win32
		{C0D1C355-1BEE-40E1-9EF4-FD9FFFDBF396}.Debug|Mixed Platforms.Build.0 = Debug|Win32
		{C0D1C355-1BEE-40E1-9EF4-FD9FFFDBF396}.Debug|Win32.ActiveCfg = Debug|Win32
		{C0D1C355-1BEE-40E1-9EF4-FD9FFFDBF396}.Debug|Win32.Build.0 = Debug|Win32
		{C0D1C355-1BEE-40E1-9EF4-FD9FFFDBF396}.Debug|x64.ActiveCfg = Debug|x64
		{C0D1C355-1BEE-40E1-9EF4-FD9FFFDBF396}.Debug|x64.Build.0 = Debug|x64
		{C0D1C355-1BEE-40E1-9EF4-FD9FFFDBF396}.Debug|x86.ActiveCfg = Debug|Win32
		{C0D1C355-1BEE-40E1-9EF4-FD9FFFDBF396}.Debug|x86.Build.0 = Debug|Win32
		{C0D1C355-1BEE-40E1-9EF4-FD9FFFDBF396}.DVD-5|Any CPU.ActiveCfg = Debug|Win32
		{C0D1C355-1BEE-40E1-9EF4-FD9FFFDBF396}.DVD-5|ARM.ActiveCfg = Debug|ARM
		{C0D1C355-1BEE-40E1-9EF4-FD9FFFDBF396}.DVD-5|ARM.Build.0 = Debug|ARM
		{C0D1C355-1BEE-40E1-9EF4-FD9FFFDBF396}.DVD-5|Mixed Platforms.ActiveCfg = Debug|Win32
		{C0D1C355-1BEE-40E1-9EF4-FD9FFFDBF396}.DVD-5|Mixed Platforms.Build.0 = Debug|Win32
		{C0D1C355-1BEE-40E1-9EF4-FD9FFFDBF396}.DVD-5|Win32.ActiveCfg = Debug|Win32
		{C0D1C355-1BEE-40E1-9EF4-FD9FFFDBF396}.DVD-5|Win32.Build.0 = Debug|Win32
		{C0D1C355-1BEE-40E1-9EF4-FD9FFFDBF396}.DVD-5|x64.ActiveCfg = Debug|x64
		{C0D1C355-1BEE-40E1-9EF4-FD9FFFDBF396}.DVD-5|x64.Build.0 = Debug|x64
		{C0D1C355-1BEE-40E1-9EF4-FD9FFFDBF396}.DVD-5|x86.ActiveCfg = Debug|Win32
		{C0D1C355-1BEE-40E1-9EF4-FD9FFFDBF396}.DVD-5|x86.Build.0 = Debug|Win32
		{C0D1C355-1BEE-40E1-9EF4-FD9FFFDBF396}.Memento|Any CPU.ActiveCfg = Memento|Win32
		{C0D1C355-1BEE-40E1-9EF4-FD9FFFDBF396}.Memento|ARM.ActiveCfg = Memento|ARM
		{C0D1C355-1BEE-40E1-9EF4-FD9FFFDBF396}.Memento|ARM.Build.0 = Memento|ARM
		{C0D1C355-1BEE-40E1-9EF4-FD9FFFDBF396}.Memento|Mixed Platforms.ActiveCfg = Memento|Win32
		{C0D1C355-1BEE-40E1-9EF4-FD9FFFDBF396}.Memento|Mixed Platforms.Build.0 = Memento|Win32
		{C0D1C355-1BEE-40E1-9EF4-FD9FFFDBF396}.Memento|Win32.ActiveCfg = Memento|Win32
		{C0D1C355-1BEE-40E1-9EF4-FD9FFFDBF396}.Memento|Win32.Build.0 = Memento|Win32
		{C0D1C355-1BEE-40E1-9EF4-FD9FFFDBF396}.Memento|x64.ActiveCfg = Memento|x64
		{C0D1C355-1BEE-40E1-9EF4-FD9FFFDBF396}.Memento|x64.Build.0 = Memento|x64
		{C0D1C355-1BEE-40E1-9EF4-FD9FFFDBF396}.Memento|x86.ActiveCfg = Memento|Win32
		{C0D1C355-1BEE-40E1-9EF4-FD9FFFDBF396}.Memento|x86.Build.0 = Memento|Win32
		{C0D1C355-1BEE-40E1-9EF4-FD9FFFDBF396}.Release|Any CPU.ActiveCfg = Release|Win32
		{C0D1C355-1BEE-40E1-9EF4-FD9FFFDBF396}.Release|ARM.ActiveCfg = Release|ARM
		{C0D1C355-1BEE-40E1-9EF4-FD9FFFDBF396}.Release|ARM.Build.0 = Release|ARM
		{C0D1C355-1BEE-40E1-9EF4-FD9FFFDBF396}.Release|Mixed Platforms.ActiveCfg = Release|Win32
		{C0D1C355-1BEE-40E1-9EF4-FD9FFFDBF396}.Release|Mixed Platforms.Build.0 = Release|Win32
		{C0D1C355-1BEE-40E1-9EF4-FD9FFFDBF396}.Release|Win32.ActiveCfg = Release|Win32
		{C0D1C355-1BEE-40E1-9EF4-FD9FFFDBF396}.Release|Win32.Build.0 = Release|Win32
		{C0D1C355-1BEE-40E1-9EF4-FD9FFFDBF396}.Release|x64.ActiveCfg = Release|x64
		{C0D1C355-1BEE-40E1-9EF4-FD9FFFDBF396}.Release|x64.Build.0 = Release|x64
		{C0D1C355-1BEE-40E1-9EF4-FD9FFFDBF396}.Release|x86.ActiveCfg = Release|Win32
		{C0D1C355-1BEE-40E1-9EF4-FD9FFFDBF396}.Release|x86.Build.0 = Release|Win32
		{C0D1C355-1BEE-40E1-9EF4-FD9FFFDBF396}.SingleImage|Any CPU.ActiveCfg = Release|Win32
		{C0D1C355-1BEE-40E1-9EF4-FD9FFFDBF396}.SingleImage|ARM.ActiveCfg = Release|ARM
		{C0D1C355-1BEE-40E1-9EF4-FD9FFFDBF396}.SingleImage|ARM.Build.0 = Release|ARM
		{C0D1C355-1BEE-40E1-9EF4-FD9FFFDBF396}.SingleImage|Mixed Platforms.ActiveCfg = Release|Win32
		{C0D1C355-1BEE-40E1-9EF4-FD9FFFDBF396}.SingleImage|Mixed Platforms.Build.0 = Release|Win32
		{C0D1C355-1BEE-40E1-9EF4-FD9FFFDBF396}.SingleImage|Win32.ActiveCfg = Release|Win32
		{C0D1C355-1BEE-40E1-9EF4-FD9FFFDBF396}.SingleImage|Win32.Build.0 = Release|Win32
		{C0D1C355-1BEE-40E1-9EF4-FD9FFFDBF396}.SingleImage|x64.ActiveCfg = Release|x64
		{C0D1C355-1BEE-40E1-9EF4-FD9FFFDBF396}.SingleImage|x64.Build.0 = Release|x64
		{C0D1C355-1BEE-40E1-9EF4-FD9FFFDBF396}.SingleImage|x86.ActiveCfg = Release|Win32
		{C0D1C355-1BEE-40E1-9EF4-FD9FFFDBF396}.SingleImage|x86.Build.0 = Release|Win32
		{9E6AB41D-09A7-45A6-A53B-1E4BF3AC5B33}.CD_ROM|Any CPU.ActiveCfg = Release|Win32
		{9E6AB41D-09A7-45A6-A53B-1E4BF3AC5B33}.CD_ROM|ARM.ActiveCfg = Release|ARM
		{9E6AB41D-09A7-45A6-A53B-1E4BF3AC5B33}.CD_ROM|ARM.Build.0 = Release|ARM
		{9E6AB41D-09A7-45A6-A53B-1E4BF3AC5B33}.CD_ROM|Mixed Platforms.ActiveCfg = Release|Win32
		{9E6AB41D-09A7-45A6-A53B-1E4BF3AC5B33}.CD_ROM|Mixed Platforms.Build.0 = Release|Win32
		{9E6AB41D-09A7-45A6-A53B-1E4BF3AC5B33}.CD_ROM|Win32.ActiveCfg = Release|Win32
		{9E6AB41D-09A7-45A6-A53B-1E4BF3AC5B33}.CD_ROM|Win32.Build.0 = Release|Win32
		{9E6AB41D-09A7-45A6-A53B-1E4BF3AC5B33}.CD_ROM|x64.ActiveCfg = Release|x64
		{9E6AB41D-09A7-45A6-A53B-1E4BF3AC5B33}.CD_ROM|x64.Build.0 = Release|x64
		{9E6AB41D-09A7-45A6-A53B-1E4BF3AC5B33}.CD_ROM|x86.ActiveCfg = Release|Win32
		{9E6AB41D-09A7-45A6-A53B-1E4BF3AC5B33}.CD_ROM|x86.Build.0 = Release|Win32
		{9E6AB41D-09A7-45A6-A53B-1E4BF3AC5B33}.Debug|Any CPU.ActiveCfg = Debug|Win32
		{9E6AB41D-09A7-45A6-A53B-1E4BF3AC5B33}.Debug|ARM.ActiveCfg = Debug|ARM
		{9E6AB41D-09A7-45A6-A53B-1E4BF3AC5B33}.Debug|ARM.Build.0 = Debug|ARM
		{9E6AB41D-09A7-45A6-A53B-1E4BF3AC5B33}.Debug|Mixed Platforms.ActiveCfg = Debug|Win32
		{9E6AB41D-09A7-45A6-A53B-1E4BF3AC5B33}.Debug|Mixed Platforms.Build.0 = Debug|Win32
		{9E6AB41D-09A7-45A6-A53B-1E4BF3AC5B33}.Debug|Win32.ActiveCfg = Debug|Win32
		{9E6AB41D-09A7-45A6-A53B-1E4BF3AC5B33}.Debug|Win32.Build.0 = Debug|Win32
		{9E6AB41D-09A7-45A6-A53B-1E4BF3AC5B33}.Debug|x64.ActiveCfg = Debug|x64
		{9E6AB41D-09A7-45A6-A53B-1E4BF3AC5B33}.Debug|x64.Build.0 = Debug|x64
		{9E6AB41D-09A7-45A6-A53B-1E4BF3AC5B33}.Debug|x86.ActiveCfg = Debug|Win32
		{9E6AB41D-09A7-45A6-A53B-1E4BF3AC5B33}.Debug|x86.Build.0 = Debug|Win32
		{9E6AB41D-09A7-45A6-A53B-1E4BF3AC5B33}.DVD-5|Any CPU.ActiveCfg = Debug|Win32
		{9E6AB41D-09A7-45A6-A53B-1E4BF3AC5B33}.DVD-5|ARM.ActiveCfg = Debug|ARM
		{9E6AB41D-09A7-45A6-A53B-1E4BF3AC5B33}.DVD-5|ARM.Build.0 = Debug|ARM
		{9E6AB41D-09A7-45A6-A53B-1E4BF3AC5B33}.DVD-5|Mixed Platforms.ActiveCfg = Debug|Win32
		{9E6AB41D-09A7-45A6-A53B-1E4BF3AC5B33}.DVD-5|Mixed Platforms.Build.0 = Debug|Win32
		{9E6AB41D-09A7-45A6-A53B-1E4BF3AC5B33}.DVD-5|Win32.ActiveCfg = Debug|Win32
		{9E6AB41D-09A7-45A6-A53B-1E4BF3AC5B33}.DVD-5|Win32.Build.0 = Debug|Win32
		{9E6AB41D-09A7-45A6-A53B-1E4BF3AC5B33}.DVD-5|x64.ActiveCfg = Debug|x64
		{9E6AB41D-09A7-45A6-A53B-1E4BF3AC5B33}.DVD-5|x64.Build.0 = Debug|x64
		{9E6AB41D-09A7-45A6-A53B-1E4BF3AC5B33}.DVD-5|x86.ActiveCfg = Debug|Win32
		{9E6AB41D-09A7-45A6-A53B-1E4BF3AC5B33}.DVD-5|x86.Build.0 = Debug|Win32
		{9E6AB41D-09A7-45A6-A53B-1E4BF3AC5B33}.Memento|Any CPU.ActiveCfg = Release|Win32
		{9E6AB41D-09A7-45A6-A53B-1E4BF3AC5B33}.Memento|ARM.ActiveCfg = Release|ARM
		{9E6AB41D-09A7-45A6-A53B-1E4BF3AC5B33}.Memento|ARM.Build.0 = Release|ARM
		{9E6AB41D-09A7-45A6-A53B-1E4BF3AC5B33}.Memento|Mixed Platforms.ActiveCfg = Release|Win32
		{9E6AB41D-09A7-45A6-A53B-1E4BF3AC5B33}.Memento|Mixed Platforms.Build.0 = Release|Win32
		{9E6AB41D-09A7-45A6-A53B-1E4BF3AC5B33}.Memento|Win32.ActiveCfg = Release|Win32
		{9E6AB41D-09A7-45A6-A53B-1E4BF3AC5B33}.Memento|Win32.Build.0 = Release|Win32
		{9E6AB41D-09A7-45A6-A53B-1E4BF3AC5B33}.Memento|x64.ActiveCfg = Release|x64
		{9E6AB41D-09A7-45A6-A53B-1E4BF3AC5B33}.Memento|x64.Build.0 = Release|x64
		{9E6AB41D-09A7-45A6-A53B-1E4BF3AC5B33}.Memento|x86.ActiveCfg = Release|Win32
		{9E6AB41D-09A7-45A6-A53B-1E4BF3AC5B33}.Memento|x86.Build.0 = Release|Win32
		{9E6AB41D-09A7-45A6-A53B-1E4BF3AC5B33}.Release|Any CPU.ActiveCfg = Release|Win32
		{9E6AB41D-09A7-45A6-A53B-1E4BF3AC5B33}.Release|ARM.ActiveCfg = Release|ARM
		{9E6AB41D-09A7-45A6-A53B-1E4BF3AC5B33}.Release|ARM.Build.0 = Release|ARM
		{9E6AB41D-09A7-45A6-A53B-1E4BF3AC5B33}.Release|Mixed Platforms.ActiveCfg = Release|Win32
		{9E6AB41D-09A7-45A6-A53B-1E4BF3AC5B33}.Release|Mixed Platforms.Build.0 = Release|Win32
		{9E6AB41D-09A7-45A6-A53B-1E4BF3AC5B33}.Release|Win32.ActiveCfg = Release|Win32
		{9E6AB41D-09A7-45A6-A53B-1E4BF3AC5B33}.Release|Win32.Build.0 = Release|Win32
		{9E6AB41D-09A7-45A6-A53B-1E4BF3AC5B33}.Release|x64.ActiveCfg = Release|x64
		{9E6AB41D-09A7-45A6-A53B-1E4BF3AC5B33}.Release|x64.Build.0 = Release|x64
		{9E6AB41D-09A7-45A6-A53B-1E4BF3AC5B33}.Release|x86.ActiveCfg = Release|Win32
		{9E6AB41D-09A7-45A6-A53B-1E4BF3AC5B33}.Release|x86.Build.0 = Release|Win32
		{9E6AB41D-09A7-45A6-A53B-1E4BF3AC5B33}.SingleImage|Any CPU.ActiveCfg = Release|Win32
		{9E6AB41D-09A7-45A6-A53B-1E4BF3AC5B33}.SingleImage|ARM.ActiveCfg = Release|ARM
		{9E6AB41D-09A7-45A6-A53B-1E4BF3AC5B33}.SingleImage|ARM.Build.0 = Release|ARM
		{9E6AB41D-09A7-45A6-A53B-1E4BF3AC5B33}.SingleImage|Mixed Platforms.ActiveCfg = Release|Win32
		{9E6AB41D-09A7-45A6-A53B-1E4BF3AC5B33}.SingleImage|Mixed Platforms.Build.0 = Release|Win32
		{9E6AB41D-09A7-45A6-A53B-1E4BF3AC5B33}.SingleImage|Win32.ActiveCfg = Release|Win32
		{9E6AB41D-09A7-45A6-A53B-1E4BF3AC5B33}.SingleImage|Win32.Build.0 = Release|Win32
		{9E6AB41D-09A7-45A6-A53B-1E4BF3AC5B33}.SingleImage|x64.ActiveCfg = Release|x64
		{9E6AB41D-09A7-45A6-A53B-1E4BF3AC5B33}.SingleImage|x64.Build.0 = Release|x64
		{9E6AB41D-09A7-45A6-A53B-1E4BF3AC5B33}.SingleImage|x86.ActiveCfg = Release|Win32
		{9E6AB41D-09A7-45A6-A53B-1E4BF3AC5B33}.SingleImage|x86.Build.0 = Release|Win32
		{0204A4E7-F1B8-4268-A67C-A2C674B4742D}.CD_ROM|Any CPU.ActiveCfg = Release|Win32
		{0204A4E7-F1B8-4268-A67C-A2C674B4742D}.CD_ROM|ARM.ActiveCfg = Release|ARM
		{0204A4E7-F1B8-4268-A67C-A2C674B4742D}.CD_ROM|ARM.Build.0 = Release|ARM
		{0204A4E7-F1B8-4268-A67C-A2C674B4742D}.CD_ROM|ARM.Deploy.0 = Release|ARM
		{0204A4E7-F1B8-4268-A67C-A2C674B4742D}.CD_ROM|Mixed Platforms.ActiveCfg = Release|Win32
		{0204A4E7-F1B8-4268-A67C-A2C674B4742D}.CD_ROM|Mixed Platforms.Build.0 = Release|Win32
		{0204A4E7-F1B8-4268-A67C-A2C674B4742D}.CD_ROM|Mixed Platforms.Deploy.0 = Release|Win32
		{0204A4E7-F1B8-4268-A67C-A2C674B4742D}.CD_ROM|Win32.ActiveCfg = Release|Win32
		{0204A4E7-F1B8-4268-A67C-A2C674B4742D}.CD_ROM|Win32.Build.0 = Release|Win32
		{0204A4E7-F1B8-4268-A67C-A2C674B4742D}.CD_ROM|Win32.Deploy.0 = Release|Win32
		{0204A4E7-F1B8-4268-A67C-A2C674B4742D}.CD_ROM|x64.ActiveCfg = Release|x64
		{0204A4E7-F1B8-4268-A67C-A2C674B4742D}.CD_ROM|x64.Build.0 = Release|x64
		{0204A4E7-F1B8-4268-A67C-A2C674B4742D}.CD_ROM|x64.Deploy.0 = Release|x64
		{0204A4E7-F1B8-4268-A67C-A2C674B4742D}.CD_ROM|x86.ActiveCfg = Release|Win32
		{0204A4E7-F1B8-4268-A67C-A2C674B4742D}.CD_ROM|x86.Build.0 = Release|Win32
		{0204A4E7-F1B8-4268-A67C-A2C674B4742D}.CD_ROM|x86.Deploy.0 = Release|Win32
		{0204A4E7-F1B8-4268-A67C-A2C674B4742D}.Debug|Any CPU.ActiveCfg = Debug|Win32
		{0204A4E7-F1B8-4268-A67C-A2C674B4742D}.Debug|ARM.ActiveCfg = Debug|ARM
		{0204A4E7-F1B8-4268-A67C-A2C674B4742D}.Debug|ARM.Build.0 = Debug|ARM
		{0204A4E7-F1B8-4268-A67C-A2C674B4742D}.Debug|ARM.Deploy.0 = Debug|ARM
		{0204A4E7-F1B8-4268-A67C-A2C674B4742D}.Debug|Mixed Platforms.ActiveCfg = Debug|Win32
		{0204A4E7-F1B8-4268-A67C-A2C674B4742D}.Debug|Mixed Platforms.Build.0 = Debug|Win32
		{0204A4E7-F1B8-4268-A67C-A2C674B4742D}.Debug|Mixed Platforms.Deploy.0 = Debug|Win32
		{0204A4E7-F1B8-4268-A67C-A2C674B4742D}.Debug|Win32.ActiveCfg = Debug|Win32
		{0204A4E7-F1B8-4268-A67C-A2C674B4742D}.Debug|Win32.Build.0 = Debug|Win32
		{0204A4E7-F1B8-4268-A67C-A2C674B4742D}.Debug|Win32.Deploy.0 = Debug|Win32
		{0204A4E7-F1B8-4268-A67C-A2C674B4742D}.Debug|x64.ActiveCfg = Debug|x64
		{0204A4E7-F1B8-4268-A67C-A2C674B4742D}.Debug|x64.Build.0 = Debug|x64
		{0204A4E7-F1B8-4268-A67C-A2C674B4742D}.Debug|x64.Deploy.0 = Debug|x64
		{0204A4E7-F1B8-4268-A67C-A2C674B4742D}.Debug|x86.ActiveCfg = Debug|Win32
		{0204A4E7-F1B8-4268-A67C-A2C674B4742D}.Debug|x86.Build.0 = Debug|Win32
		{0204A4E7-F1B8-4268-A67C-A2C674B4742D}.Debug|x86.Deploy.0 = Debug|Win32
		{0204A4E7-F1B8-4268-A67C-A2C674B4742D}.DVD-5|Any CPU.ActiveCfg = Debug|Win32
		{0204A4E7-F1B8-4268-A67C-A2C674B4742D}.DVD-5|ARM.ActiveCfg = Debug|ARM
		{0204A4E7-F1B8-4268-A67C-A2C674B4742D}.DVD-5|ARM.Build.0 = Debug|ARM
		{0204A4E7-F1B8-4268-A67C-A2C674B4742D}.DVD-5|ARM.Deploy.0 = Debug|ARM
		{0204A4E7-F1B8-4268-A67C-A2C674B4742D}.DVD-5|Mixed Platforms.ActiveCfg = Debug|Win32
		{0204A4E7-F1B8-4268-A67C-A2C674B4742D}.DVD-5|Mixed Platforms.Build.0 = Debug|Win32
		{0204A4E7-F1B8-4268-A67C-A2C674B4742D}.DVD-5|Mixed Platforms.Deploy.0 = Debug|Win32
		{0204A4E7-F1B8-4268-A67C-A2C674B4742D}.DVD-5|Win32.ActiveCfg = Debug|Win32
		{0204A4E7-F1B8-4268-A67C-A2C674B4742D}.DVD-5|Win32.Build.0 = Debug|Win32
		{0204A4E7-F1B8-4268-A67C-A2C674B4742D}.DVD-5|Win32.Deploy.0 = Debug|Win32
		{0204A4E7-F1B8-4268-A67C-A2C674B4742D}.DVD-5|x64.ActiveCfg = Debug|x64
		{0204A4E7-F1B8-4268-A67C-A2C674B4742D}.DVD-5|x64.Build.0 = Debug|x64
		{0204A4E7-F1B8-4268-A67C-A2C674B4742D}.DVD-5|x64.Deploy.0 = Debug|x64
		{0204A4E7-F1B8-4268-A67C-A2C674B4742D}.DVD-5|x86.ActiveCfg = Debug|Win32
		{0204A4E7-F1B8-4268-A67C-A2C674B4742D}.DVD-5|x86.Build.0 = Debug|Win32
		{0204A4E7-F1B8-4268-A67C-A2C674B4742D}.DVD-5|x86.Deploy.0 = Debug|Win32
		{0204A4E7-F1B8-4268-A67C-A2C674B4742D}.Memento|Any CPU.ActiveCfg = Release|Win32
		{0204A4E7-F1B8-4268-A67C-A2C674B4742D}.Memento|ARM.ActiveCfg = Release|ARM
		{0204A4E7-F1B8-4268-A67C-A2C674B4742D}.Memento|ARM.Build.0 = Release|ARM
		{0204A4E7-F1B8-4268-A67C-A2C674B4742D}.Memento|ARM.Deploy.0 = Release|ARM
		{0204A4E7-F1B8-4268-A67C-A2C674B4742D}.Memento|Mixed Platforms.ActiveCfg = Release|Win32
		{0204A4E7-F1B8-4268-A67C-A2C674B4742D}.Memento|Mixed Platforms.Build.0 = Release|Win32
		{0204A4E7-F1B8-4268-A67C-A2C674B4742D}.Memento|Mixed Platforms.Deploy.0 = Release|Win32
		{0204A4E7-F1B8-4268-A67C-A2C674B4742D}.Memento|Win32.ActiveCfg = Release|Win32
		{0204A4E7-F1B8-4268-A67C-A2C674B4742D}.Memento|Win32.Build.0 = Release|Win32
		{0204A4E7-F1B8-4268-A67C-A2C674B4742D}.Memento|Win32.Deploy.0 = Release|Win32
		{0204A4E7-F1B8-4268-A67C-A2C674B4742D}.Memento|x64.ActiveCfg = Release|x64
		{0204A4E7-F1B8-4268-A67C-A2C674B4742D}.Memento|x64.Build.0 = Release|x64
		{0204A4E7-F1B8-4268-A67C-A2C674B4742D}.Memento|x64.Deploy.0 = Release|x64
		{0204A4E7-F1B8-4268-A67C-A2C674B4742D}.Memento|x86.ActiveCfg = Release|Win32
		{0204A4E7-F1B8-4268-A67C-A2C674B4742D}.Memento|x86.Build.0 = Release|Win32
		{0204A4E7-F1B8-4268-A67C-A2C674B4742D}.Memento|x86.Deploy.0 = Release|Win32
		{0204A4E7-F1B8-4268-A67C-A2C674B4742D}.Release|Any CPU.ActiveCfg = Release|Win32
		{0204A4E7-F1B8-4268-A67C-A2C674B4742D}.Release|ARM.ActiveCfg = Release|ARM
		{0204A4E7-F1B8-4268-A67C-A2C674B4742D}.Release|ARM.Build.0 = Release|ARM
		{0204A4E7-F1B8-4268-A67C-A2C674B4742D}.Release|ARM.Deploy.0 = Release|ARM
		{0204A4E7-F1B8-4268-A67C-A2C674B4742D}.Release|Mixed Platforms.ActiveCfg = Release|Win32
		{0204A4E7-F1B8-4268-A67C-A2C674B4742D}.Release|Mixed Platforms.Build.0 = Release|Win32
		{0204A4E7-F1B8-4268-A67C-A2C674B4742D}.Release|Mixed Platforms.Deploy.0 = Release|Win32
		{0204A4E7-F1B8-4268-A67C-A2C674B4742D}.Release|Win32.ActiveCfg = Release|Win32
		{0204A4E7-F1B8-4268-A67C-A2C674B4742D}.Release|Win32.Build.0 = Release|Win32
		{0204A4E7-F1B8-4268-A67C-A2C674B4742D}.Release|Win32.Deploy.0 = Release|Win32
		{0204A4E7-F1B8-4268-A67C-A2C674B4742D}.Release|x64.ActiveCfg = Release|x64
		{0204A4E7-F1B8-4268-A67C-A2C674B4742D}.Release|x64.Build.0 = Release|x64
		{0204A4E7-F1B8-4268-A67C-A2C674B4742D}.Release|x64.Deploy.0 = Release|x64
		{0204A4E7-F1B8-4268-A67C-A2C674B4742D}.Release|x86.ActiveCfg = Release|Win32
		{0204A4E7-F1B8-4268-A67C-A2C674B4742D}.Release|x86.Build.0 = Release|Win32
		{0204A4E7-F1B8-4268-A67C-A2C674B4742D}.Release|x86.Deploy.0 = Release|Win32
		{0204A4E7-F1B8-4268-A67C-A2C674B4742D}.SingleImage|Any CPU.ActiveCfg = Release|Win32
		{0204A4E7-F1B8-4268-A67C-A2C674B4742D}.SingleImage|ARM.ActiveCfg = Release|ARM
		{0204A4E7-F1B8-4268-A67C-A2C674B4742D}.SingleImage|ARM.Build.0 = Release|ARM
		{0204A4E7-F1B8-4268-A67C-A2C674B4742D}.SingleImage|ARM.Deploy.0 = Release|ARM
		{0204A4E7-F1B8-4268-A67C-A2C674B4742D}.SingleImage|Mixed Platforms.ActiveCfg = Release|Win32
		{0204A4E7-F1B8-4268-A67C-A2C674B4742D}.SingleImage|Mixed Platforms.Build.0 = Release|Win32
		{0204A4E7-F1B8-4268-A67C-A2C674B4742D}.SingleImage|Mixed Platforms.Deploy.0 = Release|Win32
		{0204A4E7-F1B8-4268-A67C-A2C674B4742D}.SingleImage|Win32.ActiveCfg = Release|Win32
		{0204A4E7-F1B8-4268-A67C-A2C674B4742D}.SingleImage|Win32.Build.0 = Release|Win32
		{0204A4E7-F1B8-4268-A67C-A2C674B4742D}.SingleImage|Win32.Deploy.0 = Release|Win32
		{0204A4E7-F1B8-4268-A67C-A2C674B4742D}.SingleImage|x64.ActiveCfg = Release|x64
		{0204A4E7-F1B8-4268-A67C-A2C674B4742D}.SingleImage|x64.Build.0 = Release|x64
		{0204A4E7-F1B8-4268-A67C-A2C674B4742D}.SingleImage|x64.Deploy.0 = Release|x64
		{0204A4E7-F1B8-4268-A67C-A2C674B4742D}.SingleImage|x86.ActiveCfg = Release|Win32
		{0204A4E7-F1B8-4268-A67C-A2C674B4742D}.SingleImage|x86.Build.0 = Release|Win32
		{0204A4E7-F1B8-4268-A67C-A2C674B4742D}.SingleImage|x86.Deploy.0 = Release|Win32
		{5DA0ECC9-4026-4427-862F-E3226EFEFEB1}.CD_ROM|Any CPU.ActiveCfg = Release|Any CPU
		{5DA0ECC9-4026-4427-862F-E3226EFEFEB1}.CD_ROM|Any CPU.Build.0 = Release|Any CPU
		{5DA0ECC9-4026-4427-862F-E3226EFEFEB1}.CD_ROM|ARM.ActiveCfg = Release|Any CPU
		{5DA0ECC9-4026-4427-862F-E3226EFEFEB1}.CD_ROM|Mixed Platforms.ActiveCfg = Release|Any CPU
		{5DA0ECC9-4026-4427-862F-E3226EFEFEB1}.CD_ROM|Mixed Platforms.Build.0 = Release|Any CPU
		{5DA0ECC9-4026-4427-862F-E3226EFEFEB1}.CD_ROM|Win32.ActiveCfg = Release|Any CPU
		{5DA0ECC9-4026-4427-862F-E3226EFEFEB1}.CD_ROM|x64.ActiveCfg = Release|Any CPU
		{5DA0ECC9-4026-4427-862F-E3226EFEFEB1}.CD_ROM|x86.ActiveCfg = Release|Any CPU
		{5DA0ECC9-4026-4427-862F-E3226EFEFEB1}.Debug|Any CPU.ActiveCfg = Debug|Any CPU
		{5DA0ECC9-4026-4427-862F-E3226EFEFEB1}.Debug|Any CPU.Build.0 = Debug|Any CPU
		{5DA0ECC9-4026-4427-862F-E3226EFEFEB1}.Debug|ARM.ActiveCfg = Debug|Any CPU
		{5DA0ECC9-4026-4427-862F-E3226EFEFEB1}.Debug|Mixed Platforms.ActiveCfg = Debug|Any CPU
		{5DA0ECC9-4026-4427-862F-E3226EFEFEB1}.Debug|Mixed Platforms.Build.0 = Debug|Any CPU
		{5DA0ECC9-4026-4427-862F-E3226EFEFEB1}.Debug|Win32.ActiveCfg = Debug|Any CPU
		{5DA0ECC9-4026-4427-862F-E3226EFEFEB1}.Debug|Win32.Build.0 = Debug|Any CPU
		{5DA0ECC9-4026-4427-862F-E3226EFEFEB1}.Debug|x64.ActiveCfg = Debug|Any CPU
		{5DA0ECC9-4026-4427-862F-E3226EFEFEB1}.Debug|x64.Build.0 = Debug|Any CPU
		{5DA0ECC9-4026-4427-862F-E3226EFEFEB1}.Debug|x86.ActiveCfg = Debug|Any CPU
		{5DA0ECC9-4026-4427-862F-E3226EFEFEB1}.DVD-5|Any CPU.ActiveCfg = Debug|Any CPU
		{5DA0ECC9-4026-4427-862F-E3226EFEFEB1}.DVD-5|Any CPU.Build.0 = Debug|Any CPU
		{5DA0ECC9-4026-4427-862F-E3226EFEFEB1}.DVD-5|ARM.ActiveCfg = Debug|Any CPU
		{5DA0ECC9-4026-4427-862F-E3226EFEFEB1}.DVD-5|Mixed Platforms.ActiveCfg = Debug|Any CPU
		{5DA0ECC9-4026-4427-862F-E3226EFEFEB1}.DVD-5|Mixed Platforms.Build.0 = Debug|Any CPU
		{5DA0ECC9-4026-4427-862F-E3226EFEFEB1}.DVD-5|Win32.ActiveCfg = Debug|Any CPU
		{5DA0ECC9-4026-4427-862F-E3226EFEFEB1}.DVD-5|x64.ActiveCfg = Debug|Any CPU
		{5DA0ECC9-4026-4427-862F-E3226EFEFEB1}.DVD-5|x86.ActiveCfg = Debug|Any CPU
		{5DA0ECC9-4026-4427-862F-E3226EFEFEB1}.Memento|Any CPU.ActiveCfg = Release|Any CPU
		{5DA0ECC9-4026-4427-862F-E3226EFEFEB1}.Memento|Any CPU.Build.0 = Release|Any CPU
		{5DA0ECC9-4026-4427-862F-E3226EFEFEB1}.Memento|ARM.ActiveCfg = Release|Any CPU
		{5DA0ECC9-4026-4427-862F-E3226EFEFEB1}.Memento|Mixed Platforms.ActiveCfg = Release|Any CPU
		{5DA0ECC9-4026-4427-862F-E3226EFEFEB1}.Memento|Mixed Platforms.Build.0 = Release|Any CPU
		{5DA0ECC9-4026-4427-862F-E3226EFEFEB1}.Memento|Win32.ActiveCfg = Release|Any CPU
		{5DA0ECC9-4026-4427-862F-E3226EFEFEB1}.Memento|x64.ActiveCfg = Release|Any CPU
		{5DA0ECC9-4026-4427-862F-E3226EFEFEB1}.Memento|x86.ActiveCfg = Release|Any CPU
		{5DA0ECC9-4026-4427-862F-E3226EFEFEB1}.Release|Any CPU.ActiveCfg = Release|Any CPU
		{5DA0ECC9-4026-4427-862F-E3226EFEFEB1}.Release|Any CPU.Build.0 = Release|Any CPU
		{5DA0ECC9-4026-4427-862F-E3226EFEFEB1}.Release|ARM.ActiveCfg = Release|Any CPU
		{5DA0ECC9-4026-4427-862F-E3226EFEFEB1}.Release|Mixed Platforms.ActiveCfg = Release|Any CPU
		{5DA0ECC9-4026-4427-862F-E3226EFEFEB1}.Release|Mixed Platforms.Build.0 = Release|Any CPU
		{5DA0ECC9-4026-4427-862F-E3226EFEFEB1}.Release|Win32.ActiveCfg = Release|Any CPU
		{5DA0ECC9-4026-4427-862F-E3226EFEFEB1}.Release|Win32.Build.0 = Release|Any CPU
		{5DA0ECC9-4026-4427-862F-E3226EFEFEB1}.Release|x64.ActiveCfg = Release|Any CPU
		{5DA0ECC9-4026-4427-862F-E3226EFEFEB1}.Release|x64.Build.0 = Release|Any CPU
		{5DA0ECC9-4026-4427-862F-E3226EFEFEB1}.Release|x86.ActiveCfg = Release|Any CPU
		{5DA0ECC9-4026-4427-862F-E3226EFEFEB1}.Release|x86.Build.0 = Release|Any CPU
		{5DA0ECC9-4026-4427-862F-E3226EFEFEB1}.SingleImage|Any CPU.ActiveCfg = Release|Any CPU
		{5DA0ECC9-4026-4427-862F-E3226EFEFEB1}.SingleImage|Any CPU.Build.0 = Release|Any CPU
		{5DA0ECC9-4026-4427-862F-E3226EFEFEB1}.SingleImage|ARM.ActiveCfg = Release|Any CPU
		{5DA0ECC9-4026-4427-862F-E3226EFEFEB1}.SingleImage|Mixed Platforms.ActiveCfg = Release|Any CPU
		{5DA0ECC9-4026-4427-862F-E3226EFEFEB1}.SingleImage|Mixed Platforms.Build.0 = Release|Any CPU
		{5DA0ECC9-4026-4427-862F-E3226EFEFEB1}.SingleImage|Win32.ActiveCfg = Release|Any CPU
		{5DA0ECC9-4026-4427-862F-E3226EFEFEB1}.SingleImage|x64.ActiveCfg = Release|Any CPU
		{5DA0ECC9-4026-4427-862F-E3226EFEFEB1}.SingleImage|x86.ActiveCfg = Release|Any CPU
		{4468C2E0-6C90-4FA5-8A48-0A9629776167}.CD_ROM|Any CPU.ActiveCfg = Release|Win32
		{4468C2E0-6C90-4FA5-8A48-0A9629776167}.CD_ROM|ARM.ActiveCfg = Release|Win32
		{4468C2E0-6C90-4FA5-8A48-0A9629776167}.CD_ROM|Mixed Platforms.ActiveCfg = Release|Win32
		{4468C2E0-6C90-4FA5-8A48-0A9629776167}.CD_ROM|Mixed Platforms.Build.0 = Release|Win32
		{4468C2E0-6C90-4FA5-8A48-0A9629776167}.CD_ROM|Win32.ActiveCfg = Release|Win32
		{4468C2E0-6C90-4FA5-8A48-0A9629776167}.CD_ROM|Win32.Build.0 = Release|Win32
		{4468C2E0-6C90-4FA5-8A48-0A9629776167}.CD_ROM|x64.ActiveCfg = Release|x64
		{4468C2E0-6C90-4FA5-8A48-0A9629776167}.CD_ROM|x64.Build.0 = Release|x64
		{4468C2E0-6C90-4FA5-8A48-0A9629776167}.CD_ROM|x86.ActiveCfg = Release|Win32
		{4468C2E0-6C90-4FA5-8A48-0A9629776167}.CD_ROM|x86.Build.0 = Release|Win32
		{4468C2E0-6C90-4FA5-8A48-0A9629776167}.Debug|Any CPU.ActiveCfg = Debug|Win32
		{4468C2E0-6C90-4FA5-8A48-0A9629776167}.Debug|ARM.ActiveCfg = Debug|Win32
		{4468C2E0-6C90-4FA5-8A48-0A9629776167}.Debug|Mixed Platforms.ActiveCfg = Debug|Win32
		{4468C2E0-6C90-4FA5-8A48-0A9629776167}.Debug|Mixed Platforms.Build.0 = Debug|Win32
		{4468C2E0-6C90-4FA5-8A48-0A9629776167}.Debug|Win32.ActiveCfg = Debug|Win32
		{4468C2E0-6C90-4FA5-8A48-0A9629776167}.Debug|Win32.Build.0 = Debug|Win32
		{4468C2E0-6C90-4FA5-8A48-0A9629776167}.Debug|x64.ActiveCfg = Debug|x64
		{4468C2E0-6C90-4FA5-8A48-0A9629776167}.Debug|x64.Build.0 = Debug|x64
		{4468C2E0-6C90-4FA5-8A48-0A9629776167}.Debug|x86.ActiveCfg = Debug|Win32
		{4468C2E0-6C90-4FA5-8A48-0A9629776167}.Debug|x86.Build.0 = Debug|Win32
		{4468C2E0-6C90-4FA5-8A48-0A9629776167}.DVD-5|Any CPU.ActiveCfg = Debug|Win32
		{4468C2E0-6C90-4FA5-8A48-0A9629776167}.DVD-5|ARM.ActiveCfg = Debug|Win32
		{4468C2E0-6C90-4FA5-8A48-0A9629776167}.DVD-5|Mixed Platforms.ActiveCfg = Debug|Win32
		{4468C2E0-6C90-4FA5-8A48-0A9629776167}.DVD-5|Mixed Platforms.Build.0 = Debug|Win32
		{4468C2E0-6C90-4FA5-8A48-0A9629776167}.DVD-5|Win32.ActiveCfg = Debug|Win32
		{4468C2E0-6C90-4FA5-8A48-0A9629776167}.DVD-5|Win32.Build.0 = Debug|Win32
		{4468C2E0-6C90-4FA5-8A48-0A9629776167}.DVD-5|x64.ActiveCfg = Debug|x64
		{4468C2E0-6C90-4FA5-8A48-0A9629776167}.DVD-5|x64.Build.0 = Debug|x64
		{4468C2E0-6C90-4FA5-8A48-0A9629776167}.DVD-5|x86.ActiveCfg = Debug|Win32
		{4468C2E0-6C90-4FA5-8A48-0A9629776167}.DVD-5|x86.Build.0 = Debug|Win32
		{4468C2E0-6C90-4FA5-8A48-0A9629776167}.Memento|Any CPU.ActiveCfg = Release|Win32
		{4468C2E0-6C90-4FA5-8A48-0A9629776167}.Memento|ARM.ActiveCfg = Release|Win32
		{4468C2E0-6C90-4FA5-8A48-0A9629776167}.Memento|Mixed Platforms.ActiveCfg = Release|Win32
		{4468C2E0-6C90-4FA5-8A48-0A9629776167}.Memento|Mixed Platforms.Build.0 = Release|Win32
		{4468C2E0-6C90-4FA5-8A48-0A9629776167}.Memento|Win32.ActiveCfg = Release|Win32
		{4468C2E0-6C90-4FA5-8A48-0A9629776167}.Memento|Win32.Build.0 = Release|Win32
		{4468C2E0-6C90-4FA5-8A48-0A9629776167}.Memento|x64.ActiveCfg = Release|x64
		{4468C2E0-6C90-4FA5-8A48-0A9629776167}.Memento|x64.Build.0 = Release|x64
		{4468C2E0-6C90-4FA5-8A48-0A9629776167}.Memento|x86.ActiveCfg = Release|Win32
		{4468C2E0-6C90-4FA5-8A48-0A9629776167}.Memento|x86.Build.0 = Release|Win32
		{4468C2E0-6C90-4FA5-8A48-0A9629776167}.Release|Any CPU.ActiveCfg = Release|Win32
		{4468C2E0-6C90-4FA5-8A48-0A9629776167}.Release|ARM.ActiveCfg = Release|Win32
		{4468C2E0-6C90-4FA5-8A48-0A9629776167}.Release|Mixed Platforms.ActiveCfg = Release|Win32
		{4468C2E0-6C90-4FA5-8A48-0A9629776167}.Release|Mixed Platforms.Build.0 = Release|Win32
		{4468C2E0-6C90-4FA5-8A48-0A9629776167}.Release|Win32.ActiveCfg = Release|Win32
		{4468C2E0-6C90-4FA5-8A48-0A9629776167}.Release|Win32.Build.0 = Release|Win32
		{4468C2E0-6C90-4FA5-8A48-0A9629776167}.Release|x64.ActiveCfg = Release|x64
		{4468C2E0-6C90-4FA5-8A48-0A9629776167}.Release|x64.Build.0 = Release|x64
		{4468C2E0-6C90-4FA5-8A48-0A9629776167}.Release|x86.ActiveCfg = Release|Win32
		{4468C2E0-6C90-4FA5-8A48-0A9629776167}.Release|x86.Build.0 = Release|Win32
		{4468C2E0-6C90-4FA5-8A48-0A9629776167}.SingleImage|Any CPU.ActiveCfg = Release|Win32
		{4468C2E0-6C90-4FA5-8A48-0A9629776167}.SingleImage|ARM.ActiveCfg = Release|Win32
		{4468C2E0-6C90-4FA5-8A48-0A9629776167}.SingleImage|Mixed Platforms.ActiveCfg = Release|Win32
		{4468C2E0-6C90-4FA5-8A48-0A9629776167}.SingleImage|Mixed Platforms.Build.0 = Release|Win32
		{4468C2E0-6C90-4FA5-8A48-0A9629776167}.SingleImage|Win32.ActiveCfg = Release|Win32
		{4468C2E0-6C90-4FA5-8A48-0A9629776167}.SingleImage|Win32.Build.0 = Release|Win32
		{4468C2E0-6C90-4FA5-8A48-0A9629776167}.SingleImage|x64.ActiveCfg = Release|x64
		{4468C2E0-6C90-4FA5-8A48-0A9629776167}.SingleImage|x64.Build.0 = Release|x64
		{4468C2E0-6C90-4FA5-8A48-0A9629776167}.SingleImage|x86.ActiveCfg = Release|Win32
		{4468C2E0-6C90-4FA5-8A48-0A9629776167}.SingleImage|x86.Build.0 = Release|Win32
		{76633D68-1082-4040-B943-362B02811577}.CD_ROM|Any CPU.ActiveCfg = Release
		{76633D68-1082-4040-B943-362B02811577}.CD_ROM|ARM.ActiveCfg = Release
		{76633D68-1082-4040-B943-362B02811577}.CD_ROM|Mixed Platforms.ActiveCfg = Release
		{76633D68-1082-4040-B943-362B02811577}.CD_ROM|Win32.ActiveCfg = Release
		{76633D68-1082-4040-B943-362B02811577}.CD_ROM|x64.ActiveCfg = Release
		{76633D68-1082-4040-B943-362B02811577}.CD_ROM|x86.ActiveCfg = Release
		{76633D68-1082-4040-B943-362B02811577}.Debug|Any CPU.ActiveCfg = Debug
		{76633D68-1082-4040-B943-362B02811577}.Debug|ARM.ActiveCfg = Debug
		{76633D68-1082-4040-B943-362B02811577}.Debug|Mixed Platforms.ActiveCfg = Debug
		{76633D68-1082-4040-B943-362B02811577}.Debug|Win32.ActiveCfg = Debug
		{76633D68-1082-4040-B943-362B02811577}.Debug|x64.ActiveCfg = Debug
		{76633D68-1082-4040-B943-362B02811577}.Debug|x86.ActiveCfg = Debug
		{76633D68-1082-4040-B943-362B02811577}.DVD-5|Any CPU.ActiveCfg = Debug
		{76633D68-1082-4040-B943-362B02811577}.DVD-5|ARM.ActiveCfg = Debug
		{76633D68-1082-4040-B943-362B02811577}.DVD-5|Mixed Platforms.ActiveCfg = Debug
		{76633D68-1082-4040-B943-362B02811577}.DVD-5|Win32.ActiveCfg = Debug
		{76633D68-1082-4040-B943-362B02811577}.DVD-5|x64.ActiveCfg = Debug
		{76633D68-1082-4040-B943-362B02811577}.DVD-5|x86.ActiveCfg = Debug
		{76633D68-1082-4040-B943-362B02811577}.Memento|Any CPU.ActiveCfg = Release
		{76633D68-1082-4040-B943-362B02811577}.Memento|ARM.ActiveCfg = Release
		{76633D68-1082-4040-B943-362B02811577}.Memento|Mixed Platforms.ActiveCfg = Release
		{76633D68-1082-4040-B943-362B02811577}.Memento|Win32.ActiveCfg = Release
		{76633D68-1082-4040-B943-362B02811577}.Memento|x64.ActiveCfg = Release
		{76633D68-1082-4040-B943-362B02811577}.Memento|x86.ActiveCfg = Release
		{76633D68-1082-4040-B943-362B02811577}.Release|Any CPU.ActiveCfg = Release
		{76633D68-1082-4040-B943-362B02811577}.Release|ARM.ActiveCfg = Release
		{76633D68-1082-4040-B943-362B02811577}.Release|Mixed Platforms.ActiveCfg = Release
		{76633D68-1082-4040-B943-362B02811577}.Release|Win32.ActiveCfg = Release
		{76633D68-1082-4040-B943-362B02811577}.Release|x64.ActiveCfg = Release
		{76633D68-1082-4040-B943-362B02811577}.Release|x64.Build.0 = Release
		{76633D68-1082-4040-B943-362B02811577}.Release|x86.ActiveCfg = Release
		{76633D68-1082-4040-B943-362B02811577}.SingleImage|Any CPU.ActiveCfg = Release
		{76633D68-1082-4040-B943-362B02811577}.SingleImage|ARM.ActiveCfg = Release
		{76633D68-1082-4040-B943-362B02811577}.SingleImage|Mixed Platforms.ActiveCfg = Release
		{76633D68-1082-4040-B943-362B02811577}.SingleImage|Win32.ActiveCfg = Release
		{76633D68-1082-4040-B943-362B02811577}.SingleImage|x64.ActiveCfg = Release
		{76633D68-1082-4040-B943-362B02811577}.SingleImage|x86.ActiveCfg = Release
		{FA5C8A67-3783-4096-B2E8-34BCF88F07EB}.CD_ROM|Any CPU.ActiveCfg = Release
		{FA5C8A67-3783-4096-B2E8-34BCF88F07EB}.CD_ROM|ARM.ActiveCfg = Release
		{FA5C8A67-3783-4096-B2E8-34BCF88F07EB}.CD_ROM|Mixed Platforms.ActiveCfg = Release
		{FA5C8A67-3783-4096-B2E8-34BCF88F07EB}.CD_ROM|Win32.ActiveCfg = Release
		{FA5C8A67-3783-4096-B2E8-34BCF88F07EB}.CD_ROM|x64.ActiveCfg = Release
		{FA5C8A67-3783-4096-B2E8-34BCF88F07EB}.CD_ROM|x86.ActiveCfg = Release
		{FA5C8A67-3783-4096-B2E8-34BCF88F07EB}.Debug|Any CPU.ActiveCfg = Debug
		{FA5C8A67-3783-4096-B2E8-34BCF88F07EB}.Debug|ARM.ActiveCfg = Debug
		{FA5C8A67-3783-4096-B2E8-34BCF88F07EB}.Debug|Mixed Platforms.ActiveCfg = Debug
		{FA5C8A67-3783-4096-B2E8-34BCF88F07EB}.Debug|Win32.ActiveCfg = Debug
		{FA5C8A67-3783-4096-B2E8-34BCF88F07EB}.Debug|x64.ActiveCfg = Debug
		{FA5C8A67-3783-4096-B2E8-34BCF88F07EB}.Debug|x86.ActiveCfg = Debug
		{FA5C8A67-3783-4096-B2E8-34BCF88F07EB}.DVD-5|Any CPU.ActiveCfg = Debug
		{FA5C8A67-3783-4096-B2E8-34BCF88F07EB}.DVD-5|ARM.ActiveCfg = Debug
		{FA5C8A67-3783-4096-B2E8-34BCF88F07EB}.DVD-5|Mixed Platforms.ActiveCfg = Debug
		{FA5C8A67-3783-4096-B2E8-34BCF88F07EB}.DVD-5|Win32.ActiveCfg = Debug
		{FA5C8A67-3783-4096-B2E8-34BCF88F07EB}.DVD-5|x64.ActiveCfg = Debug
		{FA5C8A67-3783-4096-B2E8-34BCF88F07EB}.DVD-5|x86.ActiveCfg = Debug
		{FA5C8A67-3783-4096-B2E8-34BCF88F07EB}.Memento|Any CPU.ActiveCfg = Release
		{FA5C8A67-3783-4096-B2E8-34BCF88F07EB}.Memento|ARM.ActiveCfg = Release
		{FA5C8A67-3783-4096-B2E8-34BCF88F07EB}.Memento|Mixed Platforms.ActiveCfg = Release
		{FA5C8A67-3783-4096-B2E8-34BCF88F07EB}.Memento|Win32.ActiveCfg = Release
		{FA5C8A67-3783-4096-B2E8-34BCF88F07EB}.Memento|x64.ActiveCfg = Release
		{FA5C8A67-3783-4096-B2E8-34BCF88F07EB}.Memento|x86.ActiveCfg = Release
		{FA5C8A67-3783-4096-B2E8-34BCF88F07EB}.Release|Any CPU.ActiveCfg = Release
		{FA5C8A67-3783-4096-B2E8-34BCF88F07EB}.Release|ARM.ActiveCfg = Release
		{FA5C8A67-3783-4096-B2E8-34BCF88F07EB}.Release|Mixed Platforms.ActiveCfg = Release
		{FA5C8A67-3783-4096-B2E8-34BCF88F07EB}.Release|Win32.ActiveCfg = Release
		{FA5C8A67-3783-4096-B2E8-34BCF88F07EB}.Release|Win32.Build.0 = Release
		{FA5C8A67-3783-4096-B2E8-34BCF88F07EB}.Release|x64.ActiveCfg = Release
		{FA5C8A67-3783-4096-B2E8-34BCF88F07EB}.Release|x86.ActiveCfg = Release
		{FA5C8A67-3783-4096-B2E8-34BCF88F07EB}.Release|x86.Build.0 = Release
		{FA5C8A67-3783-4096-B2E8-34BCF88F07EB}.SingleImage|Any CPU.ActiveCfg = Release
		{FA5C8A67-3783-4096-B2E8-34BCF88F07EB}.SingleImage|ARM.ActiveCfg = Release
		{FA5C8A67-3783-4096-B2E8-34BCF88F07EB}.SingleImage|Mixed Platforms.ActiveCfg = Release
		{FA5C8A67-3783-4096-B2E8-34BCF88F07EB}.SingleImage|Win32.ActiveCfg = Release
		{FA5C8A67-3783-4096-B2E8-34BCF88F07EB}.SingleImage|x64.ActiveCfg = Release
		{FA5C8A67-3783-4096-B2E8-34BCF88F07EB}.SingleImage|x86.ActiveCfg = Release
		{4D5C4349-480D-4CD6-9D3B-09C50BA35FA2}.CD_ROM|Any CPU.ActiveCfg = Release|Win32
		{4D5C4349-480D-4CD6-9D3B-09C50BA35FA2}.CD_ROM|ARM.ActiveCfg = Release|Win32
		{4D5C4349-480D-4CD6-9D3B-09C50BA35FA2}.CD_ROM|Mixed Platforms.ActiveCfg = Release|Win32
		{4D5C4349-480D-4CD6-9D3B-09C50BA35FA2}.CD_ROM|Mixed Platforms.Build.0 = Release|Win32
		{4D5C4349-480D-4CD6-9D3B-09C50BA35FA2}.CD_ROM|Win32.ActiveCfg = Release|Win32
		{4D5C4349-480D-4CD6-9D3B-09C50BA35FA2}.CD_ROM|Win32.Build.0 = Release|Win32
		{4D5C4349-480D-4CD6-9D3B-09C50BA35FA2}.CD_ROM|x64.ActiveCfg = Release|x64
		{4D5C4349-480D-4CD6-9D3B-09C50BA35FA2}.CD_ROM|x64.Build.0 = Release|x64
		{4D5C4349-480D-4CD6-9D3B-09C50BA35FA2}.CD_ROM|x86.ActiveCfg = Release|Win32
		{4D5C4349-480D-4CD6-9D3B-09C50BA35FA2}.CD_ROM|x86.Build.0 = Release|Win32
		{4D5C4349-480D-4CD6-9D3B-09C50BA35FA2}.Debug|Any CPU.ActiveCfg = Debug|Win32
		{4D5C4349-480D-4CD6-9D3B-09C50BA35FA2}.Debug|ARM.ActiveCfg = Debug|Win32
		{4D5C4349-480D-4CD6-9D3B-09C50BA35FA2}.Debug|Mixed Platforms.ActiveCfg = Debug|Win32
		{4D5C4349-480D-4CD6-9D3B-09C50BA35FA2}.Debug|Mixed Platforms.Build.0 = Debug|Win32
		{4D5C4349-480D-4CD6-9D3B-09C50BA35FA2}.Debug|Win32.ActiveCfg = Debug|Win32
		{4D5C4349-480D-4CD6-9D3B-09C50BA35FA2}.Debug|Win32.Build.0 = Debug|Win32
		{4D5C4349-480D-4CD6-9D3B-09C50BA35FA2}.Debug|x64.ActiveCfg = Debug|x64
		{4D5C4349-480D-4CD6-9D3B-09C50BA35FA2}.Debug|x64.Build.0 = Debug|x64
		{4D5C4349-480D-4CD6-9D3B-09C50BA35FA2}.Debug|x86.ActiveCfg = Debug|Win32
		{4D5C4349-480D-4CD6-9D3B-09C50BA35FA2}.Debug|x86.Build.0 = Debug|Win32
		{4D5C4349-480D-4CD6-9D3B-09C50BA35FA2}.DVD-5|Any CPU.ActiveCfg = Debug|Win32
		{4D5C4349-480D-4CD6-9D3B-09C50BA35FA2}.DVD-5|ARM.ActiveCfg = Debug|Win32
		{4D5C4349-480D-4CD6-9D3B-09C50BA35FA2}.DVD-5|Mixed Platforms.ActiveCfg = Debug|Win32
		{4D5C4349-480D-4CD6-9D3B-09C50BA35FA2}.DVD-5|Mixed Platforms.Build.0 = Debug|Win32
		{4D5C4349-480D-4CD6-9D3B-09C50BA35FA2}.DVD-5|Win32.ActiveCfg = Debug|Win32
		{4D5C4349-480D-4CD6-9D3B-09C50BA35FA2}.DVD-5|Win32.Build.0 = Debug|Win32
		{4D5C4349-480D-4CD6-9D3B-09C50BA35FA2}.DVD-5|x64.ActiveCfg = Debug|x64
		{4D5C4349-480D-4CD6-9D3B-09C50BA35FA2}.DVD-5|x64.Build.0 = Debug|x64
		{4D5C4349-480D-4CD6-9D3B-09C50BA35FA2}.DVD-5|x86.ActiveCfg = Debug|Win32
		{4D5C4349-480D-4CD6-9D3B-09C50BA35FA2}.DVD-5|x86.Build.0 = Debug|Win32
		{4D5C4349-480D-4CD6-9D3B-09C50BA35FA2}.Memento|Any CPU.ActiveCfg = Release|Win32
		{4D5C4349-480D-4CD6-9D3B-09C50BA35FA2}.Memento|ARM.ActiveCfg = Release|Win32
		{4D5C4349-480D-4CD6-9D3B-09C50BA35FA2}.Memento|Mixed Platforms.ActiveCfg = Release|Win32
		{4D5C4349-480D-4CD6-9D3B-09C50BA35FA2}.Memento|Mixed Platforms.Build.0 = Release|Win32
		{4D5C4349-480D-4CD6-9D3B-09C50BA35FA2}.Memento|Win32.ActiveCfg = Release|Win32
		{4D5C4349-480D-4CD6-9D3B-09C50BA35FA2}.Memento|Win32.Build.0 = Release|Win32
		{4D5C4349-480D-4CD6-9D3B-09C50BA35FA2}.Memento|x64.ActiveCfg = Release|x64
		{4D5C4349-480D-4CD6-9D3B-09C50BA35FA2}.Memento|x64.Build.0 = Release|x64
		{4D5C4349-480D-4CD6-9D3B-09C50BA35FA2}.Memento|x86.ActiveCfg = Release|Win32
		{4D5C4349-480D-4CD6-9D3B-09C50BA35FA2}.Memento|x86.Build.0 = Release|Win32
		{4D5C4349-480D-4CD6-9D3B-09C50BA35FA2}.Release|Any CPU.ActiveCfg = Release|Win32
		{4D5C4349-480D-4CD6-9D3B-09C50BA35FA2}.Release|ARM.ActiveCfg = Release|Win32
		{4D5C4349-480D-4CD6-9D3B-09C50BA35FA2}.Release|Mixed Platforms.ActiveCfg = Release|Win32
		{4D5C4349-480D-4CD6-9D3B-09C50BA35FA2}.Release|Mixed Platforms.Build.0 = Release|Win32
		{4D5C4349-480D-4CD6-9D3B-09C50BA35FA2}.Release|Win32.ActiveCfg = Release|Win32
		{4D5C4349-480D-4CD6-9D3B-09C50BA35FA2}.Release|Win32.Build.0 = Release|Win32
		{4D5C4349-480D-4CD6-9D3B-09C50BA35FA2}.Release|x64.ActiveCfg = Release|x64
		{4D5C4349-480D-4CD6-9D3B-09C50BA35FA2}.Release|x64.Build.0 = Release|x64
		{4D5C4349-480D-4CD6-9D3B-09C50BA35FA2}.Release|x86.ActiveCfg = Release|Win32
		{4D5C4349-480D-4CD6-9D3B-09C50BA35FA2}.Release|x86.Build.0 = Release|Win32
		{4D5C4349-480D-4CD6-9D3B-09C50BA35FA2}.SingleImage|Any CPU.ActiveCfg = Release|Win32
		{4D5C4349-480D-4CD6-9D3B-09C50BA35FA2}.SingleImage|ARM.ActiveCfg = Release|Win32
		{4D5C4349-480D-4CD6-9D3B-09C50BA35FA2}.SingleImage|Mixed Platforms.ActiveCfg = Release|Win32
		{4D5C4349-480D-4CD6-9D3B-09C50BA35FA2}.SingleImage|Mixed Platforms.Build.0 = Release|Win32
		{4D5C4349-480D-4CD6-9D3B-09C50BA35FA2}.SingleImage|Win32.ActiveCfg = Release|Win32
		{4D5C4349-480D-4CD6-9D3B-09C50BA35FA2}.SingleImage|Win32.Build.0 = Release|Win32
		{4D5C4349-480D-4CD6-9D3B-09C50BA35FA2}.SingleImage|x64.ActiveCfg = Release|x64
		{4D5C4349-480D-4CD6-9D3B-09C50BA35FA2}.SingleImage|x64.Build.0 = Release|x64
		{4D5C4349-480D-4CD6-9D3B-09C50BA35FA2}.SingleImage|x86.ActiveCfg = Release|Win32
		{4D5C4349-480D-4CD6-9D3B-09C50BA35FA2}.SingleImage|x86.Build.0 = Release|Win32
		{DF87E242-8B2C-4F04-9A7E-61C578FD994C}.CD_ROM|Any CPU.ActiveCfg = Release|Win32
		{DF87E242-8B2C-4F04-9A7E-61C578FD994C}.CD_ROM|ARM.ActiveCfg = Release|Win32
		{DF87E242-8B2C-4F04-9A7E-61C578FD994C}.CD_ROM|Mixed Platforms.ActiveCfg = Release|Win32
		{DF87E242-8B2C-4F04-9A7E-61C578FD994C}.CD_ROM|Mixed Platforms.Build.0 = Release|Win32
		{DF87E242-8B2C-4F04-9A7E-61C578FD994C}.CD_ROM|Win32.ActiveCfg = Release|Win32
		{DF87E242-8B2C-4F04-9A7E-61C578FD994C}.CD_ROM|Win32.Build.0 = Release|Win32
		{DF87E242-8B2C-4F04-9A7E-61C578FD994C}.CD_ROM|x64.ActiveCfg = Release|x64
		{DF87E242-8B2C-4F04-9A7E-61C578FD994C}.CD_ROM|x64.Build.0 = Release|x64
		{DF87E242-8B2C-4F04-9A7E-61C578FD994C}.CD_ROM|x86.ActiveCfg = Release|Win32
		{DF87E242-8B2C-4F04-9A7E-61C578FD994C}.CD_ROM|x86.Build.0 = Release|Win32
		{DF87E242-8B2C-4F04-9A7E-61C578FD994C}.Debug|Any CPU.ActiveCfg = Debug|Win32
		{DF87E242-8B2C-4F04-9A7E-61C578FD994C}.Debug|ARM.ActiveCfg = Debug|Win32
		{DF87E242-8B2C-4F04-9A7E-61C578FD994C}.Debug|Mixed Platforms.ActiveCfg = Debug|Win32
		{DF87E242-8B2C-4F04-9A7E-61C578FD994C}.Debug|Mixed Platforms.Build.0 = Debug|Win32
		{DF87E242-8B2C-4F04-9A7E-61C578FD994C}.Debug|Win32.ActiveCfg = Debug|Win32
		{DF87E242-8B2C-4F04-9A7E-61C578FD994C}.Debug|Win32.Build.0 = Debug|Win32
		{DF87E242-8B2C-4F04-9A7E-61C578FD994C}.Debug|x64.ActiveCfg = Debug|x64
		{DF87E242-8B2C-4F04-9A7E-61C578FD994C}.Debug|x64.Build.0 = Debug|x64
		{DF87E242-8B2C-4F04-9A7E-61C578FD994C}.Debug|x86.ActiveCfg = Debug|Win32
		{DF87E242-8B2C-4F04-9A7E-61C578FD994C}.Debug|x86.Build.0 = Debug|Win32
		{DF87E242-8B2C-4F04-9A7E-61C578FD994C}.DVD-5|Any CPU.ActiveCfg = Debug|Win32
		{DF87E242-8B2C-4F04-9A7E-61C578FD994C}.DVD-5|ARM.ActiveCfg = Debug|Win32
		{DF87E242-8B2C-4F04-9A7E-61C578FD994C}.DVD-5|Mixed Platforms.ActiveCfg = Debug|Win32
		{DF87E242-8B2C-4F04-9A7E-61C578FD994C}.DVD-5|Mixed Platforms.Build.0 = Debug|Win32
		{DF87E242-8B2C-4F04-9A7E-61C578FD994C}.DVD-5|Win32.ActiveCfg = Debug|Win32
		{DF87E242-8B2C-4F04-9A7E-61C578FD994C}.DVD-5|Win32.Build.0 = Debug|Win32
		{DF87E242-8B2C-4F04-9A7E-61C578FD994C}.DVD-5|x64.ActiveCfg = Debug|x64
		{DF87E242-8B2C-4F04-9A7E-61C578FD994C}.DVD-5|x64.Build.0 = Debug|x64
		{DF87E242-8B2C-4F04-9A7E-61C578FD994C}.DVD-5|x86.ActiveCfg = Debug|Win32
		{DF87E242-8B2C-4F04-9A7E-61C578FD994C}.DVD-5|x86.Build.0 = Debug|Win32
		{DF87E242-8B2C-4F04-9A7E-61C578FD994C}.Memento|Any CPU.ActiveCfg = Release|Win32
		{DF87E242-8B2C-4F04-9A7E-61C578FD994C}.Memento|ARM.ActiveCfg = Release|Win32
		{DF87E242-8B2C-4F04-9A7E-61C578FD994C}.Memento|Mixed Platforms.ActiveCfg = Release|Win32
		{DF87E242-8B2C-4F04-9A7E-61C578FD994C}.Memento|Mixed Platforms.Build.0 = Release|Win32
		{DF87E242-8B2C-4F04-9A7E-61C578FD994C}.Memento|Win32.ActiveCfg = Release|Win32
		{DF87E242-8B2C-4F04-9A7E-61C578FD994C}.Memento|Win32.Build.0 = Release|Win32
		{DF87E242-8B2C-4F04-9A7E-61C578FD994C}.Memento|x64.ActiveCfg = Release|x64
		{DF87E242-8B2C-4F04-9A7E-61C578FD994C}.Memento|x64.Build.0 = Release|x64
		{DF87E242-8B2C-4F04-9A7E-61C578FD994C}.Memento|x86.ActiveCfg = Release|Win32
		{DF87E242-8B2C-4F04-9A7E-61C578FD994C}.Memento|x86.Build.0 = Release|Win32
		{DF87E242-8B2C-4F04-9A7E-61C578FD994C}.Release|Any CPU.ActiveCfg = Release|Win32
		{DF87E242-8B2C-4F04-9A7E-61C578FD994C}.Release|ARM.ActiveCfg = Release|Win32
		{DF87E242-8B2C-4F04-9A7E-61C578FD994C}.Release|Mixed Platforms.ActiveCfg = Release|Win32
		{DF87E242-8B2C-4F04-9A7E-61C578FD994C}.Release|Mixed Platforms.Build.0 = Release|Win32
		{DF87E242-8B2C-4F04-9A7E-61C578FD994C}.Release|Win32.ActiveCfg = Release|Win32
		{DF87E242-8B2C-4F04-9A7E-61C578FD994C}.Release|Win32.Build.0 = Release|Win32
		{DF87E242-8B2C-4F04-9A7E-61C578FD994C}.Release|x64.ActiveCfg = Release|x64
		{DF87E242-8B2C-4F04-9A7E-61C578FD994C}.Release|x64.Build.0 = Release|x64
		{DF87E242-8B2C-4F04-9A7E-61C578FD994C}.Release|x86.ActiveCfg = Release|Win32
		{DF87E242-8B2C-4F04-9A7E-61C578FD994C}.Release|x86.Build.0 = Release|Win32
		{DF87E242-8B2C-4F04-9A7E-61C578FD994C}.SingleImage|Any CPU.ActiveCfg = Release|Win32
		{DF87E242-8B2C-4F04-9A7E-61C578FD994C}.SingleImage|ARM.ActiveCfg = Release|Win32
		{DF87E242-8B2C-4F04-9A7E-61C578FD994C}.SingleImage|Mixed Platforms.ActiveCfg = Release|Win32
		{DF87E242-8B2C-4F04-9A7E-61C578FD994C}.SingleImage|Mixed Platforms.Build.0 = Release|Win32
		{DF87E242-8B2C-4F04-9A7E-61C578FD994C}.SingleImage|Win32.ActiveCfg = Release|Win32
		{DF87E242-8B2C-4F04-9A7E-61C578FD994C}.SingleImage|Win32.Build.0 = Release|Win32
		{DF87E242-8B2C-4F04-9A7E-61C578FD994C}.SingleImage|x64.ActiveCfg = Release|x64
		{DF87E242-8B2C-4F04-9A7E-61C578FD994C}.SingleImage|x64.Build.0 = Release|x64
		{DF87E242-8B2C-4F04-9A7E-61C578FD994C}.SingleImage|x86.ActiveCfg = Release|Win32
		{DF87E242-8B2C-4F04-9A7E-61C578FD994C}.SingleImage|x86.Build.0 = Release|Win32
	EndGlobalSection
	GlobalSection(SolutionProperties) = preSolution
		HideSolutionNode = FALSE
	EndGlobalSection
EndGlobal
