<?xml version="1.0" encoding="utf-8"?>
<Project ToolsVersion="4.0" xmlns="http://schemas.microsoft.com/developer/msbuild/2003">
  <ItemGroup>
    <Filter Include="pdf">
      <UniqueIdentifier>{9cbc5d32-1ade-452f-9a40-cd43b9e313aa}</UniqueIdentifier>
    </Filter>
  </ItemGroup>
  <ItemGroup>
    <ClCompile Include="..\pdf\pdf_js_none.c">
      <Filter>pdf</Filter>
    </ClCompile>
  </ItemGroup>
</Project>