<?xml version="1.0" encoding="utf-8"?>
<Project ToolsVersion="4.0" xmlns="http://schemas.microsoft.com/developer/msbuild/2003">
  <ItemGroup>
    <Filter Include="libjpeg">
      <UniqueIdentifier>{4cb5f070-5bbd-493b-9b63-010401d29ada}</UniqueIdentifier>
    </Filter>
    <Filter Include="libjbig2dec">
      <UniqueIdentifier>{7d2d0ce6-541f-4bdf-84ca-f6f4caf7be37}</UniqueIdentifier>
    </Filter>
    <Filter Include="libz">
      <UniqueIdentifier>{eeff1418-1d25-4ab6-b352-43cac96e8826}</UniqueIdentifier>
    </Filter>
    <Filter Include="libopenjpeg">
      <UniqueIdentifier>{e6b1f4d0-9c26-45d0-8da3-9117ce87eef4}</UniqueIdentifier>
    </Filter>
    <Filter Include="libfreetype">
      <UniqueIdentifier>{1ba764cb-f749-47b7-82fc-1696b44780dc}</UniqueIdentifier>
    </Filter>
    <Filter Include="libfreetype\base">
      <UniqueIdentifier>{6980c4d8-161d-4d24-b8a9-7b5b612c2b39}</UniqueIdentifier>
    </Filter>
  </ItemGroup>
  <ItemGroup>
    <ClCompile Include="..\thirdparty\jpeg\jaricom.c">
      <Filter>libjpeg</Filter>
    </ClCompile>
    <ClCompile Include="..\thirdparty\jpeg\jcomapi.c">
      <Filter>libjpeg</Filter>
    </ClCompile>
    <ClCompile Include="..\thirdparty\jpeg\jdapimin.c">
      <Filter>libjpeg</Filter>
    </ClCompile>
    <ClCompile Include="..\thirdparty\jpeg\jdapistd.c">
      <Filter>libjpeg</Filter>
    </ClCompile>
    <ClCompile Include="..\thirdparty\jpeg\jdarith.c">
      <Filter>libjpeg</Filter>
    </ClCompile>
    <ClCompile Include="..\thirdparty\jpeg\jdatadst.c">
      <Filter>libjpeg</Filter>
    </ClCompile>
    <ClCompile Include="..\thirdparty\jpeg\jdatasrc.c">
      <Filter>libjpeg</Filter>
    </ClCompile>
    <ClCompile Include="..\thirdparty\jpeg\jdcoefct.c">
      <Filter>libjpeg</Filter>
    </ClCompile>
    <ClCompile Include="..\thirdparty\jpeg\jdcolor.c">
      <Filter>libjpeg</Filter>
    </ClCompile>
    <ClCompile Include="..\thirdparty\jpeg\jddctmgr.c">
      <Filter>libjpeg</Filter>
    </ClCompile>
    <ClCompile Include="..\thirdparty\jpeg\jdhuff.c">
      <Filter>libjpeg</Filter>
    </ClCompile>
    <ClCompile Include="..\thirdparty\jpeg\jdinput.c">
      <Filter>libjpeg</Filter>
    </ClCompile>
    <ClCompile Include="..\thirdparty\jpeg\jdmainct.c">
      <Filter>libjpeg</Filter>
    </ClCompile>
    <ClCompile Include="..\thirdparty\jpeg\jdmarker.c">
      <Filter>libjpeg</Filter>
    </ClCompile>
    <ClCompile Include="..\thirdparty\jpeg\jdmaster.c">
      <Filter>libjpeg</Filter>
    </ClCompile>
    <ClCompile Include="..\thirdparty\jpeg\jdmerge.c">
      <Filter>libjpeg</Filter>
    </ClCompile>
    <ClCompile Include="..\thirdparty\jpeg\jdpostct.c">
      <Filter>libjpeg</Filter>
    </ClCompile>
    <ClCompile Include="..\thirdparty\jpeg\jdsample.c">
      <Filter>libjpeg</Filter>
    </ClCompile>
    <ClCompile Include="..\thirdparty\jpeg\jdtrans.c">
      <Filter>libjpeg</Filter>
    </ClCompile>
    <ClCompile Include="..\thirdparty\jpeg\jerror.c">
      <Filter>libjpeg</Filter>
    </ClCompile>
    <ClCompile Include="..\thirdparty\jpeg\jfdctflt.c">
      <Filter>libjpeg</Filter>
    </ClCompile>
    <ClCompile Include="..\thirdparty\jpeg\jfdctfst.c">
      <Filter>libjpeg</Filter>
    </ClCompile>
    <ClCompile Include="..\thirdparty\jpeg\jfdctint.c">
      <Filter>libjpeg</Filter>
    </ClCompile>
    <ClCompile Include="..\thirdparty\jpeg\jidctflt.c">
      <Filter>libjpeg</Filter>
    </ClCompile>
    <ClCompile Include="..\thirdparty\jpeg\jidctfst.c">
      <Filter>libjpeg</Filter>
    </ClCompile>
    <ClCompile Include="..\thirdparty\jpeg\jidctint.c">
      <Filter>libjpeg</Filter>
    </ClCompile>
    <ClCompile Include="..\thirdparty\jpeg\jmemmgr.c">
      <Filter>libjpeg</Filter>
    </ClCompile>
    <ClCompile Include="..\thirdparty\jpeg\jmemnobs.c">
      <Filter>libjpeg</Filter>
    </ClCompile>
    <ClCompile Include="..\thirdparty\jpeg\jquant1.c">
      <Filter>libjpeg</Filter>
    </ClCompile>
    <ClCompile Include="..\thirdparty\jpeg\jquant2.c">
      <Filter>libjpeg</Filter>
    </ClCompile>
    <ClCompile Include="..\thirdparty\jpeg\jutils.c">
      <Filter>libjpeg</Filter>
    </ClCompile>
    <ClCompile Include="..\thirdparty\jbig2dec\jbig2.c">
      <Filter>libjbig2dec</Filter>
    </ClCompile>
    <ClCompile Include="..\thirdparty\jbig2dec\jbig2_arith.c">
      <Filter>libjbig2dec</Filter>
    </ClCompile>
    <ClCompile Include="..\thirdparty\jbig2dec\jbig2_arith_iaid.c">
      <Filter>libjbig2dec</Filter>
    </ClCompile>
    <ClCompile Include="..\thirdparty\jbig2dec\jbig2_arith_int.c">
      <Filter>libjbig2dec</Filter>
    </ClCompile>
    <ClCompile Include="..\thirdparty\jbig2dec\jbig2_generic.c">
      <Filter>libjbig2dec</Filter>
    </ClCompile>
    <ClCompile Include="..\thirdparty\jbig2dec\jbig2_halftone.c">
      <Filter>libjbig2dec</Filter>
    </ClCompile>
    <ClCompile Include="..\thirdparty\jbig2dec\jbig2_huffman.c">
      <Filter>libjbig2dec</Filter>
    </ClCompile>
    <ClCompile Include="..\thirdparty\jbig2dec\jbig2_image.c">
      <Filter>libjbig2dec</Filter>
    </ClCompile>
    <ClCompile Include="..\thirdparty\jbig2dec\jbig2_metadata.c">
      <Filter>libjbig2dec</Filter>
    </ClCompile>
    <ClCompile Include="..\thirdparty\jbig2dec\jbig2_mmr.c">
      <Filter>libjbig2dec</Filter>
    </ClCompile>
    <ClCompile Include="..\thirdparty\jbig2dec\jbig2_page.c">
      <Filter>libjbig2dec</Filter>
    </ClCompile>
    <ClCompile Include="..\thirdparty\jbig2dec\jbig2_refinement.c">
      <Filter>libjbig2dec</Filter>
    </ClCompile>
    <ClCompile Include="..\thirdparty\jbig2dec\jbig2_segment.c">
      <Filter>libjbig2dec</Filter>
    </ClCompile>
    <ClCompile Include="..\thirdparty\jbig2dec\jbig2_symbol_dict.c">
      <Filter>libjbig2dec</Filter>
    </ClCompile>
    <ClCompile Include="..\thirdparty\jbig2dec\jbig2_text.c">
      <Filter>libjbig2dec</Filter>
    </ClCompile>
    <ClCompile Include="..\thirdparty\zlib\adler32.c">
      <Filter>libz</Filter>
    </ClCompile>
    <ClCompile Include="..\thirdparty\zlib\compress.c">
      <Filter>libz</Filter>
    </ClCompile>
    <ClCompile Include="..\thirdparty\zlib\crc32.c">
      <Filter>libz</Filter>
    </ClCompile>
    <ClCompile Include="..\thirdparty\zlib\deflate.c">
      <Filter>libz</Filter>
    </ClCompile>
    <ClCompile Include="..\thirdparty\zlib\inffast.c">
      <Filter>libz</Filter>
    </ClCompile>
    <ClCompile Include="..\thirdparty\zlib\inflate.c">
      <Filter>libz</Filter>
    </ClCompile>
    <ClCompile Include="..\thirdparty\zlib\inftrees.c">
      <Filter>libz</Filter>
    </ClCompile>
    <ClCompile Include="..\thirdparty\zlib\trees.c">
      <Filter>libz</Filter>
    </ClCompile>
    <ClCompile Include="..\thirdparty\zlib\uncompr.c">
      <Filter>libz</Filter>
    </ClCompile>
    <ClCompile Include="..\thirdparty\zlib\zutil.c">
      <Filter>libz</Filter>
    </ClCompile>
    <ClCompile Include="..\thirdparty\openjpeg\libopenjpeg\bio.c">
      <Filter>libopenjpeg</Filter>
    </ClCompile>
    <ClCompile Include="..\thirdparty\openjpeg\libopenjpeg\cidx_manager.c">
      <Filter>libopenjpeg</Filter>
    </ClCompile>
    <ClCompile Include="..\thirdparty\openjpeg\libopenjpeg\cio.c">
      <Filter>libopenjpeg</Filter>
    </ClCompile>
    <ClCompile Include="..\thirdparty\openjpeg\libopenjpeg\dwt.c">
      <Filter>libopenjpeg</Filter>
    </ClCompile>
    <ClCompile Include="..\thirdparty\openjpeg\libopenjpeg\event.c">
      <Filter>libopenjpeg</Filter>
    </ClCompile>
    <ClCompile Include="..\thirdparty\openjpeg\libopenjpeg\image.c">
      <Filter>libopenjpeg</Filter>
    </ClCompile>
    <ClCompile Include="..\thirdparty\openjpeg\libopenjpeg\j2k.c">
      <Filter>libopenjpeg</Filter>
    </ClCompile>
    <ClCompile Include="..\thirdparty\openjpeg\libopenjpeg\j2k_lib.c">
      <Filter>libopenjpeg</Filter>
    </ClCompile>
    <ClCompile Include="..\thirdparty\openjpeg\libopenjpeg\jp2.c">
      <Filter>libopenjpeg</Filter>
    </ClCompile>
    <ClCompile Include="..\thirdparty\openjpeg\libopenjpeg\jpt.c">
      <Filter>libopenjpeg</Filter>
    </ClCompile>
    <ClCompile Include="..\thirdparty\openjpeg\libopenjpeg\mct.c">
      <Filter>libopenjpeg</Filter>
    </ClCompile>
    <ClCompile Include="..\thirdparty\openjpeg\libopenjpeg\mqc.c">
      <Filter>libopenjpeg</Filter>
    </ClCompile>
    <ClCompile Include="..\thirdparty\openjpeg\libopenjpeg\openjpeg.c">
      <Filter>libopenjpeg</Filter>
    </ClCompile>
    <ClCompile Include="..\thirdparty\openjpeg\libopenjpeg\phix_manager.c">
      <Filter>libopenjpeg</Filter>
    </ClCompile>
    <ClCompile Include="..\thirdparty\openjpeg\libopenjpeg\pi.c">
      <Filter>libopenjpeg</Filter>
    </ClCompile>
    <ClCompile Include="..\thirdparty\openjpeg\libopenjpeg\ppix_manager.c">
      <Filter>libopenjpeg</Filter>
    </ClCompile>
    <ClCompile Include="..\thirdparty\openjpeg\libopenjpeg\raw.c">
      <Filter>libopenjpeg</Filter>
    </ClCompile>
    <ClCompile Include="..\thirdparty\openjpeg\libopenjpeg\t1.c">
      <Filter>libopenjpeg</Filter>
    </ClCompile>
    <ClCompile Include="..\thirdparty\openjpeg\libopenjpeg\t2.c">
      <Filter>libopenjpeg</Filter>
    </ClCompile>
    <ClCompile Include="..\thirdparty\openjpeg\libopenjpeg\tcd.c">
      <Filter>libopenjpeg</Filter>
    </ClCompile>
    <ClCompile Include="..\thirdparty\openjpeg\libopenjpeg\tgt.c">
      <Filter>libopenjpeg</Filter>
    </ClCompile>
    <ClCompile Include="..\thirdparty\openjpeg\libopenjpeg\thix_manager.c">
      <Filter>libopenjpeg</Filter>
    </ClCompile>
    <ClCompile Include="..\thirdparty\openjpeg\libopenjpeg\tpix_manager.c">
      <Filter>libopenjpeg</Filter>
    </ClCompile>
    <ClCompile Include="..\thirdparty\freetype\src\cff\cff.c">
      <Filter>libfreetype</Filter>
    </ClCompile>
    <ClCompile Include="..\thirdparty\freetype\src\psaux\psaux.c">
      <Filter>libfreetype</Filter>
    </ClCompile>
    <ClCompile Include="..\thirdparty\freetype\src\pshinter\pshinter.c">
      <Filter>libfreetype</Filter>
    </ClCompile>
    <ClCompile Include="..\thirdparty\freetype\src\psnames\psnames.c">
      <Filter>libfreetype</Filter>
    </ClCompile>
    <ClCompile Include="..\thirdparty\freetype\src\raster\raster.c">
      <Filter>libfreetype</Filter>
    </ClCompile>
    <ClCompile Include="..\thirdparty\freetype\src\sfnt\sfnt.c">
      <Filter>libfreetype</Filter>
    </ClCompile>
    <ClCompile Include="..\thirdparty\freetype\src\smooth\smooth.c">
      <Filter>libfreetype</Filter>
    </ClCompile>
    <ClCompile Include="..\thirdparty\freetype\src\truetype\truetype.c">
      <Filter>libfreetype</Filter>
    </ClCompile>
    <ClCompile Include="..\thirdparty\freetype\src\type1\type1.c">
      <Filter>libfreetype</Filter>
    </ClCompile>
    <ClCompile Include="..\thirdparty\freetype\src\cid\type1cid.c">
      <Filter>libfreetype</Filter>
    </ClCompile>
    <ClCompile Include="..\thirdparty\freetype\src\base\ftbase.c">
      <Filter>libfreetype\base</Filter>
    </ClCompile>
    <ClCompile Include="..\thirdparty\freetype\src\base\ftbbox.c">
      <Filter>libfreetype\base</Filter>
    </ClCompile>
    <ClCompile Include="..\thirdparty\freetype\src\base\ftbitmap.c">
      <Filter>libfreetype\base</Filter>
    </ClCompile>
    <ClCompile Include="..\thirdparty\freetype\src\base\ftgasp.c">
      <Filter>libfreetype\base</Filter>
    </ClCompile>
    <ClCompile Include="..\thirdparty\freetype\src\base\ftglyph.c">
      <Filter>libfreetype\base</Filter>
    </ClCompile>
    <ClCompile Include="..\thirdparty\freetype\src\base\ftinit.c">
      <Filter>libfreetype\base</Filter>
    </ClCompile>
    <ClCompile Include="..\thirdparty\freetype\src\base\ftstroke.c">
      <Filter>libfreetype\base</Filter>
    </ClCompile>
    <ClCompile Include="..\thirdparty\freetype\src\base\ftsynth.c">
      <Filter>libfreetype\base</Filter>
    </ClCompile>
    <ClCompile Include="..\thirdparty\freetype\src\base\ftsystem.c">
      <Filter>libfreetype\base</Filter>
    </ClCompile>
    <ClCompile Include="..\thirdparty\freetype\src\base\fttype1.c">
      <Filter>libfreetype\base</Filter>
    </ClCompile>
    <ClCompile Include="..\thirdparty\freetype\src\base\ftxf86.c">
      <Filter>libfreetype\base</Filter>
    </ClCompile>
  </ItemGroup>
</Project>