
Microsoft Visual Studio Solution File, Format Version 12.00
# Visual Studio 2012
Project("{8BC9CEB8-8B4A-11D0-8D11-00A0C91BC942}") = "generated", "generated.vcxproj", "{A5053AA7-02E5-4903-B596-04F17AEB1526}"
EndProject
Project("{8BC9CEB8-8B4A-11D0-8D11-00A0C91BC942}") = "winapp", "winapp\winapp.vcxproj", "{35C27DF7-0CF2-413E-9C7A-6436AFEE5D4E}"
	ProjectSection(ProjectDependencies) = postProject
		{5AFFE821-C5C8-45FB-B834-10FED76E49A7} = {5AFFE821-C5C8-45FB-B834-10FED76E49A7}
		{C0D1C355-1BEE-40E1-9EF4-FD9FFFDBF396} = {C0D1C355-1BEE-40E1-9EF4-FD9FFFDBF396}
		{A5053AA7-02E5-4903-B596-04F17AEB1526} = {A5053AA7-02E5-4903-B596-04F17AEB1526}
		{0715F3CF-5D1B-4617-A331-6527371365B7} = {0715F3CF-5D1B-4617-A331-6527371365B7}
	EndProjectSection
EndProject
Project("{8BC9CEB8-8B4A-11D0-8D11-00A0C91BC942}") = "libmupdf_winRT", "libmupdf_winRT.vcxproj", "{0715F3CF-5D1B-4617-A331-6527371365B7}"
	ProjectSection(ProjectDependencies) = postProject
		{C0D1C355-1BEE-40E1-9EF4-FD9FFFDBF396} = {C0D1C355-1BEE-40E1-9EF4-FD9FFFDBF396}
		{A5053AA7-02E5-4903-B596-04F17AEB1526} = {A5053AA7-02E5-4903-B596-04F17AEB1526}
	EndProjectSection
EndProject
Project("{8BC9CEB8-8B4A-11D0-8D11-00A0C91BC942}") = "libmupdf-nov8_winRT", "libmupdf-nov8_winRT.vcxproj", "{5AFFE821-C5C8-45FB-B834-10FED76E49A7}"
	ProjectSection(ProjectDependencies) = postProject
		{0715F3CF-5D1B-4617-A331-6527371365B7} = {0715F3CF-5D1B-4617-A331-6527371365B7}
	EndProjectSection
EndProject
Project("{8BC9CEB8-8B4A-11D0-8D11-00A0C91BC942}") = "libthirdparty_winRT", "libthirdparty_winRT.vcxproj", "{C0D1C355-1BEE-40E1-9EF4-FD9FFFDBF396}"
EndProject
Global
	GlobalSection(SolutionConfigurationPlatforms) = preSolution
		Debug|ARM = Debug|ARM
		Debug|Win32 = Debug|Win32
		Debug|x64 = Debug|x64
		Memento|ARM = Memento|ARM
		Memento|Win32 = Memento|Win32
		Memento|x64 = Memento|x64
		Release|ARM = Release|ARM
		Release|Win32 = Release|Win32
		Release|x64 = Release|x64
	EndGlobalSection
	GlobalSection(ProjectConfigurationPlatforms) = postSolution
		{A5053AA7-02E5-4903-B596-04F17AEB1526}.Debug|ARM.ActiveCfg = Debug|Win32
		{A5053AA7-02E5-4903-B596-04F17AEB1526}.Debug|ARM.Build.0 = Debug|Win32
		{A5053AA7-02E5-4903-B596-04F17AEB1526}.Debug|Win32.ActiveCfg = Debug|Win32
		{A5053AA7-02E5-4903-B596-04F17AEB1526}.Debug|Win32.Build.0 = Debug|Win32
		{A5053AA7-02E5-4903-B596-04F17AEB1526}.Debug|x64.ActiveCfg = Debug|Win32
		{A5053AA7-02E5-4903-B596-04F17AEB1526}.Memento|ARM.ActiveCfg = Memento|Win32
		{A5053AA7-02E5-4903-B596-04F17AEB1526}.Memento|Win32.ActiveCfg = Memento|Win32
		{A5053AA7-02E5-4903-B596-04F17AEB1526}.Memento|x64.ActiveCfg = Memento|Win32
		{A5053AA7-02E5-4903-B596-04F17AEB1526}.Release|ARM.ActiveCfg = Release|Win32
		{A5053AA7-02E5-4903-B596-04F17AEB1526}.Release|ARM.Build.0 = Release|Win32
		{A5053AA7-02E5-4903-B596-04F17AEB1526}.Release|Win32.ActiveCfg = Release|Win32
		{A5053AA7-02E5-4903-B596-04F17AEB1526}.Release|Win32.Build.0 = Release|Win32
		{A5053AA7-02E5-4903-B596-04F17AEB1526}.Release|x64.ActiveCfg = Release|Win32
		{35C27DF7-0CF2-413E-9C7A-6436AFEE5D4E}.Debug|ARM.ActiveCfg = Debug|ARM
		{35C27DF7-0CF2-413E-9C7A-6436AFEE5D4E}.Debug|ARM.Build.0 = Debug|ARM
		{35C27DF7-0CF2-413E-9C7A-6436AFEE5D4E}.Debug|ARM.Deploy.0 = Debug|ARM
		{35C27DF7-0CF2-413E-9C7A-6436AFEE5D4E}.Debug|Win32.ActiveCfg = Debug|Win32
		{35C27DF7-0CF2-413E-9C7A-6436AFEE5D4E}.Debug|Win32.Build.0 = Debug|Win32
		{35C27DF7-0CF2-413E-9C7A-6436AFEE5D4E}.Debug|Win32.Deploy.0 = Debug|Win32
		{35C27DF7-0CF2-413E-9C7A-6436AFEE5D4E}.Debug|x64.ActiveCfg = Debug|x64
		{35C27DF7-0CF2-413E-9C7A-6436AFEE5D4E}.Debug|x64.Build.0 = Debug|x64
		{35C27DF7-0CF2-413E-9C7A-6436AFEE5D4E}.Debug|x64.Deploy.0 = Debug|x64
		{35C27DF7-0CF2-413E-9C7A-6436AFEE5D4E}.Memento|ARM.ActiveCfg = Memento|ARM
		{35C27DF7-0CF2-413E-9C7A-6436AFEE5D4E}.Memento|ARM.Build.0 = Memento|ARM
		{35C27DF7-0CF2-413E-9C7A-6436AFEE5D4E}.Memento|ARM.Deploy.0 = Memento|ARM
		{35C27DF7-0CF2-413E-9C7A-6436AFEE5D4E}.Memento|Win32.ActiveCfg = Memento|Win32
		{35C27DF7-0CF2-413E-9C7A-6436AFEE5D4E}.Memento|Win32.Build.0 = Memento|Win32
		{35C27DF7-0CF2-413E-9C7A-6436AFEE5D4E}.Memento|Win32.Deploy.0 = Memento|Win32
		{35C27DF7-0CF2-413E-9C7A-6436AFEE5D4E}.Memento|x64.ActiveCfg = Memento|x64
		{35C27DF7-0CF2-413E-9C7A-6436AFEE5D4E}.Memento|x64.Build.0 = Memento|x64
		{35C27DF7-0CF2-413E-9C7A-6436AFEE5D4E}.Memento|x64.Deploy.0 = Memento|x64
		{35C27DF7-0CF2-413E-9C7A-6436AFEE5D4E}.Release|ARM.ActiveCfg = Release|ARM
		{35C27DF7-0CF2-413E-9C7A-6436AFEE5D4E}.Release|ARM.Build.0 = Release|ARM
		{35C27DF7-0CF2-413E-9C7A-6436AFEE5D4E}.Release|ARM.Deploy.0 = Release|ARM
		{35C27DF7-0CF2-413E-9C7A-6436AFEE5D4E}.Release|Win32.ActiveCfg = Release|Win32
		{35C27DF7-0CF2-413E-9C7A-6436AFEE5D4E}.Release|Win32.Build.0 = Release|Win32
		{35C27DF7-0CF2-413E-9C7A-6436AFEE5D4E}.Release|Win32.Deploy.0 = Release|Win32
		{35C27DF7-0CF2-413E-9C7A-6436AFEE5D4E}.Release|x64.ActiveCfg = Release|x64
		{35C27DF7-0CF2-413E-9C7A-6436AFEE5D4E}.Release|x64.Build.0 = Release|x64
		{35C27DF7-0CF2-413E-9C7A-6436AFEE5D4E}.Release|x64.Deploy.0 = Release|x64
		{0715F3CF-5D1B-4617-A331-6527371365B7}.Debug|ARM.ActiveCfg = Debug|ARM
		{0715F3CF-5D1B-4617-A331-6527371365B7}.Debug|ARM.Build.0 = Debug|ARM
		{0715F3CF-5D1B-4617-A331-6527371365B7}.Debug|Win32.ActiveCfg = Debug|Win32
		{0715F3CF-5D1B-4617-A331-6527371365B7}.Debug|Win32.Build.0 = Debug|Win32
		{0715F3CF-5D1B-4617-A331-6527371365B7}.Debug|x64.ActiveCfg = Debug|x64
		{0715F3CF-5D1B-4617-A331-6527371365B7}.Debug|x64.Build.0 = Debug|x64
		{0715F3CF-5D1B-4617-A331-6527371365B7}.Memento|ARM.ActiveCfg = Memento|ARM
		{0715F3CF-5D1B-4617-A331-6527371365B7}.Memento|ARM.Build.0 = Memento|ARM
		{0715F3CF-5D1B-4617-A331-6527371365B7}.Memento|Win32.ActiveCfg = Memento|Win32
		{0715F3CF-5D1B-4617-A331-6527371365B7}.Memento|Win32.Build.0 = Memento|Win32
		{0715F3CF-5D1B-4617-A331-6527371365B7}.Memento|x64.ActiveCfg = Memento|x64
		{0715F3CF-5D1B-4617-A331-6527371365B7}.Memento|x64.Build.0 = Memento|x64
		{0715F3CF-5D1B-4617-A331-6527371365B7}.Release|ARM.ActiveCfg = Release|ARM
		{0715F3CF-5D1B-4617-A331-6527371365B7}.Release|ARM.Build.0 = Release|ARM
		{0715F3CF-5D1B-4617-A331-6527371365B7}.Release|Win32.ActiveCfg = Release|Win32
		{0715F3CF-5D1B-4617-A331-6527371365B7}.Release|Win32.Build.0 = Release|Win32
		{0715F3CF-5D1B-4617-A331-6527371365B7}.Release|x64.ActiveCfg = Release|x64
		{0715F3CF-5D1B-4617-A331-6527371365B7}.Release|x64.Build.0 = Release|x64
		{5AFFE821-C5C8-45FB-B834-10FED76E49A7}.Debug|ARM.ActiveCfg = Debug|ARM
		{5AFFE821-C5C8-45FB-B834-10FED76E49A7}.Debug|ARM.Build.0 = Debug|ARM
		{5AFFE821-C5C8-45FB-B834-10FED76E49A7}.Debug|Win32.ActiveCfg = Debug|Win32
		{5AFFE821-C5C8-45FB-B834-10FED76E49A7}.Debug|Win32.Build.0 = Debug|Win32
		{5AFFE821-C5C8-45FB-B834-10FED76E49A7}.Debug|x64.ActiveCfg = Debug|x64
		{5AFFE821-C5C8-45FB-B834-10FED76E49A7}.Debug|x64.Build.0 = Debug|x64
		{5AFFE821-C5C8-45FB-B834-10FED76E49A7}.Memento|ARM.ActiveCfg = Memento|ARM
		{5AFFE821-C5C8-45FB-B834-10FED76E49A7}.Memento|ARM.Build.0 = Memento|ARM
		{5AFFE821-C5C8-45FB-B834-10FED76E49A7}.Memento|Win32.ActiveCfg = Memento|Win32
		{5AFFE821-C5C8-45FB-B834-10FED76E49A7}.Memento|Win32.Build.0 = Memento|Win32
		{5AFFE821-C5C8-45FB-B834-10FED76E49A7}.Memento|x64.ActiveCfg = Memento|x64
		{5AFFE821-C5C8-45FB-B834-10FED76E49A7}.Memento|x64.Build.0 = Memento|x64
		{5AFFE821-C5C8-45FB-B834-10FED76E49A7}.Release|ARM.ActiveCfg = Release|ARM
		{5AFFE821-C5C8-45FB-B834-10FED76E49A7}.Release|ARM.Build.0 = Release|ARM
		{5AFFE821-C5C8-45FB-B834-10FED76E49A7}.Release|Win32.ActiveCfg = Release|Win32
		{5AFFE821-C5C8-45FB-B834-10FED76E49A7}.Release|Win32.Build.0 = Release|Win32
		{5AFFE821-C5C8-45FB-B834-10FED76E49A7}.Release|x64.ActiveCfg = Release|x64
		{5AFFE821-C5C8-45FB-B834-10FED76E49A7}.Release|x64.Build.0 = Release|x64
		{C0D1C355-1BEE-40E1-9EF4-FD9FFFDBF396}.Debug|ARM.ActiveCfg = Debug|ARM
		{C0D1C355-1BEE-40E1-9EF4-FD9FFFDBF396}.Debug|ARM.Build.0 = Debug|ARM
		{C0D1C355-1BEE-40E1-9EF4-FD9FFFDBF396}.Debug|Win32.ActiveCfg = Debug|Win32
		{C0D1C355-1BEE-40E1-9EF4-FD9FFFDBF396}.Debug|Win32.Build.0 = Debug|Win32
		{C0D1C355-1BEE-40E1-9EF4-FD9FFFDBF396}.Debug|x64.ActiveCfg = Debug|x64
		{C0D1C355-1BEE-40E1-9EF4-FD9FFFDBF396}.Debug|x64.Build.0 = Debug|x64
		{C0D1C355-1BEE-40E1-9EF4-FD9FFFDBF396}.Memento|ARM.ActiveCfg = Memento|ARM
		{C0D1C355-1BEE-40E1-9EF4-FD9FFFDBF396}.Memento|ARM.Build.0 = Memento|ARM
		{C0D1C355-1BEE-40E1-9EF4-FD9FFFDBF396}.Memento|Win32.ActiveCfg = Memento|Win32
		{C0D1C355-1BEE-40E1-9EF4-FD9FFFDBF396}.Memento|Win32.Build.0 = Memento|Win32
		{C0D1C355-1BEE-40E1-9EF4-FD9FFFDBF396}.Memento|x64.ActiveCfg = Memento|x64
		{C0D1C355-1BEE-40E1-9EF4-FD9FFFDBF396}.Memento|x64.Build.0 = Memento|x64
		{C0D1C355-1BEE-40E1-9EF4-FD9FFFDBF396}.Release|ARM.ActiveCfg = Release|ARM
		{C0D1C355-1BEE-40E1-9EF4-FD9FFFDBF396}.Release|ARM.Build.0 = Release|ARM
		{C0D1C355-1BEE-40E1-9EF4-FD9FFFDBF396}.Release|Win32.ActiveCfg = Release|Win32
		{C0D1C355-1BEE-40E1-9EF4-FD9FFFDBF396}.Release|Win32.Build.0 = Release|Win32
		{C0D1C355-1BEE-40E1-9EF4-FD9FFFDBF396}.Release|x64.ActiveCfg = Release|x64
		{C0D1C355-1BEE-40E1-9EF4-FD9FFFDBF396}.Release|x64.Build.0 = Release|x64
	EndGlobalSection
	GlobalSection(SolutionProperties) = preSolution
		HideSolutionNode = FALSE
	EndGlobalSection
EndGlobal
