
Microsoft Visual Studio Solution File, Format Version 12.00
# Visual Studio 2012
Project("{8BC9CEB8-8B4A-11D0-8D11-00A0C91BC942}") = "generated", "generated.vcxproj", "{A5053AA7-02E5-4903-B596-04F17AEB1526}"
EndProject
Project("{8BC9CEB8-8B4A-11D0-8D11-00A0C91BC942}") = "libmupdf_winRT", "libmupdf_winRT.vcxproj", "{0715F3CF-5D1B-4617-A331-6527371365B7}"
	ProjectSection(ProjectDependencies) = postProject
		{C0D1C355-1BEE-40E1-9EF4-FD9FFFDBF396} = {C0D1C355-1BEE-40E1-9EF4-FD9FFFDBF396}
		{A5053AA7-02E5-4903-B596-04F17AEB1526} = {A5053AA7-02E5-4903-B596-04F17AEB1526}
	EndProjectSection
EndProject
Project("{8BC9CEB8-8B4A-11D0-8D11-00A0C91BC942}") = "libmupdf-nov8_winRT", "libmupdf-nov8_winRT.vcxproj", "{5AFFE821-C5C8-45FB-B834-10FED76E49A7}"
	ProjectSection(ProjectDependencies) = postProject
		{0715F3CF-5D1B-4617-A331-6527371365B7} = {0715F3CF-5D1B-4617-A331-6527371365B7}
	EndProjectSection
EndProject
Project("{8BC9CEB8-8B4A-11D0-8D11-00A0C91BC942}") = "libthirdparty_winRT", "libthirdparty_winRT.vcxproj", "{C0D1C355-1BEE-40E1-9EF4-FD9FFFDBF396}"
EndProject
Project("{8BC9CEB8-8B4A-11D0-8D11-00A0C91BC942}") = "mupdfwinrt", "mupdfwinrt\mupdfwinrt.vcxproj", "{9E6AB41D-09A7-45A6-A53B-1E4BF3AC5B33}"
	ProjectSection(ProjectDependencies) = postProject
		{5AFFE821-C5C8-45FB-B834-10FED76E49A7} = {5AFFE821-C5C8-45FB-B834-10FED76E49A7}
		{C0D1C355-1BEE-40E1-9EF4-FD9FFFDBF396} = {C0D1C355-1BEE-40E1-9EF4-FD9FFFDBF396}
		{A5053AA7-02E5-4903-B596-04F17AEB1526} = {A5053AA7-02E5-4903-B596-04F17AEB1526}
		{0715F3CF-5D1B-4617-A331-6527371365B7} = {0715F3CF-5D1B-4617-A331-6527371365B7}
	EndProjectSection
EndProject
Project("{8BC9CEB8-8B4A-11D0-8D11-00A0C91BC942}") = "mupdf_cpp", "mupdf_cpp\mupdf_cpp.vcxproj", "{0204A4E7-F1B8-4268-A67C-A2C674B4742D}"
	ProjectSection(ProjectDependencies) = postProject
		{9E6AB41D-09A7-45A6-A53B-1E4BF3AC5B33} = {9E6AB41D-09A7-45A6-A53B-1E4BF3AC5B33}
	EndProjectSection
EndProject
Global
	GlobalSection(SolutionConfigurationPlatforms) = preSolution
		Debug|Any CPU = Debug|Any CPU
		Debug|ARM = Debug|ARM
		Debug|Mixed Platforms = Debug|Mixed Platforms
		Debug|Win32 = Debug|Win32
		Debug|x64 = Debug|x64
		Debug|x86 = Debug|x86
		Memento|Any CPU = Memento|Any CPU
		Memento|ARM = Memento|ARM
		Memento|Mixed Platforms = Memento|Mixed Platforms
		Memento|Win32 = Memento|Win32
		Memento|x64 = Memento|x64
		Memento|x86 = Memento|x86
		Release|Any CPU = Release|Any CPU
		Release|ARM = Release|ARM
		Release|Mixed Platforms = Release|Mixed Platforms
		Release|Win32 = Release|Win32
		Release|x64 = Release|x64
		Release|x86 = Release|x86
	EndGlobalSection
	GlobalSection(ProjectConfigurationPlatforms) = postSolution
		{A5053AA7-02E5-4903-B596-04F17AEB1526}.Debug|Any CPU.ActiveCfg = Debug|Win32
		{A5053AA7-02E5-4903-B596-04F17AEB1526}.Debug|ARM.ActiveCfg = Debug|Win32
		{A5053AA7-02E5-4903-B596-04F17AEB1526}.Debug|ARM.Build.0 = Debug|Win32
		{A5053AA7-02E5-4903-B596-04F17AEB1526}.Debug|Mixed Platforms.ActiveCfg = Debug|Win32
		{A5053AA7-02E5-4903-B596-04F17AEB1526}.Debug|Mixed Platforms.Build.0 = Debug|Win32
		{A5053AA7-02E5-4903-B596-04F17AEB1526}.Debug|Win32.ActiveCfg = Debug|Win32
		{A5053AA7-02E5-4903-B596-04F17AEB1526}.Debug|Win32.Build.0 = Debug|Win32
		{A5053AA7-02E5-4903-B596-04F17AEB1526}.Debug|x64.ActiveCfg = Debug|Win32
		{A5053AA7-02E5-4903-B596-04F17AEB1526}.Debug|x86.ActiveCfg = Debug|Win32
		{A5053AA7-02E5-4903-B596-04F17AEB1526}.Debug|x86.Build.0 = Debug|Win32
		{A5053AA7-02E5-4903-B596-04F17AEB1526}.Memento|Any CPU.ActiveCfg = Memento|Win32
		{A5053AA7-02E5-4903-B596-04F17AEB1526}.Memento|ARM.ActiveCfg = Memento|Win32
		{A5053AA7-02E5-4903-B596-04F17AEB1526}.Memento|Mixed Platforms.ActiveCfg = Memento|Win32
		{A5053AA7-02E5-4903-B596-04F17AEB1526}.Memento|Mixed Platforms.Build.0 = Memento|Win32
		{A5053AA7-02E5-4903-B596-04F17AEB1526}.Memento|Win32.ActiveCfg = Memento|Win32
		{A5053AA7-02E5-4903-B596-04F17AEB1526}.Memento|x64.ActiveCfg = Memento|Win32
		{A5053AA7-02E5-4903-B596-04F17AEB1526}.Memento|x86.ActiveCfg = Memento|Win32
		{A5053AA7-02E5-4903-B596-04F17AEB1526}.Memento|x86.Build.0 = Memento|Win32
		{A5053AA7-02E5-4903-B596-04F17AEB1526}.Release|Any CPU.ActiveCfg = Release|Win32
		{A5053AA7-02E5-4903-B596-04F17AEB1526}.Release|ARM.ActiveCfg = Release|Win32
		{A5053AA7-02E5-4903-B596-04F17AEB1526}.Release|ARM.Build.0 = Release|Win32
		{A5053AA7-02E5-4903-B596-04F17AEB1526}.Release|Mixed Platforms.ActiveCfg = Release|Win32
		{A5053AA7-02E5-4903-B596-04F17AEB1526}.Release|Mixed Platforms.Build.0 = Release|Win32
		{A5053AA7-02E5-4903-B596-04F17AEB1526}.Release|Win32.ActiveCfg = Release|Win32
		{A5053AA7-02E5-4903-B596-04F17AEB1526}.Release|Win32.Build.0 = Release|Win32
		{A5053AA7-02E5-4903-B596-04F17AEB1526}.Release|x64.ActiveCfg = Release|Win32
		{A5053AA7-02E5-4903-B596-04F17AEB1526}.Release|x86.ActiveCfg = Release|Win32
		{A5053AA7-02E5-4903-B596-04F17AEB1526}.Release|x86.Build.0 = Release|Win32
		{0715F3CF-5D1B-4617-A331-6527371365B7}.Debug|Any CPU.ActiveCfg = Debug|Win32
		{0715F3CF-5D1B-4617-A331-6527371365B7}.Debug|ARM.ActiveCfg = Debug|ARM
		{0715F3CF-5D1B-4617-A331-6527371365B7}.Debug|ARM.Build.0 = Debug|ARM
		{0715F3CF-5D1B-4617-A331-6527371365B7}.Debug|Mixed Platforms.ActiveCfg = Debug|Win32
		{0715F3CF-5D1B-4617-A331-6527371365B7}.Debug|Mixed Platforms.Build.0 = Debug|Win32
		{0715F3CF-5D1B-4617-A331-6527371365B7}.Debug|Win32.ActiveCfg = Debug|Win32
		{0715F3CF-5D1B-4617-A331-6527371365B7}.Debug|Win32.Build.0 = Debug|Win32
		{0715F3CF-5D1B-4617-A331-6527371365B7}.Debug|x64.ActiveCfg = Debug|x64
		{0715F3CF-5D1B-4617-A331-6527371365B7}.Debug|x64.Build.0 = Debug|x64
		{0715F3CF-5D1B-4617-A331-6527371365B7}.Debug|x86.ActiveCfg = Debug|Win32
		{0715F3CF-5D1B-4617-A331-6527371365B7}.Debug|x86.Build.0 = Debug|Win32
		{0715F3CF-5D1B-4617-A331-6527371365B7}.Memento|Any CPU.ActiveCfg = Memento|Win32
		{0715F3CF-5D1B-4617-A331-6527371365B7}.Memento|ARM.ActiveCfg = Memento|ARM
		{0715F3CF-5D1B-4617-A331-6527371365B7}.Memento|ARM.Build.0 = Memento|ARM
		{0715F3CF-5D1B-4617-A331-6527371365B7}.Memento|Mixed Platforms.ActiveCfg = Memento|Win32
		{0715F3CF-5D1B-4617-A331-6527371365B7}.Memento|Mixed Platforms.Build.0 = Memento|Win32
		{0715F3CF-5D1B-4617-A331-6527371365B7}.Memento|Win32.ActiveCfg = Memento|Win32
		{0715F3CF-5D1B-4617-A331-6527371365B7}.Memento|Win32.Build.0 = Memento|Win32
		{0715F3CF-5D1B-4617-A331-6527371365B7}.Memento|x64.ActiveCfg = Memento|x64
		{0715F3CF-5D1B-4617-A331-6527371365B7}.Memento|x64.Build.0 = Memento|x64
		{0715F3CF-5D1B-4617-A331-6527371365B7}.Memento|x86.ActiveCfg = Memento|Win32
		{0715F3CF-5D1B-4617-A331-6527371365B7}.Memento|x86.Build.0 = Memento|Win32
		{0715F3CF-5D1B-4617-A331-6527371365B7}.Release|Any CPU.ActiveCfg = Release|Win32
		{0715F3CF-5D1B-4617-A331-6527371365B7}.Release|ARM.ActiveCfg = Release|ARM
		{0715F3CF-5D1B-4617-A331-6527371365B7}.Release|ARM.Build.0 = Release|ARM
		{0715F3CF-5D1B-4617-A331-6527371365B7}.Release|Mixed Platforms.ActiveCfg = Release|Win32
		{0715F3CF-5D1B-4617-A331-6527371365B7}.Release|Mixed Platforms.Build.0 = Release|Win32
		{0715F3CF-5D1B-4617-A331-6527371365B7}.Release|Win32.ActiveCfg = Release|Win32
		{0715F3CF-5D1B-4617-A331-6527371365B7}.Release|Win32.Build.0 = Release|Win32
		{0715F3CF-5D1B-4617-A331-6527371365B7}.Release|x64.ActiveCfg = Release|x64
		{0715F3CF-5D1B-4617-A331-6527371365B7}.Release|x64.Build.0 = Release|x64
		{0715F3CF-5D1B-4617-A331-6527371365B7}.Release|x86.ActiveCfg = Release|Win32
		{0715F3CF-5D1B-4617-A331-6527371365B7}.Release|x86.Build.0 = Release|Win32
		{5AFFE821-C5C8-45FB-B834-10FED76E49A7}.Debug|Any CPU.ActiveCfg = Debug|Win32
		{5AFFE821-C5C8-45FB-B834-10FED76E49A7}.Debug|ARM.ActiveCfg = Debug|ARM
		{5AFFE821-C5C8-45FB-B834-10FED76E49A7}.Debug|ARM.Build.0 = Debug|ARM
		{5AFFE821-C5C8-45FB-B834-10FED76E49A7}.Debug|Mixed Platforms.ActiveCfg = Debug|Win32
		{5AFFE821-C5C8-45FB-B834-10FED76E49A7}.Debug|Mixed Platforms.Build.0 = Debug|Win32
		{5AFFE821-C5C8-45FB-B834-10FED76E49A7}.Debug|Win32.ActiveCfg = Debug|Win32
		{5AFFE821-C5C8-45FB-B834-10FED76E49A7}.Debug|Win32.Build.0 = Debug|Win32
		{5AFFE821-C5C8-45FB-B834-10FED76E49A7}.Debug|x64.ActiveCfg = Debug|x64
		{5AFFE821-C5C8-45FB-B834-10FED76E49A7}.Debug|x64.Build.0 = Debug|x64
		{5AFFE821-C5C8-45FB-B834-10FED76E49A7}.Debug|x86.ActiveCfg = Debug|Win32
		{5AFFE821-C5C8-45FB-B834-10FED76E49A7}.Debug|x86.Build.0 = Debug|Win32
		{5AFFE821-C5C8-45FB-B834-10FED76E49A7}.Memento|Any CPU.ActiveCfg = Memento|Win32
		{5AFFE821-C5C8-45FB-B834-10FED76E49A7}.Memento|ARM.ActiveCfg = Memento|ARM
		{5AFFE821-C5C8-45FB-B834-10FED76E49A7}.Memento|ARM.Build.0 = Memento|ARM
		{5AFFE821-C5C8-45FB-B834-10FED76E49A7}.Memento|Mixed Platforms.ActiveCfg = Memento|Win32
		{5AFFE821-C5C8-45FB-B834-10FED76E49A7}.Memento|Mixed Platforms.Build.0 = Memento|Win32
		{5AFFE821-C5C8-45FB-B834-10FED76E49A7}.Memento|Win32.ActiveCfg = Memento|Win32
		{5AFFE821-C5C8-45FB-B834-10FED76E49A7}.Memento|Win32.Build.0 = Memento|Win32
		{5AFFE821-C5C8-45FB-B834-10FED76E49A7}.Memento|x64.ActiveCfg = Memento|x64
		{5AFFE821-C5C8-45FB-B834-10FED76E49A7}.Memento|x64.Build.0 = Memento|x64
		{5AFFE821-C5C8-45FB-B834-10FED76E49A7}.Memento|x86.ActiveCfg = Memento|Win32
		{5AFFE821-C5C8-45FB-B834-10FED76E49A7}.Memento|x86.Build.0 = Memento|Win32
		{5AFFE821-C5C8-45FB-B834-10FED76E49A7}.Release|Any CPU.ActiveCfg = Release|Win32
		{5AFFE821-C5C8-45FB-B834-10FED76E49A7}.Release|ARM.ActiveCfg = Release|ARM
		{5AFFE821-C5C8-45FB-B834-10FED76E49A7}.Release|ARM.Build.0 = Release|ARM
		{5AFFE821-C5C8-45FB-B834-10FED76E49A7}.Release|Mixed Platforms.ActiveCfg = Release|Win32
		{5AFFE821-C5C8-45FB-B834-10FED76E49A7}.Release|Mixed Platforms.Build.0 = Release|Win32
		{5AFFE821-C5C8-45FB-B834-10FED76E49A7}.Release|Win32.ActiveCfg = Release|Win32
		{5AFFE821-C5C8-45FB-B834-10FED76E49A7}.Release|Win32.Build.0 = Release|Win32
		{5AFFE821-C5C8-45FB-B834-10FED76E49A7}.Release|x64.ActiveCfg = Release|x64
		{5AFFE821-C5C8-45FB-B834-10FED76E49A7}.Release|x64.Build.0 = Release|x64
		{5AFFE821-C5C8-45FB-B834-10FED76E49A7}.Release|x86.ActiveCfg = Release|Win32
		{5AFFE821-C5C8-45FB-B834-10FED76E49A7}.Release|x86.Build.0 = Release|Win32
		{C0D1C355-1BEE-40E1-9EF4-FD9FFFDBF396}.Debug|Any CPU.ActiveCfg = Debug|Win32
		{C0D1C355-1BEE-40E1-9EF4-FD9FFFDBF396}.Debug|ARM.ActiveCfg = Debug|ARM
		{C0D1C355-1BEE-40E1-9EF4-FD9FFFDBF396}.Debug|ARM.Build.0 = Debug|ARM
		{C0D1C355-1BEE-40E1-9EF4-FD9FFFDBF396}.Debug|Mixed Platforms.ActiveCfg = Debug|Win32
		{C0D1C355-1BEE-40E1-9EF4-FD9FFFDBF396}.Debug|Mixed Platforms.Build.0 = Debug|Win32
		{C0D1C355-1BEE-40E1-9EF4-FD9FFFDBF396}.Debug|Win32.ActiveCfg = Debug|Win32
		{C0D1C355-1BEE-40E1-9EF4-FD9FFFDBF396}.Debug|Win32.Build.0 = Debug|Win32
		{C0D1C355-1BEE-40E1-9EF4-FD9FFFDBF396}.Debug|x64.ActiveCfg = Debug|x64
		{C0D1C355-1BEE-40E1-9EF4-FD9FFFDBF396}.Debug|x64.Build.0 = Debug|x64
		{C0D1C355-1BEE-40E1-9EF4-FD9FFFDBF396}.Debug|x86.ActiveCfg = Debug|Win32
		{C0D1C355-1BEE-40E1-9EF4-FD9FFFDBF396}.Debug|x86.Build.0 = Debug|Win32
		{C0D1C355-1BEE-40E1-9EF4-FD9FFFDBF396}.Memento|Any CPU.ActiveCfg = Memento|Win32
		{C0D1C355-1BEE-40E1-9EF4-FD9FFFDBF396}.Memento|ARM.ActiveCfg = Memento|ARM
		{C0D1C355-1BEE-40E1-9EF4-FD9FFFDBF396}.Memento|ARM.Build.0 = Memento|ARM
		{C0D1C355-1BEE-40E1-9EF4-FD9FFFDBF396}.Memento|Mixed Platforms.ActiveCfg = Memento|Win32
		{C0D1C355-1BEE-40E1-9EF4-FD9FFFDBF396}.Memento|Mixed Platforms.Build.0 = Memento|Win32
		{C0D1C355-1BEE-40E1-9EF4-FD9FFFDBF396}.Memento|Win32.ActiveCfg = Memento|Win32
		{C0D1C355-1BEE-40E1-9EF4-FD9FFFDBF396}.Memento|Win32.Build.0 = Memento|Win32
		{C0D1C355-1BEE-40E1-9EF4-FD9FFFDBF396}.Memento|x64.ActiveCfg = Memento|x64
		{C0D1C355-1BEE-40E1-9EF4-FD9FFFDBF396}.Memento|x64.Build.0 = Memento|x64
		{C0D1C355-1BEE-40E1-9EF4-FD9FFFDBF396}.Memento|x86.ActiveCfg = Memento|Win32
		{C0D1C355-1BEE-40E1-9EF4-FD9FFFDBF396}.Memento|x86.Build.0 = Memento|Win32
		{C0D1C355-1BEE-40E1-9EF4-FD9FFFDBF396}.Release|Any CPU.ActiveCfg = Release|Win32
		{C0D1C355-1BEE-40E1-9EF4-FD9FFFDBF396}.Release|ARM.ActiveCfg = Release|ARM
		{C0D1C355-1BEE-40E1-9EF4-FD9FFFDBF396}.Release|ARM.Build.0 = Release|ARM
		{C0D1C355-1BEE-40E1-9EF4-FD9FFFDBF396}.Release|Mixed Platforms.ActiveCfg = Release|Win32
		{C0D1C355-1BEE-40E1-9EF4-FD9FFFDBF396}.Release|Mixed Platforms.Build.0 = Release|Win32
		{C0D1C355-1BEE-40E1-9EF4-FD9FFFDBF396}.Release|Win32.ActiveCfg = Release|Win32
		{C0D1C355-1BEE-40E1-9EF4-FD9FFFDBF396}.Release|Win32.Build.0 = Release|Win32
		{C0D1C355-1BEE-40E1-9EF4-FD9FFFDBF396}.Release|x64.ActiveCfg = Release|x64
		{C0D1C355-1BEE-40E1-9EF4-FD9FFFDBF396}.Release|x64.Build.0 = Release|x64
		{C0D1C355-1BEE-40E1-9EF4-FD9FFFDBF396}.Release|x86.ActiveCfg = Release|Win32
		{C0D1C355-1BEE-40E1-9EF4-FD9FFFDBF396}.Release|x86.Build.0 = Release|Win32
		{9E6AB41D-09A7-45A6-A53B-1E4BF3AC5B33}.Debug|Any CPU.ActiveCfg = Debug|Win32
		{9E6AB41D-09A7-45A6-A53B-1E4BF3AC5B33}.Debug|ARM.ActiveCfg = Debug|ARM
		{9E6AB41D-09A7-45A6-A53B-1E4BF3AC5B33}.Debug|ARM.Build.0 = Debug|ARM
		{9E6AB41D-09A7-45A6-A53B-1E4BF3AC5B33}.Debug|Mixed Platforms.ActiveCfg = Debug|Win32
		{9E6AB41D-09A7-45A6-A53B-1E4BF3AC5B33}.Debug|Mixed Platforms.Build.0 = Debug|Win32
		{9E6AB41D-09A7-45A6-A53B-1E4BF3AC5B33}.Debug|Win32.ActiveCfg = Debug|Win32
		{9E6AB41D-09A7-45A6-A53B-1E4BF3AC5B33}.Debug|Win32.Build.0 = Debug|Win32
		{9E6AB41D-09A7-45A6-A53B-1E4BF3AC5B33}.Debug|x64.ActiveCfg = Debug|x64
		{9E6AB41D-09A7-45A6-A53B-1E4BF3AC5B33}.Debug|x64.Build.0 = Debug|x64
		{9E6AB41D-09A7-45A6-A53B-1E4BF3AC5B33}.Debug|x86.ActiveCfg = Debug|Win32
		{9E6AB41D-09A7-45A6-A53B-1E4BF3AC5B33}.Debug|x86.Build.0 = Debug|Win32
		{9E6AB41D-09A7-45A6-A53B-1E4BF3AC5B33}.Memento|Any CPU.ActiveCfg = Release|Win32
		{9E6AB41D-09A7-45A6-A53B-1E4BF3AC5B33}.Memento|ARM.ActiveCfg = Release|ARM
		{9E6AB41D-09A7-45A6-A53B-1E4BF3AC5B33}.Memento|ARM.Build.0 = Release|ARM
		{9E6AB41D-09A7-45A6-A53B-1E4BF3AC5B33}.Memento|Mixed Platforms.ActiveCfg = Release|Win32
		{9E6AB41D-09A7-45A6-A53B-1E4BF3AC5B33}.Memento|Mixed Platforms.Build.0 = Release|Win32
		{9E6AB41D-09A7-45A6-A53B-1E4BF3AC5B33}.Memento|Win32.ActiveCfg = Release|Win32
		{9E6AB41D-09A7-45A6-A53B-1E4BF3AC5B33}.Memento|Win32.Build.0 = Release|Win32
		{9E6AB41D-09A7-45A6-A53B-1E4BF3AC5B33}.Memento|x64.ActiveCfg = Release|x64
		{9E6AB41D-09A7-45A6-A53B-1E4BF3AC5B33}.Memento|x64.Build.0 = Release|x64
		{9E6AB41D-09A7-45A6-A53B-1E4BF3AC5B33}.Memento|x86.ActiveCfg = Release|Win32
		{9E6AB41D-09A7-45A6-A53B-1E4BF3AC5B33}.Memento|x86.Build.0 = Release|Win32
		{9E6AB41D-09A7-45A6-A53B-1E4BF3AC5B33}.Release|Any CPU.ActiveCfg = Release|Win32
		{9E6AB41D-09A7-45A6-A53B-1E4BF3AC5B33}.Release|ARM.ActiveCfg = Release|ARM
		{9E6AB41D-09A7-45A6-A53B-1E4BF3AC5B33}.Release|ARM.Build.0 = Release|ARM
		{9E6AB41D-09A7-45A6-A53B-1E4BF3AC5B33}.Release|Mixed Platforms.ActiveCfg = Release|Win32
		{9E6AB41D-09A7-45A6-A53B-1E4BF3AC5B33}.Release|Mixed Platforms.Build.0 = Release|Win32
		{9E6AB41D-09A7-45A6-A53B-1E4BF3AC5B33}.Release|Win32.ActiveCfg = Release|Win32
		{9E6AB41D-09A7-45A6-A53B-1E4BF3AC5B33}.Release|Win32.Build.0 = Release|Win32
		{9E6AB41D-09A7-45A6-A53B-1E4BF3AC5B33}.Release|x64.ActiveCfg = Release|x64
		{9E6AB41D-09A7-45A6-A53B-1E4BF3AC5B33}.Release|x64.Build.0 = Release|x64
		{9E6AB41D-09A7-45A6-A53B-1E4BF3AC5B33}.Release|x86.ActiveCfg = Release|Win32
		{9E6AB41D-09A7-45A6-A53B-1E4BF3AC5B33}.Release|x86.Build.0 = Release|Win32
		{0204A4E7-F1B8-4268-A67C-A2C674B4742D}.Debug|Any CPU.ActiveCfg = Debug|Win32
		{0204A4E7-F1B8-4268-A67C-A2C674B4742D}.Debug|ARM.ActiveCfg = Debug|ARM
		{0204A4E7-F1B8-4268-A67C-A2C674B4742D}.Debug|ARM.Build.0 = Debug|ARM
		{0204A4E7-F1B8-4268-A67C-A2C674B4742D}.Debug|ARM.Deploy.0 = Debug|ARM
		{0204A4E7-F1B8-4268-A67C-A2C674B4742D}.Debug|Mixed Platforms.ActiveCfg = Debug|Win32
		{0204A4E7-F1B8-4268-A67C-A2C674B4742D}.Debug|Mixed Platforms.Build.0 = Debug|Win32
		{0204A4E7-F1B8-4268-A67C-A2C674B4742D}.Debug|Mixed Platforms.Deploy.0 = Debug|Win32
		{0204A4E7-F1B8-4268-A67C-A2C674B4742D}.Debug|Win32.ActiveCfg = Debug|Win32
		{0204A4E7-F1B8-4268-A67C-A2C674B4742D}.Debug|Win32.Build.0 = Debug|Win32
		{0204A4E7-F1B8-4268-A67C-A2C674B4742D}.Debug|Win32.Deploy.0 = Debug|Win32
		{0204A4E7-F1B8-4268-A67C-A2C674B4742D}.Debug|x64.ActiveCfg = Debug|x64
		{0204A4E7-F1B8-4268-A67C-A2C674B4742D}.Debug|x64.Build.0 = Debug|x64
		{0204A4E7-F1B8-4268-A67C-A2C674B4742D}.Debug|x64.Deploy.0 = Debug|x64
		{0204A4E7-F1B8-4268-A67C-A2C674B4742D}.Debug|x86.ActiveCfg = Debug|Win32
		{0204A4E7-F1B8-4268-A67C-A2C674B4742D}.Debug|x86.Build.0 = Debug|Win32
		{0204A4E7-F1B8-4268-A67C-A2C674B4742D}.Debug|x86.Deploy.0 = Debug|Win32
		{0204A4E7-F1B8-4268-A67C-A2C674B4742D}.Memento|Any CPU.ActiveCfg = Release|Win32
		{0204A4E7-F1B8-4268-A67C-A2C674B4742D}.Memento|ARM.ActiveCfg = Release|ARM
		{0204A4E7-F1B8-4268-A67C-A2C674B4742D}.Memento|ARM.Build.0 = Release|ARM
		{0204A4E7-F1B8-4268-A67C-A2C674B4742D}.Memento|ARM.Deploy.0 = Release|ARM
		{0204A4E7-F1B8-4268-A67C-A2C674B4742D}.Memento|Mixed Platforms.ActiveCfg = Release|Win32
		{0204A4E7-F1B8-4268-A67C-A2C674B4742D}.Memento|Mixed Platforms.Build.0 = Release|Win32
		{0204A4E7-F1B8-4268-A67C-A2C674B4742D}.Memento|Mixed Platforms.Deploy.0 = Release|Win32
		{0204A4E7-F1B8-4268-A67C-A2C674B4742D}.Memento|Win32.ActiveCfg = Release|Win32
		{0204A4E7-F1B8-4268-A67C-A2C674B4742D}.Memento|Win32.Build.0 = Release|Win32
		{0204A4E7-F1B8-4268-A67C-A2C674B4742D}.Memento|Win32.Deploy.0 = Release|Win32
		{0204A4E7-F1B8-4268-A67C-A2C674B4742D}.Memento|x64.ActiveCfg = Release|x64
		{0204A4E7-F1B8-4268-A67C-A2C674B4742D}.Memento|x64.Build.0 = Release|x64
		{0204A4E7-F1B8-4268-A67C-A2C674B4742D}.Memento|x64.Deploy.0 = Release|x64
		{0204A4E7-F1B8-4268-A67C-A2C674B4742D}.Memento|x86.ActiveCfg = Release|Win32
		{0204A4E7-F1B8-4268-A67C-A2C674B4742D}.Memento|x86.Build.0 = Release|Win32
		{0204A4E7-F1B8-4268-A67C-A2C674B4742D}.Memento|x86.Deploy.0 = Release|Win32
		{0204A4E7-F1B8-4268-A67C-A2C674B4742D}.Release|Any CPU.ActiveCfg = Release|Win32
		{0204A4E7-F1B8-4268-A67C-A2C674B4742D}.Release|ARM.ActiveCfg = Release|ARM
		{0204A4E7-F1B8-4268-A67C-A2C674B4742D}.Release|ARM.Build.0 = Release|ARM
		{0204A4E7-F1B8-4268-A67C-A2C674B4742D}.Release|ARM.Deploy.0 = Release|ARM
		{0204A4E7-F1B8-4268-A67C-A2C674B4742D}.Release|Mixed Platforms.ActiveCfg = Release|Win32
		{0204A4E7-F1B8-4268-A67C-A2C674B4742D}.Release|Mixed Platforms.Build.0 = Release|Win32
		{0204A4E7-F1B8-4268-A67C-A2C674B4742D}.Release|Mixed Platforms.Deploy.0 = Release|Win32
		{0204A4E7-F1B8-4268-A67C-A2C674B4742D}.Release|Win32.ActiveCfg = Release|Win32
		{0204A4E7-F1B8-4268-A67C-A2C674B4742D}.Release|Win32.Build.0 = Release|Win32
		{0204A4E7-F1B8-4268-A67C-A2C674B4742D}.Release|Win32.Deploy.0 = Release|Win32
		{0204A4E7-F1B8-4268-A67C-A2C674B4742D}.Release|x64.ActiveCfg = Release|x64
		{0204A4E7-F1B8-4268-A67C-A2C674B4742D}.Release|x64.Build.0 = Release|x64
		{0204A4E7-F1B8-4268-A67C-A2C674B4742D}.Release|x64.Deploy.0 = Release|x64
		{0204A4E7-F1B8-4268-A67C-A2C674B4742D}.Release|x86.ActiveCfg = Release|Win32
		{0204A4E7-F1B8-4268-A67C-A2C674B4742D}.Release|x86.Build.0 = Release|Win32
		{0204A4E7-F1B8-4268-A67C-A2C674B4742D}.Release|x86.Deploy.0 = Release|Win32
	EndGlobalSection
	GlobalSection(SolutionProperties) = preSolution
		HideSolutionNode = FALSE
	EndGlobalSection
EndGlobal
