// !$*UTF8*$!
{
	archiveVersion = 1;
	classes = {
	};
	objectVersion = 46;
	objects = {

/* Begin PBXBuildFile section */
		1D60589B0D05DD56006BFB54 /* main.m in Sources */ = {isa = PBXBuildFile; fileRef = 29B97316FDCFA39411CA2CEA /* main.m */; };
		1D60589F0D05DD5A006BFB54 /* Foundation.framework in Frameworks */ = {isa = PBXBuildFile; fileRef = 1D30AB110D05D00D00671497 /* Foundation.framework */; };
		1DF5F4E00D08C38300B7A737 /* UIKit.framework in Frameworks */ = {isa = PBXBuildFile; fileRef = 1DF5F4DF0D08C38300B7A737 /* UIKit.framework */; };
		288765FD0DF74451002DB57D /* CoreGraphics.framework in Frameworks */ = {isa = PBXBuildFile; fileRef = 288765FC0DF74451002DB57D /* CoreGraphics.framework */; };
		964FF8C1144F618000F5FF22 /* libfreetype.a in Frameworks */ = {isa = PBXBuildFile; fileRef = 964FF8BA144F618000F5FF22 /* libfreetype.a */; };
		964FF8C2144F618000F5FF22 /* libjbig2dec.a in Frameworks */ = {isa = PBXBuildFile; fileRef = 964FF8BB144F618000F5FF22 /* libjbig2dec.a */; };
		964FF8C3144F618000F5FF22 /* libjpeg.a in Frameworks */ = {isa = PBXBuildFile; fileRef = 964FF8BC144F618000F5FF22 /* libjpeg.a */; };
		964FF8C4144F618000F5FF22 /* libmupdf.a in Frameworks */ = {isa = PBXBuildFile; fileRef = 964FF8BD144F618000F5FF22 /* libmupdf.a */; };
		964FF8C5144F618000F5FF22 /* libmuxps.a in Frameworks */ = {isa = PBXBuildFile; fileRef = 964FF8BE144F618000F5FF22 /* libmuxps.a */; };
		964FF8C6144F618000F5FF22 /* libopenjpeg.a in Frameworks */ = {isa = PBXBuildFile; fileRef = 964FF8BF144F618000F5FF22 /* libopenjpeg.a */; };
		964FF8C7144F618000F5FF22 /* libz.a in Frameworks */ = {isa = PBXBuildFile; fileRef = 964FF8C0144F618000F5FF22 /* libz.a */; };
		968184A3143E251A00374B41 /* libfitz.a in Frameworks */ = {isa = PBXBuildFile; fileRef = 9681849B143E251A00374B41 /* libfitz.a */; };
		969E1294141FA57800189AA3 /* mupdf_icon.png in Resources */ = {isa = PBXBuildFile; fileRef = 969E1293141FA57800189AA3 /* mupdf_icon.png */; };
/* End PBXBuildFile section */

/* Begin PBXFileReference section */
		1D30AB110D05D00D00671497 /* Foundation.framework */ = {isa = PBXFileReference; lastKnownFileType = wrapper.framework; name = Foundation.framework; path = System/Library/Frameworks/Foundation.framework; sourceTree = SDKROOT; };
		1D6058910D05DD3D006BFB54 /* MuPDF.app */ = {isa = PBXFileReference; explicitFileType = wrapper.application; includeInIndex = 0; path = MuPDF.app; sourceTree = BUILT_PRODUCTS_DIR; };
		1DF5F4DF0D08C38300B7A737 /* UIKit.framework */ = {isa = PBXFileReference; lastKnownFileType = wrapper.framework; name = UIKit.framework; path = System/Library/Frameworks/UIKit.framework; sourceTree = SDKROOT; };
		288765FC0DF74451002DB57D /* CoreGraphics.framework */ = {isa = PBXFileReference; lastKnownFileType = wrapper.framework; name = CoreGraphics.framework; path = System/Library/Frameworks/CoreGraphics.framework; sourceTree = SDKROOT; };
		29B97316FDCFA39411CA2CEA /* main.m */ = {isa = PBXFileReference; fileEncoding = 4; lastKnownFileType = sourcecode.c.objc; path = main.m; sourceTree = "<group>"; };
		8D1107310486CEB800E47090 /* Info.plist */ = {isa = PBXFileReference; fileEncoding = 4; lastKnownFileType = text.plist.xml; path = Info.plist; plistStructureDefinitionIdentifier = "com.apple.xcode.plist.structure-definition.iphone.info-plist"; sourceTree = "<group>"; };
		96165BEB143B4F2800699814 /* build_libs.sh */ = {isa = PBXFileReference; fileEncoding = 4; lastKnownFileType = text.script.sh; path = build_libs.sh; sourceTree = "<group>"; };
		964FF8BA144F618000F5FF22 /* libfreetype.a */ = {isa = PBXFileReference; lastKnownFileType = archive.ar; path = libfreetype.a; sourceTree = BUILT_PRODUCTS_DIR; };
		964FF8BB144F618000F5FF22 /* libjbig2dec.a */ = {isa = PBXFileReference; lastKnownFileType = archive.ar; path = libjbig2dec.a; sourceTree = BUILT_PRODUCTS_DIR; };
		964FF8BC144F618000F5FF22 /* libjpeg.a */ = {isa = PBXFileReference; lastKnownFileType = archive.ar; path = libjpeg.a; sourceTree = BUILT_PRODUCTS_DIR; };
		964FF8BD144F618000F5FF22 /* libmupdf.a */ = {isa = PBXFileReference; lastKnownFileType = archive.ar; path = libmupdf.a; sourceTree = BUILT_PRODUCTS_DIR; };
		964FF8BE144F618000F5FF22 /* libmuxps.a */ = {isa = PBXFileReference; lastKnownFileType = archive.ar; path = libmuxps.a; sourceTree = BUILT_PRODUCTS_DIR; };
		964FF8BF144F618000F5FF22 /* libopenjpeg.a */ = {isa = PBXFileReference; lastKnownFileType = archive.ar; path = libopenjpeg.a; sourceTree = BUILT_PRODUCTS_DIR; };
		964FF8C0144F618000F5FF22 /* libz.a */ = {isa = PBXFileReference; lastKnownFileType = archive.ar; path = libz.a; sourceTree = BUILT_PRODUCTS_DIR; };
		9681849B143E251A00374B41 /* libfitz.a */ = {isa = PBXFileReference; lastKnownFileType = archive.ar; path = libfitz.a; sourceTree = BUILT_PRODUCTS_DIR; };
		969E1293141FA57800189AA3 /* mupdf_icon.png */ = {isa = PBXFileReference; lastKnownFileType = image.png; path = mupdf_icon.png; sourceTree = "<group>"; };
/* End PBXFileReference section */

/* Begin PBXFrameworksBuildPhase section */
		1D60588F0D05DD3D006BFB54 /* Frameworks */ = {
			isa = PBXFrameworksBuildPhase;
			buildActionMask = 2147483647;
			files = (
				1D60589F0D05DD5A006BFB54 /* Foundation.framework in Frameworks */,
				1DF5F4E00D08C38300B7A737 /* UIKit.framework in Frameworks */,
				288765FD0DF74451002DB57D /* CoreGraphics.framework in Frameworks */,
				968184A3143E251A00374B41 /* libfitz.a in Frameworks */,
				964FF8C1144F618000F5FF22 /* libfreetype.a in Frameworks */,
				964FF8C2144F618000F5FF22 /* libjbig2dec.a in Frameworks */,
				964FF8C3144F618000F5FF22 /* libjpeg.a in Frameworks */,
				964FF8C4144F618000F5FF22 /* libmupdf.a in Frameworks */,
				964FF8C5144F618000F5FF22 /* libmuxps.a in Frameworks */,
				964FF8C6144F618000F5FF22 /* libopenjpeg.a in Frameworks */,
				964FF8C7144F618000F5FF22 /* libz.a in Frameworks */,
			);
			runOnlyForDeploymentPostprocessing = 0;
		};
/* End PBXFrameworksBuildPhase section */

/* Begin PBXGroup section */
		19C28FACFE9D520D11CA2CBB /* Products */ = {
			isa = PBXGroup;
			children = (
				1D6058910D05DD3D006BFB54 /* MuPDF.app */,
				9681849B143E251A00374B41 /* libfitz.a */,
				964FF8BD144F618000F5FF22 /* libmupdf.a */,
				964FF8BE144F618000F5FF22 /* libmuxps.a */,
				964FF8BA144F618000F5FF22 /* libfreetype.a */,
				964FF8BB144F618000F5FF22 /* libjbig2dec.a */,
				964FF8BC144F618000F5FF22 /* libjpeg.a */,
				964FF8BF144F618000F5FF22 /* libopenjpeg.a */,
				964FF8C0144F618000F5FF22 /* libz.a */,
			);
			name = Products;
			sourceTree = "<group>";
		};
		29B97314FDCFA39411CA2CEA /* CustomTemplate */ = {
			isa = PBXGroup;
			children = (
				29B97315FDCFA39411CA2CEA /* Sources */,
				29B97323FDCFA39411CA2CEA /* Frameworks */,
				19C28FACFE9D520D11CA2CBB /* Products */,
			);
			name = CustomTemplate;
			sourceTree = "<group>";
		};
		29B97315FDCFA39411CA2CEA /* Sources */ = {
			isa = PBXGroup;
			children = (
				96165BEB143B4F2800699814 /* build_libs.sh */,
				969E1293141FA57800189AA3 /* mupdf_icon.png */,
				8D1107310486CEB800E47090 /* Info.plist */,
				29B97316FDCFA39411CA2CEA /* main.m */,
			);
			name = Sources;
			sourceTree = "<group>";
		};
		29B97323FDCFA39411CA2CEA /* Frameworks */ = {
			isa = PBXGroup;
			children = (
				1DF5F4DF0D08C38300B7A737 /* UIKit.framework */,
				1D30AB110D05D00D00671497 /* Foundation.framework */,
				288765FC0DF74451002DB57D /* CoreGraphics.framework */,
			);
			name = Frameworks;
			sourceTree = "<group>";
		};
/* End PBXGroup section */

/* Begin PBXNativeTarget section */
		1D6058900D05DD3D006BFB54 /* MuPDF */ = {
			isa = PBXNativeTarget;
			buildConfigurationList = 1D6058960D05DD3E006BFB54 /* Build configuration list for PBXNativeTarget "MuPDF" */;
			buildPhases = (
				965A1554144E144F001A6426 /* Build Libraries */,
				1D60588D0D05DD3D006BFB54 /* Resources */,
				1D60588E0D05DD3D006BFB54 /* Sources */,
				1D60588F0D05DD3D006BFB54 /* Frameworks */,
			);
			buildRules = (
			);
			dependencies = (
			);
			name = MuPDF;
			productName = MuPDF;
			productReference = 1D6058910D05DD3D006BFB54 /* MuPDF.app */;
			productType = "com.apple.product-type.application";
		};
/* End PBXNativeTarget section */

/* Begin PBXProject section */
		29B97313FDCFA39411CA2CEA /* Project object */ = {
			isa = PBXProject;
			buildConfigurationList = C01FCF4E08A954540054247B /* Build configuration list for PBXProject "MuPDF" */;
			compatibilityVersion = "Xcode 3.2";
			developmentRegion = English;
			hasScannedForEncodings = 1;
			knownRegions = (
				English,
				Japanese,
				French,
				German,
			);
			mainGroup = 29B97314FDCFA39411CA2CEA /* CustomTemplate */;
			projectDirPath = "";
			projectRoot = "";
			targets = (
				1D6058900D05DD3D006BFB54 /* MuPDF */,
			);
		};
/* End PBXProject section */

/* Begin PBXResourcesBuildPhase section */
		1D60588D0D05DD3D006BFB54 /* Resources */ = {
			isa = PBXResourcesBuildPhase;
			buildActionMask = 2147483647;
			files = (
				969E1294141FA57800189AA3 /* mupdf_icon.png in Resources */,
			);
			runOnlyForDeploymentPostprocessing = 0;
		};
/* End PBXResourcesBuildPhase section */

/* Begin PBXShellScriptBuildPhase section */
		965A1554144E144F001A6426 /* Build Libraries */ = {
			isa = PBXShellScriptBuildPhase;
			buildActionMask = 2147483647;
			files = (
			);
			inputPaths = (
			);
			name = "Build Libraries";
			outputPaths = (
			);
			runOnlyForDeploymentPostprocessing = 0;
			shellPath = /bin/sh;
			shellScript = "exec sh build_libs.sh";
		};
/* End PBXShellScriptBuildPhase section */

/* Begin PBXSourcesBuildPhase section */
		1D60588E0D05DD3D006BFB54 /* Sources */ = {
			isa = PBXSourcesBuildPhase;
			buildActionMask = 2147483647;
			files = (
				1D60589B0D05DD56006BFB54 /* main.m in Sources */,
			);
			runOnlyForDeploymentPostprocessing = 0;
		};
/* End PBXSourcesBuildPhase section */

/* Begin XCBuildConfiguration section */
		1D6058940D05DD3E006BFB54 /* Debug */ = {
			isa = XCBuildConfiguration;
			buildSettings = {
				ALWAYS_SEARCH_USER_PATHS = NO;
				ARCHS = "$(ARCHS_STANDARD_32_BIT)";
				COPY_PHASE_STRIP = NO;
				GCC_OPTIMIZATION_LEVEL = 0;
				HEADER_SEARCH_PATHS = ..;
				INFOPLIST_FILE = Info.plist;
				IPHONEOS_DEPLOYMENT_TARGET = 3.0;
				LIBRARY_SEARCH_PATHS = "$(inherited)";
				PRODUCT_NAME = MuPDF;
				SDKROOT = iphoneos;
				TARGETED_DEVICE_FAMILY = "1,2";
			};
			name = Debug;
		};
		1D6058950D05DD3E006BFB54 /* Release */ = {
			isa = XCBuildConfiguration;
			buildSettings = {
				ALWAYS_SEARCH_USER_PATHS = NO;
				ARCHS = "$(ARCHS_STANDARD_32_BIT)";
				COPY_PHASE_STRIP = YES;
				HEADER_SEARCH_PATHS = ..;
				INFOPLIST_FILE = Info.plist;
				IPHONEOS_DEPLOYMENT_TARGET = 3.0;
				LIBRARY_SEARCH_PATHS = "$(inherited)";
				PRODUCT_NAME = MuPDF;
				SDKROOT = iphoneos;
				TARGETED_DEVICE_FAMILY = "1,2";
				VALIDATE_PRODUCT = YES;
			};
			name = Release;
		};
		C01FCF4F08A954540054247B /* Debug */ = {
			isa = XCBuildConfiguration;
			buildSettings = {
				ARCHS = "$(ARCHS_STANDARD_32_BIT)";
				"CODE_SIGN_IDENTITY[sdk=iphoneos*]" = "iPhone Developer";
				GCC_C_LANGUAGE_STANDARD = c99;
				GCC_WARN_ABOUT_RETURN_TYPE = YES;
				GCC_WARN_UNUSED_VARIABLE = YES;
				PREBINDING = NO;
				SDKROOT = iphoneos4.3;
			};
			name = Debug;
		};
		C01FCF5008A954540054247B /* Release */ = {
			isa = XCBuildConfiguration;
			buildSettings = {
				ARCHS = "$(ARCHS_STANDARD_32_BIT)";
				"CODE_SIGN_IDENTITY[sdk=iphoneos*]" = "iPhone Developer";
				GCC_C_LANGUAGE_STANDARD = c99;
				GCC_WARN_ABOUT_RETURN_TYPE = YES;
				GCC_WARN_UNUSED_VARIABLE = YES;
				OTHER_CFLAGS = "-DNS_BLOCK_ASSERTIONS=1";
				PREBINDING = NO;
				SDKROOT = iphoneos4.3;
			};
			name = Release;
		};
/* End XCBuildConfiguration section */

/* Begin XCConfigurationList section */
		1D6058960D05DD3E006BFB54 /* Build configuration list for PBXNativeTarget "MuPDF" */ = {
			isa = XCConfigurationList;
			buildConfigurations = (
				1D6058940D05DD3E006BFB54 /* Debug */,
				1D6058950D05DD3E006BFB54 /* Release */,
			);
			defaultConfigurationIsVisible = 0;
			defaultConfigurationName = Release;
		};
		C01FCF4E08A954540054247B /* Build configuration list for PBXProject "MuPDF" */ = {
			isa = XCConfigurationList;
			buildConfigurations = (
				C01FCF4F08A954540054247B /* Debug */,
				C01FCF5008A954540054247B /* Release */,
			);
			defaultConfigurationIsVisible = 0;
			defaultConfigurationName = Release;
		};
/* End XCConfigurationList section */
	};
	rootObject = 29B97313FDCFA39411CA2CEA /* Project object */;
}
