
Microsoft Visual Studio Solution File, Format Version 9.00
# Visual Studio 2005
Project("{8BC9CEB8-8B4A-11D0-8D11-00A0C91BC942}") = "mupdf", "mupdf.vcproj", "{E74F29F0-FA43-4ADC-B92C-6AFA08E4A417}"
	ProjectSection(ProjectDependencies) = postProject
		{5F615F91-DFF8-4F05-BF48-6222B7D86519} = {5F615F91-DFF8-4F05-BF48-6222B7D86519}
		{5EDCF4FD-0291-4FB9-8D96-D58957CA5E3C} = {5EDCF4FD-0291-4FB9-8D96-D58957CA5E3C}
	EndProjectSection
EndProject
Project("{8BC9CEB8-8B4A-11D0-8D11-00A0C91BC942}") = "libthirdparty", "libthirdparty.vcproj", "{5EDCF4FD-0291-4FB9-8D96-D58957CA5E3C}"
EndProject
Project("{8BC9CEB8-8B4A-11D0-8D11-00A0C91BC942}") = "libmupdf", "libmupdf.vcproj", "{5F615F91-DFF8-4F05-BF48-6222B7D86519}"
	ProjectSection(ProjectDependencies) = postProject
		{A5053AA7-02E5-4903-B596-04F17AEB1526} = {A5053AA7-02E5-4903-B596-04F17AEB1526}
	EndProjectSection
EndProject
Project("{8BC9CEB8-8B4A-11D0-8D11-00A0C91BC942}") = "mudraw", "mudraw.vcproj", "{0B51171B-B10E-4EAC-8FFA-19226A1828A3}"
	ProjectSection(ProjectDependencies) = postProject
		{5EDCF4FD-0291-4FB9-8D96-D58957CA5E3C} = {5EDCF4FD-0291-4FB9-8D96-D58957CA5E3C}
		{5F615F91-DFF8-4F05-BF48-6222B7D86519} = {5F615F91-DFF8-4F05-BF48-6222B7D86519}
	EndProjectSection
EndProject
Project("{8BC9CEB8-8B4A-11D0-8D11-00A0C91BC942}") = "mutool", "mutool.vcproj", "{00811970-815B-4F64-BC9D-219078B1F3AA}"
	ProjectSection(ProjectDependencies) = postProject
		{5EDCF4FD-0291-4FB9-8D96-D58957CA5E3C} = {5EDCF4FD-0291-4FB9-8D96-D58957CA5E3C}
		{5F615F91-DFF8-4F05-BF48-6222B7D86519} = {5F615F91-DFF8-4F05-BF48-6222B7D86519}
	EndProjectSection
EndProject
Project("{8BC9CEB8-8B4A-11D0-8D11-00A0C91BC942}") = "generated", "generated.vcproj", "{A5053AA7-02E5-4903-B596-04F17AEB1526}"
EndProject
Project("{8BC9CEB8-8B4A-11D0-8D11-00A0C91BC942}") = "libcurl", "..\..\thirdparty\curl\vs\vc8\lib\vc8libcurl.vcproj", "{87EE9DA4-DE1E-4448-8324-183C98DCA588}"
EndProject
Project("{8BC9CEB8-8B4A-11D0-8D11-00A0C91BC942}") = "mupdf-curl", "mupdf-curl.vcproj", "{27B53E5C-ACAB-423C-854E-BECE56D73544}"
	ProjectSection(ProjectDependencies) = postProject
		{5F615F91-DFF8-4F05-BF48-6222B7D86519} = {5F615F91-DFF8-4F05-BF48-6222B7D86519}
		{87EE9DA4-DE1E-4448-8324-183C98DCA588} = {87EE9DA4-DE1E-4448-8324-183C98DCA588}
		{5EDCF4FD-0291-4FB9-8D96-D58957CA5E3C} = {5EDCF4FD-0291-4FB9-8D96-D58957CA5E3C}
	EndProjectSection
EndProject
Project("{8BC9CEB8-8B4A-11D0-8D11-00A0C91BC942}") = "mujstest", "mujstest.vcproj", "{21E28758-E4D2-4B84-8EC5-B631CEE66B30}"
	ProjectSection(ProjectDependencies) = postProject
		{5F615F91-DFF8-4F05-BF48-6222B7D86519} = {5F615F91-DFF8-4F05-BF48-6222B7D86519}
		{5EDCF4FD-0291-4FB9-8D96-D58957CA5E3C} = {5EDCF4FD-0291-4FB9-8D96-D58957CA5E3C}
	EndProjectSection
EndProject
Global
	GlobalSection(SolutionConfigurationPlatforms) = preSolution
		Debug|Win32 = Debug|Win32
		Debug|x64 = Debug|x64
		DebugOpenssl|Win32 = DebugOpenssl|Win32
		DebugOpenssl|x64 = DebugOpenssl|x64
		Memento|Win32 = Memento|Win32
		Memento|x64 = Memento|x64
		Release|Win32 = Release|Win32
		Release|x64 = Release|x64
		ReleaseOpenssl|Win32 = ReleaseOpenssl|Win32
		ReleaseOpenssl|x64 = ReleaseOpenssl|x64
	EndGlobalSection
	GlobalSection(ProjectConfigurationPlatforms) = postSolution
		{E74F29F0-FA43-4ADC-B92C-6AFA08E4A417}.Debug|Win32.ActiveCfg = Debug|Win32
		{E74F29F0-FA43-4ADC-B92C-6AFA08E4A417}.Debug|Win32.Build.0 = Debug|Win32
		{E74F29F0-FA43-4ADC-B92C-6AFA08E4A417}.Debug|x64.ActiveCfg = Debug|x64
		{E74F29F0-FA43-4ADC-B92C-6AFA08E4A417}.Debug|x64.Build.0 = Debug|x64
		{E74F29F0-FA43-4ADC-B92C-6AFA08E4A417}.DebugOpenssl|Win32.ActiveCfg = DebugOpenssl|Win32
		{E74F29F0-FA43-4ADC-B92C-6AFA08E4A417}.DebugOpenssl|Win32.Build.0 = DebugOpenssl|Win32
		{E74F29F0-FA43-4ADC-B92C-6AFA08E4A417}.DebugOpenssl|x64.ActiveCfg = DebugOpenssl|x64
		{E74F29F0-FA43-4ADC-B92C-6AFA08E4A417}.DebugOpenssl|x64.Build.0 = DebugOpenssl|x64
		{E74F29F0-FA43-4ADC-B92C-6AFA08E4A417}.Memento|Win32.ActiveCfg = Memento|Win32
		{E74F29F0-FA43-4ADC-B92C-6AFA08E4A417}.Memento|Win32.Build.0 = Memento|Win32
		{E74F29F0-FA43-4ADC-B92C-6AFA08E4A417}.Memento|x64.ActiveCfg = Memento|x64
		{E74F29F0-FA43-4ADC-B92C-6AFA08E4A417}.Memento|x64.Build.0 = Memento|x64
		{E74F29F0-FA43-4ADC-B92C-6AFA08E4A417}.Release|Win32.ActiveCfg = Release|Win32
		{E74F29F0-FA43-4ADC-B92C-6AFA08E4A417}.Release|Win32.Build.0 = Release|Win32
		{E74F29F0-FA43-4ADC-B92C-6AFA08E4A417}.Release|x64.ActiveCfg = Release|x64
		{E74F29F0-FA43-4ADC-B92C-6AFA08E4A417}.Release|x64.Build.0 = Release|x64
		{E74F29F0-FA43-4ADC-B92C-6AFA08E4A417}.ReleaseOpenssl|Win32.ActiveCfg = ReleaseOpenssl|Win32
		{E74F29F0-FA43-4ADC-B92C-6AFA08E4A417}.ReleaseOpenssl|Win32.Build.0 = ReleaseOpenssl|Win32
		{E74F29F0-FA43-4ADC-B92C-6AFA08E4A417}.ReleaseOpenssl|x64.ActiveCfg = ReleaseOpenssl|x64
		{E74F29F0-FA43-4ADC-B92C-6AFA08E4A417}.ReleaseOpenssl|x64.Build.0 = ReleaseOpenssl|x64
		{5EDCF4FD-0291-4FB9-8D96-D58957CA5E3C}.Debug|Win32.ActiveCfg = Debug|Win32
		{5EDCF4FD-0291-4FB9-8D96-D58957CA5E3C}.Debug|Win32.Build.0 = Debug|Win32
		{5EDCF4FD-0291-4FB9-8D96-D58957CA5E3C}.Debug|x64.ActiveCfg = Debug|x64
		{5EDCF4FD-0291-4FB9-8D96-D58957CA5E3C}.Debug|x64.Build.0 = Debug|x64
		{5EDCF4FD-0291-4FB9-8D96-D58957CA5E3C}.DebugOpenssl|Win32.ActiveCfg = Debug|Win32
		{5EDCF4FD-0291-4FB9-8D96-D58957CA5E3C}.DebugOpenssl|Win32.Build.0 = Debug|Win32
		{5EDCF4FD-0291-4FB9-8D96-D58957CA5E3C}.DebugOpenssl|x64.ActiveCfg = Debug|x64
		{5EDCF4FD-0291-4FB9-8D96-D58957CA5E3C}.DebugOpenssl|x64.Build.0 = Debug|x64
		{5EDCF4FD-0291-4FB9-8D96-D58957CA5E3C}.Memento|Win32.ActiveCfg = Memento|Win32
		{5EDCF4FD-0291-4FB9-8D96-D58957CA5E3C}.Memento|Win32.Build.0 = Memento|Win32
		{5EDCF4FD-0291-4FB9-8D96-D58957CA5E3C}.Memento|x64.ActiveCfg = Memento|x64
		{5EDCF4FD-0291-4FB9-8D96-D58957CA5E3C}.Memento|x64.Build.0 = Memento|x64
		{5EDCF4FD-0291-4FB9-8D96-D58957CA5E3C}.Release|Win32.ActiveCfg = Release|Win32
		{5EDCF4FD-0291-4FB9-8D96-D58957CA5E3C}.Release|Win32.Build.0 = Release|Win32
		{5EDCF4FD-0291-4FB9-8D96-D58957CA5E3C}.Release|x64.ActiveCfg = Release|x64
		{5EDCF4FD-0291-4FB9-8D96-D58957CA5E3C}.Release|x64.Build.0 = Release|x64
		{5EDCF4FD-0291-4FB9-8D96-D58957CA5E3C}.ReleaseOpenssl|Win32.ActiveCfg = Release|Win32
		{5EDCF4FD-0291-4FB9-8D96-D58957CA5E3C}.ReleaseOpenssl|Win32.Build.0 = Release|Win32
		{5EDCF4FD-0291-4FB9-8D96-D58957CA5E3C}.ReleaseOpenssl|x64.ActiveCfg = Release|x64
		{5EDCF4FD-0291-4FB9-8D96-D58957CA5E3C}.ReleaseOpenssl|x64.Build.0 = Release|x64
		{5F615F91-DFF8-4F05-BF48-6222B7D86519}.Debug|Win32.ActiveCfg = Debug|Win32
		{5F615F91-DFF8-4F05-BF48-6222B7D86519}.Debug|Win32.Build.0 = Debug|Win32
		{5F615F91-DFF8-4F05-BF48-6222B7D86519}.Debug|x64.ActiveCfg = Debug|x64
		{5F615F91-DFF8-4F05-BF48-6222B7D86519}.Debug|x64.Build.0 = Debug|x64
		{5F615F91-DFF8-4F05-BF48-6222B7D86519}.DebugOpenssl|Win32.ActiveCfg = DebugOpenssl|Win32
		{5F615F91-DFF8-4F05-BF48-6222B7D86519}.DebugOpenssl|Win32.Build.0 = DebugOpenssl|Win32
		{5F615F91-DFF8-4F05-BF48-6222B7D86519}.DebugOpenssl|x64.ActiveCfg = DebugOpenssl|x64
		{5F615F91-DFF8-4F05-BF48-6222B7D86519}.DebugOpenssl|x64.Build.0 = DebugOpenssl|x64
		{5F615F91-DFF8-4F05-BF48-6222B7D86519}.Memento|Win32.ActiveCfg = Memento|Win32
		{5F615F91-DFF8-4F05-BF48-6222B7D86519}.Memento|Win32.Build.0 = Memento|Win32
		{5F615F91-DFF8-4F05-BF48-6222B7D86519}.Memento|x64.ActiveCfg = Memento|x64
		{5F615F91-DFF8-4F05-BF48-6222B7D86519}.Memento|x64.Build.0 = Memento|x64
		{5F615F91-DFF8-4F05-BF48-6222B7D86519}.Release|Win32.ActiveCfg = Release|Win32
		{5F615F91-DFF8-4F05-BF48-6222B7D86519}.Release|Win32.Build.0 = Release|Win32
		{5F615F91-DFF8-4F05-BF48-6222B7D86519}.Release|x64.ActiveCfg = Release|x64
		{5F615F91-DFF8-4F05-BF48-6222B7D86519}.Release|x64.Build.0 = Release|x64
		{5F615F91-DFF8-4F05-BF48-6222B7D86519}.ReleaseOpenssl|Win32.ActiveCfg = ReleaseOpenssl|Win32
		{5F615F91-DFF8-4F05-BF48-6222B7D86519}.ReleaseOpenssl|Win32.Build.0 = ReleaseOpenssl|Win32
		{5F615F91-DFF8-4F05-BF48-6222B7D86519}.ReleaseOpenssl|x64.ActiveCfg = ReleaseOpenssl|x64
		{5F615F91-DFF8-4F05-BF48-6222B7D86519}.ReleaseOpenssl|x64.Build.0 = ReleaseOpenssl|x64
		{0B51171B-B10E-4EAC-8FFA-19226A1828A3}.Debug|Win32.ActiveCfg = Debug|Win32
		{0B51171B-B10E-4EAC-8FFA-19226A1828A3}.Debug|Win32.Build.0 = Debug|Win32
		{0B51171B-B10E-4EAC-8FFA-19226A1828A3}.Debug|x64.ActiveCfg = Debug|x64
		{0B51171B-B10E-4EAC-8FFA-19226A1828A3}.Debug|x64.Build.0 = Debug|x64
		{0B51171B-B10E-4EAC-8FFA-19226A1828A3}.DebugOpenssl|Win32.ActiveCfg = Debug|Win32
		{0B51171B-B10E-4EAC-8FFA-19226A1828A3}.DebugOpenssl|Win32.Build.0 = Debug|Win32
		{0B51171B-B10E-4EAC-8FFA-19226A1828A3}.DebugOpenssl|x64.ActiveCfg = Debug|x64
		{0B51171B-B10E-4EAC-8FFA-19226A1828A3}.DebugOpenssl|x64.Build.0 = Debug|x64
		{0B51171B-B10E-4EAC-8FFA-19226A1828A3}.Memento|Win32.ActiveCfg = Memento|Win32
		{0B51171B-B10E-4EAC-8FFA-19226A1828A3}.Memento|Win32.Build.0 = Memento|Win32
		{0B51171B-B10E-4EAC-8FFA-19226A1828A3}.Memento|x64.ActiveCfg = Memento|x64
		{0B51171B-B10E-4EAC-8FFA-19226A1828A3}.Memento|x64.Build.0 = Memento|x64
		{0B51171B-B10E-4EAC-8FFA-19226A1828A3}.Release|Win32.ActiveCfg = Release|Win32
		{0B51171B-B10E-4EAC-8FFA-19226A1828A3}.Release|Win32.Build.0 = Release|Win32
		{0B51171B-B10E-4EAC-8FFA-19226A1828A3}.Release|x64.ActiveCfg = Release|x64
		{0B51171B-B10E-4EAC-8FFA-19226A1828A3}.Release|x64.Build.0 = Release|x64
		{0B51171B-B10E-4EAC-8FFA-19226A1828A3}.ReleaseOpenssl|Win32.ActiveCfg = Release|Win32
		{0B51171B-B10E-4EAC-8FFA-19226A1828A3}.ReleaseOpenssl|Win32.Build.0 = Release|Win32
		{0B51171B-B10E-4EAC-8FFA-19226A1828A3}.ReleaseOpenssl|x64.ActiveCfg = Release|x64
		{0B51171B-B10E-4EAC-8FFA-19226A1828A3}.ReleaseOpenssl|x64.Build.0 = Release|x64
		{00811970-815B-4F64-BC9D-219078B1F3AA}.Debug|Win32.ActiveCfg = Debug|Win32
		{00811970-815B-4F64-BC9D-219078B1F3AA}.Debug|Win32.Build.0 = Debug|Win32
		{00811970-815B-4F64-BC9D-219078B1F3AA}.Debug|x64.ActiveCfg = Debug|x64
		{00811970-815B-4F64-BC9D-219078B1F3AA}.Debug|x64.Build.0 = Debug|x64
		{00811970-815B-4F64-BC9D-219078B1F3AA}.DebugOpenssl|Win32.ActiveCfg = Debug|Win32
		{00811970-815B-4F64-BC9D-219078B1F3AA}.DebugOpenssl|Win32.Build.0 = Debug|Win32
		{00811970-815B-4F64-BC9D-219078B1F3AA}.DebugOpenssl|x64.ActiveCfg = Debug|x64
		{00811970-815B-4F64-BC9D-219078B1F3AA}.DebugOpenssl|x64.Build.0 = Debug|x64
		{00811970-815B-4F64-BC9D-219078B1F3AA}.Memento|Win32.ActiveCfg = Memento|Win32
		{00811970-815B-4F64-BC9D-219078B1F3AA}.Memento|Win32.Build.0 = Memento|Win32
		{00811970-815B-4F64-BC9D-219078B1F3AA}.Memento|x64.ActiveCfg = Memento|x64
		{00811970-815B-4F64-BC9D-219078B1F3AA}.Memento|x64.Build.0 = Memento|x64
		{00811970-815B-4F64-BC9D-219078B1F3AA}.Release|Win32.ActiveCfg = Release|Win32
		{00811970-815B-4F64-BC9D-219078B1F3AA}.Release|Win32.Build.0 = Release|Win32
		{00811970-815B-4F64-BC9D-219078B1F3AA}.Release|x64.ActiveCfg = Release|x64
		{00811970-815B-4F64-BC9D-219078B1F3AA}.Release|x64.Build.0 = Release|x64
		{00811970-815B-4F64-BC9D-219078B1F3AA}.ReleaseOpenssl|Win32.ActiveCfg = Release|Win32
		{00811970-815B-4F64-BC9D-219078B1F3AA}.ReleaseOpenssl|Win32.Build.0 = Release|Win32
		{00811970-815B-4F64-BC9D-219078B1F3AA}.ReleaseOpenssl|x64.ActiveCfg = Release|x64
		{00811970-815B-4F64-BC9D-219078B1F3AA}.ReleaseOpenssl|x64.Build.0 = Release|x64
		{A5053AA7-02E5-4903-B596-04F17AEB1526}.Debug|Win32.ActiveCfg = Debug|Win32
		{A5053AA7-02E5-4903-B596-04F17AEB1526}.Debug|Win32.Build.0 = Debug|Win32
		{A5053AA7-02E5-4903-B596-04F17AEB1526}.Debug|x64.ActiveCfg = Debug|x64
		{A5053AA7-02E5-4903-B596-04F17AEB1526}.Debug|x64.Build.0 = Debug|x64
		{A5053AA7-02E5-4903-B596-04F17AEB1526}.DebugOpenssl|Win32.ActiveCfg = Debug|Win32
		{A5053AA7-02E5-4903-B596-04F17AEB1526}.DebugOpenssl|Win32.Build.0 = Debug|Win32
		{A5053AA7-02E5-4903-B596-04F17AEB1526}.DebugOpenssl|x64.ActiveCfg = Debug|x64
		{A5053AA7-02E5-4903-B596-04F17AEB1526}.DebugOpenssl|x64.Build.0 = Debug|x64
		{A5053AA7-02E5-4903-B596-04F17AEB1526}.Memento|Win32.ActiveCfg = Memento|Win32
		{A5053AA7-02E5-4903-B596-04F17AEB1526}.Memento|Win32.Build.0 = Memento|Win32
		{A5053AA7-02E5-4903-B596-04F17AEB1526}.Memento|x64.ActiveCfg = Memento|x64
		{A5053AA7-02E5-4903-B596-04F17AEB1526}.Memento|x64.Build.0 = Memento|x64
		{A5053AA7-02E5-4903-B596-04F17AEB1526}.Release|Win32.ActiveCfg = Release|Win32
		{A5053AA7-02E5-4903-B596-04F17AEB1526}.Release|Win32.Build.0 = Release|Win32
		{A5053AA7-02E5-4903-B596-04F17AEB1526}.Release|x64.ActiveCfg = Release|x64
		{A5053AA7-02E5-4903-B596-04F17AEB1526}.Release|x64.Build.0 = Release|x64
		{A5053AA7-02E5-4903-B596-04F17AEB1526}.ReleaseOpenssl|Win32.ActiveCfg = Release|Win32
		{A5053AA7-02E5-4903-B596-04F17AEB1526}.ReleaseOpenssl|Win32.Build.0 = Release|Win32
		{A5053AA7-02E5-4903-B596-04F17AEB1526}.ReleaseOpenssl|x64.ActiveCfg = Release|x64
		{A5053AA7-02E5-4903-B596-04F17AEB1526}.ReleaseOpenssl|x64.Build.0 = Release|x64
		{87EE9DA4-DE1E-4448-8324-183C98DCA588}.Debug|Win32.ActiveCfg = Debug|Win32
		{87EE9DA4-DE1E-4448-8324-183C98DCA588}.Debug|Win32.Build.0 = Debug|Win32
		{87EE9DA4-DE1E-4448-8324-183C98DCA588}.Debug|x64.ActiveCfg = Debug|x64
		{87EE9DA4-DE1E-4448-8324-183C98DCA588}.Debug|x64.Build.0 = Debug|x64
		{87EE9DA4-DE1E-4448-8324-183C98DCA588}.DebugOpenssl|Win32.ActiveCfg = Debug|Win32
		{87EE9DA4-DE1E-4448-8324-183C98DCA588}.DebugOpenssl|Win32.Build.0 = Debug|Win32
		{87EE9DA4-DE1E-4448-8324-183C98DCA588}.DebugOpenssl|x64.ActiveCfg = Debug|x64
		{87EE9DA4-DE1E-4448-8324-183C98DCA588}.DebugOpenssl|x64.Build.0 = Debug|x64
		{87EE9DA4-DE1E-4448-8324-183C98DCA588}.Memento|Win32.ActiveCfg = Memento|Win32
		{87EE9DA4-DE1E-4448-8324-183C98DCA588}.Memento|Win32.Build.0 = Memento|Win32
		{87EE9DA4-DE1E-4448-8324-183C98DCA588}.Memento|x64.ActiveCfg = Memento|x64
		{87EE9DA4-DE1E-4448-8324-183C98DCA588}.Memento|x64.Build.0 = Memento|x64
		{87EE9DA4-DE1E-4448-8324-183C98DCA588}.Release|Win32.ActiveCfg = Release|Win32
		{87EE9DA4-DE1E-4448-8324-183C98DCA588}.Release|Win32.Build.0 = Release|Win32
		{87EE9DA4-DE1E-4448-8324-183C98DCA588}.Release|x64.ActiveCfg = Release|x64
		{87EE9DA4-DE1E-4448-8324-183C98DCA588}.Release|x64.Build.0 = Release|x64
		{87EE9DA4-DE1E-4448-8324-183C98DCA588}.ReleaseOpenssl|Win32.ActiveCfg = Release|Win32
		{87EE9DA4-DE1E-4448-8324-183C98DCA588}.ReleaseOpenssl|Win32.Build.0 = Release|Win32
		{87EE9DA4-DE1E-4448-8324-183C98DCA588}.ReleaseOpenssl|x64.ActiveCfg = Release|x64
		{87EE9DA4-DE1E-4448-8324-183C98DCA588}.ReleaseOpenssl|x64.Build.0 = Release|x64
		{27B53E5C-ACAB-423C-854E-BECE56D73544}.Debug|Win32.ActiveCfg = Debug|Win32
		{27B53E5C-ACAB-423C-854E-BECE56D73544}.Debug|Win32.Build.0 = Debug|Win32
		{27B53E5C-ACAB-423C-854E-BECE56D73544}.Debug|x64.ActiveCfg = Debug|x64
		{27B53E5C-ACAB-423C-854E-BECE56D73544}.Debug|x64.Build.0 = Debug|x64
		{27B53E5C-ACAB-423C-854E-BECE56D73544}.DebugOpenssl|Win32.ActiveCfg = DebugOpenssl|Win32
		{27B53E5C-ACAB-423C-854E-BECE56D73544}.DebugOpenssl|Win32.Build.0 = DebugOpenssl|Win32
		{27B53E5C-ACAB-423C-854E-BECE56D73544}.DebugOpenssl|x64.ActiveCfg = DebugOpenssl|x64
		{27B53E5C-ACAB-423C-854E-BECE56D73544}.DebugOpenssl|x64.Build.0 = DebugOpenssl|x64
		{27B53E5C-ACAB-423C-854E-BECE56D73544}.Memento|Win32.ActiveCfg = Memento|Win32
		{27B53E5C-ACAB-423C-854E-BECE56D73544}.Memento|Win32.Build.0 = Memento|Win32
		{27B53E5C-ACAB-423C-854E-BECE56D73544}.Memento|x64.ActiveCfg = Memento|x64
		{27B53E5C-ACAB-423C-854E-BECE56D73544}.Memento|x64.Build.0 = Memento|x64
		{27B53E5C-ACAB-423C-854E-BECE56D73544}.Release|Win32.ActiveCfg = Release|Win32
		{27B53E5C-ACAB-423C-854E-BECE56D73544}.Release|Win32.Build.0 = Release|Win32
		{27B53E5C-ACAB-423C-854E-BECE56D73544}.Release|x64.ActiveCfg = Release|x64
		{27B53E5C-ACAB-423C-854E-BECE56D73544}.Release|x64.Build.0 = Release|x64
		{27B53E5C-ACAB-423C-854E-BECE56D73544}.ReleaseOpenssl|Win32.ActiveCfg = ReleaseOpenssl|Win32
		{27B53E5C-ACAB-423C-854E-BECE56D73544}.ReleaseOpenssl|Win32.Build.0 = ReleaseOpenssl|Win32
		{27B53E5C-ACAB-423C-854E-BECE56D73544}.ReleaseOpenssl|x64.ActiveCfg = ReleaseOpenssl|x64
		{27B53E5C-ACAB-423C-854E-BECE56D73544}.ReleaseOpenssl|x64.Build.0 = ReleaseOpenssl|x64
		{21E28758-E4D2-4B84-8EC5-B631CEE66B30}.Debug|Win32.ActiveCfg = Debug|Win32
		{21E28758-E4D2-4B84-8EC5-B631CEE66B30}.Debug|Win32.Build.0 = Debug|Win32
		{21E28758-E4D2-4B84-8EC5-B631CEE66B30}.Debug|x64.ActiveCfg = Debug|x64
		{21E28758-E4D2-4B84-8EC5-B631CEE66B30}.Debug|x64.Build.0 = Debug|x64
		{21E28758-E4D2-4B84-8EC5-B631CEE66B30}.DebugOpenssl|Win32.ActiveCfg = DebugOpenssl|Win32
		{21E28758-E4D2-4B84-8EC5-B631CEE66B30}.DebugOpenssl|Win32.Build.0 = DebugOpenssl|Win32
		{21E28758-E4D2-4B84-8EC5-B631CEE66B30}.DebugOpenssl|x64.ActiveCfg = DebugOpenssl|x64
		{21E28758-E4D2-4B84-8EC5-B631CEE66B30}.DebugOpenssl|x64.Build.0 = DebugOpenssl|x64
		{21E28758-E4D2-4B84-8EC5-B631CEE66B30}.Memento|Win32.ActiveCfg = Memento|Win32
		{21E28758-E4D2-4B84-8EC5-B631CEE66B30}.Memento|Win32.Build.0 = Memento|Win32
		{21E28758-E4D2-4B84-8EC5-B631CEE66B30}.Memento|x64.ActiveCfg = Memento|x64
		{21E28758-E4D2-4B84-8EC5-B631CEE66B30}.Memento|x64.Build.0 = Memento|x64
		{21E28758-E4D2-4B84-8EC5-B631CEE66B30}.Release|Win32.ActiveCfg = Release|Win32
		{21E28758-E4D2-4B84-8EC5-B631CEE66B30}.Release|Win32.Build.0 = Release|Win32
		{21E28758-E4D2-4B84-8EC5-B631CEE66B30}.Release|x64.ActiveCfg = Release|x64
		{21E28758-E4D2-4B84-8EC5-B631CEE66B30}.Release|x64.Build.0 = Release|x64
		{21E28758-E4D2-4B84-8EC5-B631CEE66B30}.ReleaseOpenssl|Win32.ActiveCfg = ReleaseOpenssl|Win32
		{21E28758-E4D2-4B84-8EC5-B631CEE66B30}.ReleaseOpenssl|Win32.Build.0 = ReleaseOpenssl|Win32
		{21E28758-E4D2-4B84-8EC5-B631CEE66B30}.ReleaseOpenssl|x64.ActiveCfg = ReleaseOpenssl|x64
		{21E28758-E4D2-4B84-8EC5-B631CEE66B30}.ReleaseOpenssl|x64.Build.0 = ReleaseOpenssl|x64
	EndGlobalSection
	GlobalSection(SolutionProperties) = preSolution
		HideSolutionNode = FALSE
	EndGlobalSection
EndGlobal
